
Microsoft Visual Studio Solution File, Format Version 12.00
# Visual Studio 2013
VisualStudioVersion = 12.0.31101.0
MinimumVisualStudioVersion = 10.0.40219.1
Project("{2150E333-8FDC-42A3-9474-1A3956D46DE8}") = "BusinessLogic", "BusinessLogic", "{EA190417-AA10-4349-9628-9CD85EFF4C8E}"
EndProject
Project("{2150E333-8FDC-42A3-9474-1A3956D46DE8}") = "Domain", "Domain", "{E25BAA0C-4F6C-42FF-A1CC-CE5DF4B228A2}"
EndProject
Project("{FAE04EC0-301F-11D3-BF4B-00C04F79EFBC}") = "FoodSearch.BusinessLogic.Domain.FoodSearch", "FoodSearch.BusinessLogic.Domain.FoodSearch\FoodSearch.BusinessLogic.Domain.FoodSearch.csproj", "{489E10B0-1EBA-484E-BE1E-11C533CB00CF}"
EndProject
Project("{FAE04EC0-301F-11D3-BF4B-00C04F79EFBC}") = "FoodSearch.BusinessLogic.Domain.User", "FoodSearch.BusinessLogic.Domain.User\FoodSearch.BusinessLogic.Domain.User.csproj", "{C62D4EAF-4EE1-4F2E-96EA-0C630FFD59EB}"
EndProject
Project("{FAE04EC0-301F-11D3-BF4B-00C04F79EFBC}") = "FoodSearch.BusinessLogic.Domain.Order", "FoodSearch.BusinessLogic.Domain.Order\FoodSearch.BusinessLogic.Domain.Order.csproj", "{C0879B51-2AF2-4D83-A239-4B7F0BD1D039}"
EndProject
Project("{FAE04EC0-301F-11D3-BF4B-00C04F79EFBC}") = "FoodSearch.BusinessLogic.Domain.Test", "FoodSearch.BusinessLogic.Domain.Test\FoodSearch.BusinessLogic.Domain.Test.csproj", "{2AA2710F-D35F-4A63-96C8-5BE02B16AD03}"
EndProject
Project("{FAE04EC0-301F-11D3-BF4B-00C04F79EFBC}") = "FoodSearch.BusinessLogic.Domain.Core", "FoodSearch.BusinessLogic.Domain.Core\FoodSearch.BusinessLogic.Domain.Core.csproj", "{075008BC-66B0-436E-9BB2-897C2D1FB2D0}"
EndProject
Project("{FAE04EC0-301F-11D3-BF4B-00C04F79EFBC}") = "FoodSearch.BusinessLogic.Domain.RestraurantAdmin", "FoodSearch.BusinessLogic.Domain.RestraurantAdmin\FoodSearch.BusinessLogic.Domain.RestraurantAdmin.csproj", "{140694A6-E80E-4C42-8E66-F043019608A3}"
EndProject
Project("{FAE04EC0-301F-11D3-BF4B-00C04F79EFBC}") = "FoodSearch.BusinessLogic.Domain.SiteAdmin", "FoodSearch.BusinessLogic.Domain.SiteAdmin\FoodSearch.BusinessLogic.Domain.SiteAdmin.csproj", "{29481033-93DB-4905-BBF3-26D69F9071DF}"
EndProject
Project("{FAE04EC0-301F-11D3-BF4B-00C04F79EFBC}") = "FoodSearch.BusinessLogic.Domain.Restaurant", "FoodSearch.BusinessLogic.Domain.Restaurant\FoodSearch.BusinessLogic.Domain.Restaurant.csproj", "{C74E76C5-8E76-4B4F-A3EA-E921D912DAFF}"
EndProject
Project("{FAE04EC0-301F-11D3-BF4B-00C04F79EFBC}") = "FoodSearch.BusinessLogic.Helpers", "FoodSearch.BusinessLogic.Helpers\FoodSearch.BusinessLogic.Helpers.csproj", "{21317CE8-3E82-4CDE-8C7B-235E077013FC}"
EndProject
Project("{2150E333-8FDC-42A3-9474-1A3956D46DE8}") = "Data", "Data", "{DA343BB8-D205-47C2-A8C5-463662156E22}"
EndProject
Project("{FAE04EC0-301F-11D3-BF4B-00C04F79EFBC}") = "FoodSearch.Data.Mapping", "FoodSearch.Data.Mapping\FoodSearch.Data.Mapping.csproj", "{3C7D76AD-3B68-4EB6-9A15-560D4773FB24}"
EndProject
Project("{FAE04EC0-301F-11D3-BF4B-00C04F79EFBC}") = "FoodSearch.Data.Mapping.Test", "FoodSearch.Data.Mapping.Test\FoodSearch.Data.Mapping.Test.csproj", "{3466015A-0C4A-429D-A7C3-A46F11682FFF}"
EndProject
Project("{2150E333-8FDC-42A3-9474-1A3956D46DE8}") = "Presentation", "Presentation", "{761C9981-B195-4ADB-88E7-55E14363C81B}"
EndProject
Project("{2150E333-8FDC-42A3-9474-1A3956D46DE8}") = "Web", "Web", "{D5B025A4-66D4-4300-A01C-B74D7749D8D3}"
EndProject
Project("{FAE04EC0-301F-11D3-BF4B-00C04F79EFBC}") = "FoodSearch.Presentation.Web.Site", "FoodSearch.Presentation.Web.Site\FoodSearch.Presentation.Web.Site.csproj", "{EBFB7545-E952-4530-A119-9AF7E9177BD2}"
EndProject
Project("{2150E333-8FDC-42A3-9474-1A3956D46DE8}") = "Mobile", "Mobile", "{FE47FA16-5FC0-4E41-8517-DABBA679779F}"
EndProject
Project("{FAE04EC0-301F-11D3-BF4B-00C04F79EFBC}") = "FoodSearch.Presentation.Mobile.Common", "FoodSearch.Presentation.Mobile.Common\FoodSearch.Presentation.Mobile.Common.csproj", "{66161CD7-D1DF-4C7D-A374-06E9AD489498}"
EndProject
Project("{FAE04EC0-301F-11D3-BF4B-00C04F79EFBC}") = "FoodSearch.Presentation.Mobile.Android", "FoodSearch.Presentation.Mobile.Android\FoodSearch.Presentation.Mobile.Android.csproj", "{1AA6C8A9-60E3-4AC5-9D25-BA336E0004B5}"
EndProject
Project("{2150E333-8FDC-42A3-9474-1A3956D46DE8}") = "Service", "Service", "{5CEE0E3C-B9AB-41CE-9CD4-13B70F827CDE}"
EndProject
Project("{FAE04EC0-301F-11D3-BF4B-00C04F79EFBC}") = "FoodSearch.Service.Api", "FoodSearch.Service.Api\FoodSearch.Service.Api.csproj", "{E54C0B09-DB27-436C-A4C2-8D0704EE5B8D}"
EndProject
Project("{FAE04EC0-301F-11D3-BF4B-00C04F79EFBC}") = "FoodSearch.Service.Client", "FoodSearch.Service.Client\FoodSearch.Service.Client.csproj", "{89AA305D-AD29-4D2C-955D-15FC41DA8238}"
EndProject
Project("{FAE04EC0-301F-11D3-BF4B-00C04F79EFBC}") = "FoodSearch.Presentation.Mobile.WindowsPhone", "FoodSearch.Presentation.Mobile.WindowsPhone\FoodSearch.Presentation.Mobile.WindowsPhone.csproj", "{CC3FF47A-D5CD-4D54-9B8A-8D568E23EC54}"
EndProject
Project("{2150E333-8FDC-42A3-9474-1A3956D46DE8}") = "Modeling", "Modeling", "{3BCA14E3-321F-42AE-8084-D8E6221EDE76}"
EndProject
Project("{F088123C-0E9E-452A-89E6-6BA2F21D5CAC}") = "FoodSearch.Modeling", "FoodSearch.Modeling\FoodSearch.Modeling.modelproj", "{7B5EAAC9-3C8B-4EA8-847C-7FE52AEE8750}"
EndProject
Global
	GlobalSection(SolutionConfigurationPlatforms) = preSolution
		Ad-Hoc|Any CPU = Ad-Hoc|Any CPU
		Ad-Hoc|ARM = Ad-Hoc|ARM
		Ad-Hoc|iPhone = Ad-Hoc|iPhone
		Ad-Hoc|iPhoneSimulator = Ad-Hoc|iPhoneSimulator
		Ad-Hoc|Mixed Platforms = Ad-Hoc|Mixed Platforms
		Ad-Hoc|x86 = Ad-Hoc|x86
		AppStore|Any CPU = AppStore|Any CPU
		AppStore|ARM = AppStore|ARM
		AppStore|iPhone = AppStore|iPhone
		AppStore|iPhoneSimulator = AppStore|iPhoneSimulator
		AppStore|Mixed Platforms = AppStore|Mixed Platforms
		AppStore|x86 = AppStore|x86
		Debug|Any CPU = Debug|Any CPU
		Debug|ARM = Debug|ARM
		Debug|iPhone = Debug|iPhone
		Debug|iPhoneSimulator = Debug|iPhoneSimulator
		Debug|Mixed Platforms = Debug|Mixed Platforms
		Debug|x86 = Debug|x86
		Release|Any CPU = Release|Any CPU
		Release|ARM = Release|ARM
		Release|iPhone = Release|iPhone
		Release|iPhoneSimulator = Release|iPhoneSimulator
		Release|Mixed Platforms = Release|Mixed Platforms
		Release|x86 = Release|x86
	EndGlobalSection
	GlobalSection(ProjectConfigurationPlatforms) = postSolution
		{489E10B0-1EBA-484E-BE1E-11C533CB00CF}.Ad-Hoc|Any CPU.ActiveCfg = Release|Any CPU
		{489E10B0-1EBA-484E-BE1E-11C533CB00CF}.Ad-Hoc|Any CPU.Build.0 = Release|Any CPU
		{489E10B0-1EBA-484E-BE1E-11C533CB00CF}.Ad-Hoc|ARM.ActiveCfg = Release|Any CPU
		{489E10B0-1EBA-484E-BE1E-11C533CB00CF}.Ad-Hoc|iPhone.ActiveCfg = Release|Any CPU
		{489E10B0-1EBA-484E-BE1E-11C533CB00CF}.Ad-Hoc|iPhoneSimulator.ActiveCfg = Release|Any CPU
		{489E10B0-1EBA-484E-BE1E-11C533CB00CF}.Ad-Hoc|Mixed Platforms.ActiveCfg = Release|Any CPU
		{489E10B0-1EBA-484E-BE1E-11C533CB00CF}.Ad-Hoc|Mixed Platforms.Build.0 = Release|Any CPU
		{489E10B0-1EBA-484E-BE1E-11C533CB00CF}.Ad-Hoc|x86.ActiveCfg = Release|Any CPU
		{489E10B0-1EBA-484E-BE1E-11C533CB00CF}.AppStore|Any CPU.ActiveCfg = Release|Any CPU
		{489E10B0-1EBA-484E-BE1E-11C533CB00CF}.AppStore|Any CPU.Build.0 = Release|Any CPU
		{489E10B0-1EBA-484E-BE1E-11C533CB00CF}.AppStore|ARM.ActiveCfg = Release|Any CPU
		{489E10B0-1EBA-484E-BE1E-11C533CB00CF}.AppStore|iPhone.ActiveCfg = Release|Any CPU
		{489E10B0-1EBA-484E-BE1E-11C533CB00CF}.AppStore|iPhoneSimulator.ActiveCfg = Release|Any CPU
		{489E10B0-1EBA-484E-BE1E-11C533CB00CF}.AppStore|Mixed Platforms.ActiveCfg = Release|Any CPU
		{489E10B0-1EBA-484E-BE1E-11C533CB00CF}.AppStore|Mixed Platforms.Build.0 = Release|Any CPU
		{489E10B0-1EBA-484E-BE1E-11C533CB00CF}.AppStore|x86.ActiveCfg = Release|Any CPU
		{489E10B0-1EBA-484E-BE1E-11C533CB00CF}.Debug|Any CPU.ActiveCfg = Debug|Any CPU
		{489E10B0-1EBA-484E-BE1E-11C533CB00CF}.Debug|Any CPU.Build.0 = Debug|Any CPU
		{489E10B0-1EBA-484E-BE1E-11C533CB00CF}.Debug|ARM.ActiveCfg = Debug|Any CPU
		{489E10B0-1EBA-484E-BE1E-11C533CB00CF}.Debug|iPhone.ActiveCfg = Debug|Any CPU
		{489E10B0-1EBA-484E-BE1E-11C533CB00CF}.Debug|iPhoneSimulator.ActiveCfg = Debug|Any CPU
		{489E10B0-1EBA-484E-BE1E-11C533CB00CF}.Debug|Mixed Platforms.ActiveCfg = Debug|Any CPU
		{489E10B0-1EBA-484E-BE1E-11C533CB00CF}.Debug|Mixed Platforms.Build.0 = Debug|Any CPU
		{489E10B0-1EBA-484E-BE1E-11C533CB00CF}.Debug|x86.ActiveCfg = Debug|Any CPU
		{489E10B0-1EBA-484E-BE1E-11C533CB00CF}.Release|Any CPU.ActiveCfg = Release|Any CPU
		{489E10B0-1EBA-484E-BE1E-11C533CB00CF}.Release|Any CPU.Build.0 = Release|Any CPU
		{489E10B0-1EBA-484E-BE1E-11C533CB00CF}.Release|ARM.ActiveCfg = Release|Any CPU
		{489E10B0-1EBA-484E-BE1E-11C533CB00CF}.Release|iPhone.ActiveCfg = Release|Any CPU
		{489E10B0-1EBA-484E-BE1E-11C533CB00CF}.Release|iPhoneSimulator.ActiveCfg = Release|Any CPU
		{489E10B0-1EBA-484E-BE1E-11C533CB00CF}.Release|Mixed Platforms.ActiveCfg = Release|Any CPU
		{489E10B0-1EBA-484E-BE1E-11C533CB00CF}.Release|Mixed Platforms.Build.0 = Release|Any CPU
		{489E10B0-1EBA-484E-BE1E-11C533CB00CF}.Release|x86.ActiveCfg = Release|Any CPU
		{C62D4EAF-4EE1-4F2E-96EA-0C630FFD59EB}.Ad-Hoc|Any CPU.ActiveCfg = Release|Any CPU
		{C62D4EAF-4EE1-4F2E-96EA-0C630FFD59EB}.Ad-Hoc|Any CPU.Build.0 = Release|Any CPU
		{C62D4EAF-4EE1-4F2E-96EA-0C630FFD59EB}.Ad-Hoc|ARM.ActiveCfg = Release|Any CPU
		{C62D4EAF-4EE1-4F2E-96EA-0C630FFD59EB}.Ad-Hoc|iPhone.ActiveCfg = Release|Any CPU
		{C62D4EAF-4EE1-4F2E-96EA-0C630FFD59EB}.Ad-Hoc|iPhoneSimulator.ActiveCfg = Release|Any CPU
		{C62D4EAF-4EE1-4F2E-96EA-0C630FFD59EB}.Ad-Hoc|Mixed Platforms.ActiveCfg = Release|Any CPU
		{C62D4EAF-4EE1-4F2E-96EA-0C630FFD59EB}.Ad-Hoc|Mixed Platforms.Build.0 = Release|Any CPU
		{C62D4EAF-4EE1-4F2E-96EA-0C630FFD59EB}.Ad-Hoc|x86.ActiveCfg = Release|Any CPU
		{C62D4EAF-4EE1-4F2E-96EA-0C630FFD59EB}.AppStore|Any CPU.ActiveCfg = Release|Any CPU
		{C62D4EAF-4EE1-4F2E-96EA-0C630FFD59EB}.AppStore|Any CPU.Build.0 = Release|Any CPU
		{C62D4EAF-4EE1-4F2E-96EA-0C630FFD59EB}.AppStore|ARM.ActiveCfg = Release|Any CPU
		{C62D4EAF-4EE1-4F2E-96EA-0C630FFD59EB}.AppStore|iPhone.ActiveCfg = Release|Any CPU
		{C62D4EAF-4EE1-4F2E-96EA-0C630FFD59EB}.AppStore|iPhoneSimulator.ActiveCfg = Release|Any CPU
		{C62D4EAF-4EE1-4F2E-96EA-0C630FFD59EB}.AppStore|Mixed Platforms.ActiveCfg = Release|Any CPU
		{C62D4EAF-4EE1-4F2E-96EA-0C630FFD59EB}.AppStore|Mixed Platforms.Build.0 = Release|Any CPU
		{C62D4EAF-4EE1-4F2E-96EA-0C630FFD59EB}.AppStore|x86.ActiveCfg = Release|Any CPU
		{C62D4EAF-4EE1-4F2E-96EA-0C630FFD59EB}.Debug|Any CPU.ActiveCfg = Debug|Any CPU
		{C62D4EAF-4EE1-4F2E-96EA-0C630FFD59EB}.Debug|Any CPU.Build.0 = Debug|Any CPU
		{C62D4EAF-4EE1-4F2E-96EA-0C630FFD59EB}.Debug|ARM.ActiveCfg = Debug|Any CPU
		{C62D4EAF-4EE1-4F2E-96EA-0C630FFD59EB}.Debug|iPhone.ActiveCfg = Debug|Any CPU
		{C62D4EAF-4EE1-4F2E-96EA-0C630FFD59EB}.Debug|iPhoneSimulator.ActiveCfg = Debug|Any CPU
		{C62D4EAF-4EE1-4F2E-96EA-0C630FFD59EB}.Debug|Mixed Platforms.ActiveCfg = Debug|Any CPU
		{C62D4EAF-4EE1-4F2E-96EA-0C630FFD59EB}.Debug|Mixed Platforms.Build.0 = Debug|Any CPU
		{C62D4EAF-4EE1-4F2E-96EA-0C630FFD59EB}.Debug|x86.ActiveCfg = Debug|Any CPU
		{C62D4EAF-4EE1-4F2E-96EA-0C630FFD59EB}.Release|Any CPU.ActiveCfg = Release|Any CPU
		{C62D4EAF-4EE1-4F2E-96EA-0C630FFD59EB}.Release|Any CPU.Build.0 = Release|Any CPU
		{C62D4EAF-4EE1-4F2E-96EA-0C630FFD59EB}.Release|ARM.ActiveCfg = Release|Any CPU
		{C62D4EAF-4EE1-4F2E-96EA-0C630FFD59EB}.Release|iPhone.ActiveCfg = Release|Any CPU
		{C62D4EAF-4EE1-4F2E-96EA-0C630FFD59EB}.Release|iPhoneSimulator.ActiveCfg = Release|Any CPU
		{C62D4EAF-4EE1-4F2E-96EA-0C630FFD59EB}.Release|Mixed Platforms.ActiveCfg = Release|Any CPU
		{C62D4EAF-4EE1-4F2E-96EA-0C630FFD59EB}.Release|Mixed Platforms.Build.0 = Release|Any CPU
		{C62D4EAF-4EE1-4F2E-96EA-0C630FFD59EB}.Release|x86.ActiveCfg = Release|Any CPU
		{C0879B51-2AF2-4D83-A239-4B7F0BD1D039}.Ad-Hoc|Any CPU.ActiveCfg = Release|Any CPU
		{C0879B51-2AF2-4D83-A239-4B7F0BD1D039}.Ad-Hoc|Any CPU.Build.0 = Release|Any CPU
		{C0879B51-2AF2-4D83-A239-4B7F0BD1D039}.Ad-Hoc|ARM.ActiveCfg = Release|Any CPU
		{C0879B51-2AF2-4D83-A239-4B7F0BD1D039}.Ad-Hoc|iPhone.ActiveCfg = Release|Any CPU
		{C0879B51-2AF2-4D83-A239-4B7F0BD1D039}.Ad-Hoc|iPhoneSimulator.ActiveCfg = Release|Any CPU
		{C0879B51-2AF2-4D83-A239-4B7F0BD1D039}.Ad-Hoc|Mixed Platforms.ActiveCfg = Release|Any CPU
		{C0879B51-2AF2-4D83-A239-4B7F0BD1D039}.Ad-Hoc|Mixed Platforms.Build.0 = Release|Any CPU
		{C0879B51-2AF2-4D83-A239-4B7F0BD1D039}.Ad-Hoc|x86.ActiveCfg = Release|Any CPU
		{C0879B51-2AF2-4D83-A239-4B7F0BD1D039}.AppStore|Any CPU.ActiveCfg = Release|Any CPU
		{C0879B51-2AF2-4D83-A239-4B7F0BD1D039}.AppStore|Any CPU.Build.0 = Release|Any CPU
		{C0879B51-2AF2-4D83-A239-4B7F0BD1D039}.AppStore|ARM.ActiveCfg = Release|Any CPU
		{C0879B51-2AF2-4D83-A239-4B7F0BD1D039}.AppStore|iPhone.ActiveCfg = Release|Any CPU
		{C0879B51-2AF2-4D83-A239-4B7F0BD1D039}.AppStore|iPhoneSimulator.ActiveCfg = Release|Any CPU
		{C0879B51-2AF2-4D83-A239-4B7F0BD1D039}.AppStore|Mixed Platforms.ActiveCfg = Release|Any CPU
		{C0879B51-2AF2-4D83-A239-4B7F0BD1D039}.AppStore|Mixed Platforms.Build.0 = Release|Any CPU
		{C0879B51-2AF2-4D83-A239-4B7F0BD1D039}.AppStore|x86.ActiveCfg = Release|Any CPU
		{C0879B51-2AF2-4D83-A239-4B7F0BD1D039}.Debug|Any CPU.ActiveCfg = Debug|Any CPU
		{C0879B51-2AF2-4D83-A239-4B7F0BD1D039}.Debug|Any CPU.Build.0 = Debug|Any CPU
		{C0879B51-2AF2-4D83-A239-4B7F0BD1D039}.Debug|ARM.ActiveCfg = Debug|Any CPU
		{C0879B51-2AF2-4D83-A239-4B7F0BD1D039}.Debug|iPhone.ActiveCfg = Debug|Any CPU
		{C0879B51-2AF2-4D83-A239-4B7F0BD1D039}.Debug|iPhoneSimulator.ActiveCfg = Debug|Any CPU
		{C0879B51-2AF2-4D83-A239-4B7F0BD1D039}.Debug|Mixed Platforms.ActiveCfg = Debug|Any CPU
		{C0879B51-2AF2-4D83-A239-4B7F0BD1D039}.Debug|Mixed Platforms.Build.0 = Debug|Any CPU
		{C0879B51-2AF2-4D83-A239-4B7F0BD1D039}.Debug|x86.ActiveCfg = Debug|Any CPU
		{C0879B51-2AF2-4D83-A239-4B7F0BD1D039}.Release|Any CPU.ActiveCfg = Release|Any CPU
		{C0879B51-2AF2-4D83-A239-4B7F0BD1D039}.Release|Any CPU.Build.0 = Release|Any CPU
		{C0879B51-2AF2-4D83-A239-4B7F0BD1D039}.Release|ARM.ActiveCfg = Release|Any CPU
		{C0879B51-2AF2-4D83-A239-4B7F0BD1D039}.Release|iPhone.ActiveCfg = Release|Any CPU
		{C0879B51-2AF2-4D83-A239-4B7F0BD1D039}.Release|iPhoneSimulator.ActiveCfg = Release|Any CPU
		{C0879B51-2AF2-4D83-A239-4B7F0BD1D039}.Release|Mixed Platforms.ActiveCfg = Release|Any CPU
		{C0879B51-2AF2-4D83-A239-4B7F0BD1D039}.Release|Mixed Platforms.Build.0 = Release|Any CPU
		{C0879B51-2AF2-4D83-A239-4B7F0BD1D039}.Release|x86.ActiveCfg = Release|Any CPU
		{2AA2710F-D35F-4A63-96C8-5BE02B16AD03}.Ad-Hoc|Any CPU.ActiveCfg = Release|Any CPU
		{2AA2710F-D35F-4A63-96C8-5BE02B16AD03}.Ad-Hoc|Any CPU.Build.0 = Release|Any CPU
		{2AA2710F-D35F-4A63-96C8-5BE02B16AD03}.Ad-Hoc|ARM.ActiveCfg = Release|Any CPU
		{2AA2710F-D35F-4A63-96C8-5BE02B16AD03}.Ad-Hoc|iPhone.ActiveCfg = Release|Any CPU
		{2AA2710F-D35F-4A63-96C8-5BE02B16AD03}.Ad-Hoc|iPhoneSimulator.ActiveCfg = Release|Any CPU
		{2AA2710F-D35F-4A63-96C8-5BE02B16AD03}.Ad-Hoc|Mixed Platforms.ActiveCfg = Release|Any CPU
		{2AA2710F-D35F-4A63-96C8-5BE02B16AD03}.Ad-Hoc|Mixed Platforms.Build.0 = Release|Any CPU
		{2AA2710F-D35F-4A63-96C8-5BE02B16AD03}.Ad-Hoc|x86.ActiveCfg = Release|Any CPU
		{2AA2710F-D35F-4A63-96C8-5BE02B16AD03}.AppStore|Any CPU.ActiveCfg = Release|Any CPU
		{2AA2710F-D35F-4A63-96C8-5BE02B16AD03}.AppStore|Any CPU.Build.0 = Release|Any CPU
		{2AA2710F-D35F-4A63-96C8-5BE02B16AD03}.AppStore|ARM.ActiveCfg = Release|Any CPU
		{2AA2710F-D35F-4A63-96C8-5BE02B16AD03}.AppStore|iPhone.ActiveCfg = Release|Any CPU
		{2AA2710F-D35F-4A63-96C8-5BE02B16AD03}.AppStore|iPhoneSimulator.ActiveCfg = Release|Any CPU
		{2AA2710F-D35F-4A63-96C8-5BE02B16AD03}.AppStore|Mixed Platforms.ActiveCfg = Release|Any CPU
		{2AA2710F-D35F-4A63-96C8-5BE02B16AD03}.AppStore|Mixed Platforms.Build.0 = Release|Any CPU
		{2AA2710F-D35F-4A63-96C8-5BE02B16AD03}.AppStore|x86.ActiveCfg = Release|Any CPU
		{2AA2710F-D35F-4A63-96C8-5BE02B16AD03}.Debug|Any CPU.ActiveCfg = Debug|Any CPU
		{2AA2710F-D35F-4A63-96C8-5BE02B16AD03}.Debug|Any CPU.Build.0 = Debug|Any CPU
		{2AA2710F-D35F-4A63-96C8-5BE02B16AD03}.Debug|ARM.ActiveCfg = Debug|Any CPU
		{2AA2710F-D35F-4A63-96C8-5BE02B16AD03}.Debug|iPhone.ActiveCfg = Debug|Any CPU
		{2AA2710F-D35F-4A63-96C8-5BE02B16AD03}.Debug|iPhoneSimulator.ActiveCfg = Debug|Any CPU
		{2AA2710F-D35F-4A63-96C8-5BE02B16AD03}.Debug|Mixed Platforms.ActiveCfg = Debug|Any CPU
		{2AA2710F-D35F-4A63-96C8-5BE02B16AD03}.Debug|Mixed Platforms.Build.0 = Debug|Any CPU
		{2AA2710F-D35F-4A63-96C8-5BE02B16AD03}.Debug|x86.ActiveCfg = Debug|Any CPU
		{2AA2710F-D35F-4A63-96C8-5BE02B16AD03}.Release|Any CPU.ActiveCfg = Release|Any CPU
		{2AA2710F-D35F-4A63-96C8-5BE02B16AD03}.Release|Any CPU.Build.0 = Release|Any CPU
		{2AA2710F-D35F-4A63-96C8-5BE02B16AD03}.Release|ARM.ActiveCfg = Release|Any CPU
		{2AA2710F-D35F-4A63-96C8-5BE02B16AD03}.Release|iPhone.ActiveCfg = Release|Any CPU
		{2AA2710F-D35F-4A63-96C8-5BE02B16AD03}.Release|iPhoneSimulator.ActiveCfg = Release|Any CPU
		{2AA2710F-D35F-4A63-96C8-5BE02B16AD03}.Release|Mixed Platforms.ActiveCfg = Release|Any CPU
		{2AA2710F-D35F-4A63-96C8-5BE02B16AD03}.Release|Mixed Platforms.Build.0 = Release|Any CPU
		{2AA2710F-D35F-4A63-96C8-5BE02B16AD03}.Release|x86.ActiveCfg = Release|Any CPU
		{075008BC-66B0-436E-9BB2-897C2D1FB2D0}.Ad-Hoc|Any CPU.ActiveCfg = Release|Any CPU
		{075008BC-66B0-436E-9BB2-897C2D1FB2D0}.Ad-Hoc|Any CPU.Build.0 = Release|Any CPU
		{075008BC-66B0-436E-9BB2-897C2D1FB2D0}.Ad-Hoc|ARM.ActiveCfg = Release|Any CPU
		{075008BC-66B0-436E-9BB2-897C2D1FB2D0}.Ad-Hoc|iPhone.ActiveCfg = Release|Any CPU
		{075008BC-66B0-436E-9BB2-897C2D1FB2D0}.Ad-Hoc|iPhoneSimulator.ActiveCfg = Release|Any CPU
		{075008BC-66B0-436E-9BB2-897C2D1FB2D0}.Ad-Hoc|Mixed Platforms.ActiveCfg = Release|Any CPU
		{075008BC-66B0-436E-9BB2-897C2D1FB2D0}.Ad-Hoc|Mixed Platforms.Build.0 = Release|Any CPU
		{075008BC-66B0-436E-9BB2-897C2D1FB2D0}.Ad-Hoc|x86.ActiveCfg = Release|Any CPU
		{075008BC-66B0-436E-9BB2-897C2D1FB2D0}.AppStore|Any CPU.ActiveCfg = Release|Any CPU
		{075008BC-66B0-436E-9BB2-897C2D1FB2D0}.AppStore|Any CPU.Build.0 = Release|Any CPU
		{075008BC-66B0-436E-9BB2-897C2D1FB2D0}.AppStore|ARM.ActiveCfg = Release|Any CPU
		{075008BC-66B0-436E-9BB2-897C2D1FB2D0}.AppStore|iPhone.ActiveCfg = Release|Any CPU
		{075008BC-66B0-436E-9BB2-897C2D1FB2D0}.AppStore|iPhoneSimulator.ActiveCfg = Release|Any CPU
		{075008BC-66B0-436E-9BB2-897C2D1FB2D0}.AppStore|Mixed Platforms.ActiveCfg = Release|Any CPU
		{075008BC-66B0-436E-9BB2-897C2D1FB2D0}.AppStore|Mixed Platforms.Build.0 = Release|Any CPU
		{075008BC-66B0-436E-9BB2-897C2D1FB2D0}.AppStore|x86.ActiveCfg = Release|Any CPU
		{075008BC-66B0-436E-9BB2-897C2D1FB2D0}.Debug|Any CPU.ActiveCfg = Debug|Any CPU
		{075008BC-66B0-436E-9BB2-897C2D1FB2D0}.Debug|Any CPU.Build.0 = Debug|Any CPU
		{075008BC-66B0-436E-9BB2-897C2D1FB2D0}.Debug|ARM.ActiveCfg = Debug|Any CPU
		{075008BC-66B0-436E-9BB2-897C2D1FB2D0}.Debug|iPhone.ActiveCfg = Debug|Any CPU
		{075008BC-66B0-436E-9BB2-897C2D1FB2D0}.Debug|iPhoneSimulator.ActiveCfg = Debug|Any CPU
		{075008BC-66B0-436E-9BB2-897C2D1FB2D0}.Debug|Mixed Platforms.ActiveCfg = Debug|Any CPU
		{075008BC-66B0-436E-9BB2-897C2D1FB2D0}.Debug|Mixed Platforms.Build.0 = Debug|Any CPU
		{075008BC-66B0-436E-9BB2-897C2D1FB2D0}.Debug|x86.ActiveCfg = Debug|Any CPU
		{075008BC-66B0-436E-9BB2-897C2D1FB2D0}.Release|Any CPU.ActiveCfg = Release|Any CPU
		{075008BC-66B0-436E-9BB2-897C2D1FB2D0}.Release|Any CPU.Build.0 = Release|Any CPU
		{075008BC-66B0-436E-9BB2-897C2D1FB2D0}.Release|ARM.ActiveCfg = Release|Any CPU
		{075008BC-66B0-436E-9BB2-897C2D1FB2D0}.Release|iPhone.ActiveCfg = Release|Any CPU
		{075008BC-66B0-436E-9BB2-897C2D1FB2D0}.Release|iPhoneSimulator.ActiveCfg = Release|Any CPU
		{075008BC-66B0-436E-9BB2-897C2D1FB2D0}.Release|Mixed Platforms.ActiveCfg = Release|Any CPU
		{075008BC-66B0-436E-9BB2-897C2D1FB2D0}.Release|Mixed Platforms.Build.0 = Release|Any CPU
		{075008BC-66B0-436E-9BB2-897C2D1FB2D0}.Release|x86.ActiveCfg = Release|Any CPU
		{140694A6-E80E-4C42-8E66-F043019608A3}.Ad-Hoc|Any CPU.ActiveCfg = Release|Any CPU
		{140694A6-E80E-4C42-8E66-F043019608A3}.Ad-Hoc|Any CPU.Build.0 = Release|Any CPU
		{140694A6-E80E-4C42-8E66-F043019608A3}.Ad-Hoc|ARM.ActiveCfg = Release|Any CPU
		{140694A6-E80E-4C42-8E66-F043019608A3}.Ad-Hoc|iPhone.ActiveCfg = Release|Any CPU
		{140694A6-E80E-4C42-8E66-F043019608A3}.Ad-Hoc|iPhoneSimulator.ActiveCfg = Release|Any CPU
		{140694A6-E80E-4C42-8E66-F043019608A3}.Ad-Hoc|Mixed Platforms.ActiveCfg = Release|Any CPU
		{140694A6-E80E-4C42-8E66-F043019608A3}.Ad-Hoc|Mixed Platforms.Build.0 = Release|Any CPU
		{140694A6-E80E-4C42-8E66-F043019608A3}.Ad-Hoc|x86.ActiveCfg = Release|Any CPU
		{140694A6-E80E-4C42-8E66-F043019608A3}.AppStore|Any CPU.ActiveCfg = Release|Any CPU
		{140694A6-E80E-4C42-8E66-F043019608A3}.AppStore|Any CPU.Build.0 = Release|Any CPU
		{140694A6-E80E-4C42-8E66-F043019608A3}.AppStore|ARM.ActiveCfg = Release|Any CPU
		{140694A6-E80E-4C42-8E66-F043019608A3}.AppStore|iPhone.ActiveCfg = Release|Any CPU
		{140694A6-E80E-4C42-8E66-F043019608A3}.AppStore|iPhoneSimulator.ActiveCfg = Release|Any CPU
		{140694A6-E80E-4C42-8E66-F043019608A3}.AppStore|Mixed Platforms.ActiveCfg = Release|Any CPU
		{140694A6-E80E-4C42-8E66-F043019608A3}.AppStore|Mixed Platforms.Build.0 = Release|Any CPU
		{140694A6-E80E-4C42-8E66-F043019608A3}.AppStore|x86.ActiveCfg = Release|Any CPU
		{140694A6-E80E-4C42-8E66-F043019608A3}.Debug|Any CPU.ActiveCfg = Debug|Any CPU
		{140694A6-E80E-4C42-8E66-F043019608A3}.Debug|Any CPU.Build.0 = Debug|Any CPU
		{140694A6-E80E-4C42-8E66-F043019608A3}.Debug|ARM.ActiveCfg = Debug|Any CPU
		{140694A6-E80E-4C42-8E66-F043019608A3}.Debug|iPhone.ActiveCfg = Debug|Any CPU
		{140694A6-E80E-4C42-8E66-F043019608A3}.Debug|iPhoneSimulator.ActiveCfg = Debug|Any CPU
		{140694A6-E80E-4C42-8E66-F043019608A3}.Debug|Mixed Platforms.ActiveCfg = Debug|Any CPU
		{140694A6-E80E-4C42-8E66-F043019608A3}.Debug|Mixed Platforms.Build.0 = Debug|Any CPU
		{140694A6-E80E-4C42-8E66-F043019608A3}.Debug|x86.ActiveCfg = Debug|Any CPU
		{140694A6-E80E-4C42-8E66-F043019608A3}.Release|Any CPU.ActiveCfg = Release|Any CPU
		{140694A6-E80E-4C42-8E66-F043019608A3}.Release|Any CPU.Build.0 = Release|Any CPU
		{140694A6-E80E-4C42-8E66-F043019608A3}.Release|ARM.ActiveCfg = Release|Any CPU
		{140694A6-E80E-4C42-8E66-F043019608A3}.Release|iPhone.ActiveCfg = Release|Any CPU
		{140694A6-E80E-4C42-8E66-F043019608A3}.Release|iPhoneSimulator.ActiveCfg = Release|Any CPU
		{140694A6-E80E-4C42-8E66-F043019608A3}.Release|Mixed Platforms.ActiveCfg = Release|Any CPU
		{140694A6-E80E-4C42-8E66-F043019608A3}.Release|Mixed Platforms.Build.0 = Release|Any CPU
		{140694A6-E80E-4C42-8E66-F043019608A3}.Release|x86.ActiveCfg = Release|Any CPU
		{29481033-93DB-4905-BBF3-26D69F9071DF}.Ad-Hoc|Any CPU.ActiveCfg = Release|Any CPU
		{29481033-93DB-4905-BBF3-26D69F9071DF}.Ad-Hoc|Any CPU.Build.0 = Release|Any CPU
		{29481033-93DB-4905-BBF3-26D69F9071DF}.Ad-Hoc|ARM.ActiveCfg = Release|Any CPU
		{29481033-93DB-4905-BBF3-26D69F9071DF}.Ad-Hoc|iPhone.ActiveCfg = Release|Any CPU
		{29481033-93DB-4905-BBF3-26D69F9071DF}.Ad-Hoc|iPhoneSimulator.ActiveCfg = Release|Any CPU
		{29481033-93DB-4905-BBF3-26D69F9071DF}.Ad-Hoc|Mixed Platforms.ActiveCfg = Release|Any CPU
		{29481033-93DB-4905-BBF3-26D69F9071DF}.Ad-Hoc|Mixed Platforms.Build.0 = Release|Any CPU
		{29481033-93DB-4905-BBF3-26D69F9071DF}.Ad-Hoc|x86.ActiveCfg = Release|Any CPU
		{29481033-93DB-4905-BBF3-26D69F9071DF}.AppStore|Any CPU.ActiveCfg = Release|Any CPU
		{29481033-93DB-4905-BBF3-26D69F9071DF}.AppStore|Any CPU.Build.0 = Release|Any CPU
		{29481033-93DB-4905-BBF3-26D69F9071DF}.AppStore|ARM.ActiveCfg = Release|Any CPU
		{29481033-93DB-4905-BBF3-26D69F9071DF}.AppStore|iPhone.ActiveCfg = Release|Any CPU
		{29481033-93DB-4905-BBF3-26D69F9071DF}.AppStore|iPhoneSimulator.ActiveCfg = Release|Any CPU
		{29481033-93DB-4905-BBF3-26D69F9071DF}.AppStore|Mixed Platforms.ActiveCfg = Release|Any CPU
		{29481033-93DB-4905-BBF3-26D69F9071DF}.AppStore|Mixed Platforms.Build.0 = Release|Any CPU
		{29481033-93DB-4905-BBF3-26D69F9071DF}.AppStore|x86.ActiveCfg = Release|Any CPU
		{29481033-93DB-4905-BBF3-26D69F9071DF}.Debug|Any CPU.ActiveCfg = Debug|Any CPU
		{29481033-93DB-4905-BBF3-26D69F9071DF}.Debug|Any CPU.Build.0 = Debug|Any CPU
		{29481033-93DB-4905-BBF3-26D69F9071DF}.Debug|ARM.ActiveCfg = Debug|Any CPU
		{29481033-93DB-4905-BBF3-26D69F9071DF}.Debug|iPhone.ActiveCfg = Debug|Any CPU
		{29481033-93DB-4905-BBF3-26D69F9071DF}.Debug|iPhoneSimulator.ActiveCfg = Debug|Any CPU
		{29481033-93DB-4905-BBF3-26D69F9071DF}.Debug|Mixed Platforms.ActiveCfg = Debug|Any CPU
		{29481033-93DB-4905-BBF3-26D69F9071DF}.Debug|Mixed Platforms.Build.0 = Debug|Any CPU
		{29481033-93DB-4905-BBF3-26D69F9071DF}.Debug|x86.ActiveCfg = Debug|Any CPU
		{29481033-93DB-4905-BBF3-26D69F9071DF}.Release|Any CPU.ActiveCfg = Release|Any CPU
		{29481033-93DB-4905-BBF3-26D69F9071DF}.Release|Any CPU.Build.0 = Release|Any CPU
		{29481033-93DB-4905-BBF3-26D69F9071DF}.Release|ARM.ActiveCfg = Release|Any CPU
		{29481033-93DB-4905-BBF3-26D69F9071DF}.Release|iPhone.ActiveCfg = Release|Any CPU
		{29481033-93DB-4905-BBF3-26D69F9071DF}.Release|iPhoneSimulator.ActiveCfg = Release|Any CPU
		{29481033-93DB-4905-BBF3-26D69F9071DF}.Release|Mixed Platforms.ActiveCfg = Release|Any CPU
		{29481033-93DB-4905-BBF3-26D69F9071DF}.Release|Mixed Platforms.Build.0 = Release|Any CPU
		{29481033-93DB-4905-BBF3-26D69F9071DF}.Release|x86.ActiveCfg = Release|Any CPU
		{C74E76C5-8E76-4B4F-A3EA-E921D912DAFF}.Ad-Hoc|Any CPU.ActiveCfg = Release|Any CPU
		{C74E76C5-8E76-4B4F-A3EA-E921D912DAFF}.Ad-Hoc|Any CPU.Build.0 = Release|Any CPU
		{C74E76C5-8E76-4B4F-A3EA-E921D912DAFF}.Ad-Hoc|ARM.ActiveCfg = Release|Any CPU
		{C74E76C5-8E76-4B4F-A3EA-E921D912DAFF}.Ad-Hoc|iPhone.ActiveCfg = Release|Any CPU
		{C74E76C5-8E76-4B4F-A3EA-E921D912DAFF}.Ad-Hoc|iPhoneSimulator.ActiveCfg = Release|Any CPU
		{C74E76C5-8E76-4B4F-A3EA-E921D912DAFF}.Ad-Hoc|Mixed Platforms.ActiveCfg = Release|Any CPU
		{C74E76C5-8E76-4B4F-A3EA-E921D912DAFF}.Ad-Hoc|Mixed Platforms.Build.0 = Release|Any CPU
		{C74E76C5-8E76-4B4F-A3EA-E921D912DAFF}.Ad-Hoc|x86.ActiveCfg = Release|Any CPU
		{C74E76C5-8E76-4B4F-A3EA-E921D912DAFF}.AppStore|Any CPU.ActiveCfg = Release|Any CPU
		{C74E76C5-8E76-4B4F-A3EA-E921D912DAFF}.AppStore|Any CPU.Build.0 = Release|Any CPU
		{C74E76C5-8E76-4B4F-A3EA-E921D912DAFF}.AppStore|ARM.ActiveCfg = Release|Any CPU
		{C74E76C5-8E76-4B4F-A3EA-E921D912DAFF}.AppStore|iPhone.ActiveCfg = Release|Any CPU
		{C74E76C5-8E76-4B4F-A3EA-E921D912DAFF}.AppStore|iPhoneSimulator.ActiveCfg = Release|Any CPU
		{C74E76C5-8E76-4B4F-A3EA-E921D912DAFF}.AppStore|Mixed Platforms.ActiveCfg = Release|Any CPU
		{C74E76C5-8E76-4B4F-A3EA-E921D912DAFF}.AppStore|Mixed Platforms.Build.0 = Release|Any CPU
		{C74E76C5-8E76-4B4F-A3EA-E921D912DAFF}.AppStore|x86.ActiveCfg = Release|Any CPU
		{C74E76C5-8E76-4B4F-A3EA-E921D912DAFF}.Debug|Any CPU.ActiveCfg = Debug|Any CPU
		{C74E76C5-8E76-4B4F-A3EA-E921D912DAFF}.Debug|Any CPU.Build.0 = Debug|Any CPU
		{C74E76C5-8E76-4B4F-A3EA-E921D912DAFF}.Debug|ARM.ActiveCfg = Debug|Any CPU
		{C74E76C5-8E76-4B4F-A3EA-E921D912DAFF}.Debug|iPhone.ActiveCfg = Debug|Any CPU
		{C74E76C5-8E76-4B4F-A3EA-E921D912DAFF}.Debug|iPhoneSimulator.ActiveCfg = Debug|Any CPU
		{C74E76C5-8E76-4B4F-A3EA-E921D912DAFF}.Debug|Mixed Platforms.ActiveCfg = Debug|Any CPU
		{C74E76C5-8E76-4B4F-A3EA-E921D912DAFF}.Debug|Mixed Platforms.Build.0 = Debug|Any CPU
		{C74E76C5-8E76-4B4F-A3EA-E921D912DAFF}.Debug|x86.ActiveCfg = Debug|Any CPU
		{C74E76C5-8E76-4B4F-A3EA-E921D912DAFF}.Release|Any CPU.ActiveCfg = Release|Any CPU
		{C74E76C5-8E76-4B4F-A3EA-E921D912DAFF}.Release|Any CPU.Build.0 = Release|Any CPU
		{C74E76C5-8E76-4B4F-A3EA-E921D912DAFF}.Release|ARM.ActiveCfg = Release|Any CPU
		{C74E76C5-8E76-4B4F-A3EA-E921D912DAFF}.Release|iPhone.ActiveCfg = Release|Any CPU
		{C74E76C5-8E76-4B4F-A3EA-E921D912DAFF}.Release|iPhoneSimulator.ActiveCfg = Release|Any CPU
		{C74E76C5-8E76-4B4F-A3EA-E921D912DAFF}.Release|Mixed Platforms.ActiveCfg = Release|Any CPU
		{C74E76C5-8E76-4B4F-A3EA-E921D912DAFF}.Release|Mixed Platforms.Build.0 = Release|Any CPU
		{C74E76C5-8E76-4B4F-A3EA-E921D912DAFF}.Release|x86.ActiveCfg = Release|Any CPU
		{21317CE8-3E82-4CDE-8C7B-235E077013FC}.Ad-Hoc|Any CPU.ActiveCfg = Release|Any CPU
		{21317CE8-3E82-4CDE-8C7B-235E077013FC}.Ad-Hoc|Any CPU.Build.0 = Release|Any CPU
		{21317CE8-3E82-4CDE-8C7B-235E077013FC}.Ad-Hoc|ARM.ActiveCfg = Release|Any CPU
		{21317CE8-3E82-4CDE-8C7B-235E077013FC}.Ad-Hoc|iPhone.ActiveCfg = Release|Any CPU
		{21317CE8-3E82-4CDE-8C7B-235E077013FC}.Ad-Hoc|iPhoneSimulator.ActiveCfg = Release|Any CPU
		{21317CE8-3E82-4CDE-8C7B-235E077013FC}.Ad-Hoc|Mixed Platforms.ActiveCfg = Release|Any CPU
		{21317CE8-3E82-4CDE-8C7B-235E077013FC}.Ad-Hoc|Mixed Platforms.Build.0 = Release|Any CPU
		{21317CE8-3E82-4CDE-8C7B-235E077013FC}.Ad-Hoc|x86.ActiveCfg = Release|Any CPU
		{21317CE8-3E82-4CDE-8C7B-235E077013FC}.AppStore|Any CPU.ActiveCfg = Release|Any CPU
		{21317CE8-3E82-4CDE-8C7B-235E077013FC}.AppStore|Any CPU.Build.0 = Release|Any CPU
		{21317CE8-3E82-4CDE-8C7B-235E077013FC}.AppStore|ARM.ActiveCfg = Release|Any CPU
		{21317CE8-3E82-4CDE-8C7B-235E077013FC}.AppStore|iPhone.ActiveCfg = Release|Any CPU
		{21317CE8-3E82-4CDE-8C7B-235E077013FC}.AppStore|iPhoneSimulator.ActiveCfg = Release|Any CPU
		{21317CE8-3E82-4CDE-8C7B-235E077013FC}.AppStore|Mixed Platforms.ActiveCfg = Release|Any CPU
		{21317CE8-3E82-4CDE-8C7B-235E077013FC}.AppStore|Mixed Platforms.Build.0 = Release|Any CPU
		{21317CE8-3E82-4CDE-8C7B-235E077013FC}.AppStore|x86.ActiveCfg = Release|Any CPU
		{21317CE8-3E82-4CDE-8C7B-235E077013FC}.Debug|Any CPU.ActiveCfg = Debug|Any CPU
		{21317CE8-3E82-4CDE-8C7B-235E077013FC}.Debug|Any CPU.Build.0 = Debug|Any CPU
		{21317CE8-3E82-4CDE-8C7B-235E077013FC}.Debug|ARM.ActiveCfg = Debug|Any CPU
		{21317CE8-3E82-4CDE-8C7B-235E077013FC}.Debug|iPhone.ActiveCfg = Debug|Any CPU
		{21317CE8-3E82-4CDE-8C7B-235E077013FC}.Debug|iPhoneSimulator.ActiveCfg = Debug|Any CPU
		{21317CE8-3E82-4CDE-8C7B-235E077013FC}.Debug|Mixed Platforms.ActiveCfg = Debug|Any CPU
		{21317CE8-3E82-4CDE-8C7B-235E077013FC}.Debug|Mixed Platforms.Build.0 = Debug|Any CPU
		{21317CE8-3E82-4CDE-8C7B-235E077013FC}.Debug|x86.ActiveCfg = Debug|Any CPU
		{21317CE8-3E82-4CDE-8C7B-235E077013FC}.Release|Any CPU.ActiveCfg = Release|Any CPU
		{21317CE8-3E82-4CDE-8C7B-235E077013FC}.Release|Any CPU.Build.0 = Release|Any CPU
		{21317CE8-3E82-4CDE-8C7B-235E077013FC}.Release|ARM.ActiveCfg = Release|Any CPU
		{21317CE8-3E82-4CDE-8C7B-235E077013FC}.Release|iPhone.ActiveCfg = Release|Any CPU
		{21317CE8-3E82-4CDE-8C7B-235E077013FC}.Release|iPhoneSimulator.ActiveCfg = Release|Any CPU
		{21317CE8-3E82-4CDE-8C7B-235E077013FC}.Release|Mixed Platforms.ActiveCfg = Release|Any CPU
		{21317CE8-3E82-4CDE-8C7B-235E077013FC}.Release|Mixed Platforms.Build.0 = Release|Any CPU
		{21317CE8-3E82-4CDE-8C7B-235E077013FC}.Release|x86.ActiveCfg = Release|Any CPU
		{3C7D76AD-3B68-4EB6-9A15-560D4773FB24}.Ad-Hoc|Any CPU.ActiveCfg = Release|Any CPU
		{3C7D76AD-3B68-4EB6-9A15-560D4773FB24}.Ad-Hoc|Any CPU.Build.0 = Release|Any CPU
		{3C7D76AD-3B68-4EB6-9A15-560D4773FB24}.Ad-Hoc|ARM.ActiveCfg = Release|Any CPU
		{3C7D76AD-3B68-4EB6-9A15-560D4773FB24}.Ad-Hoc|iPhone.ActiveCfg = Release|Any CPU
		{3C7D76AD-3B68-4EB6-9A15-560D4773FB24}.Ad-Hoc|iPhoneSimulator.ActiveCfg = Release|Any CPU
		{3C7D76AD-3B68-4EB6-9A15-560D4773FB24}.Ad-Hoc|Mixed Platforms.ActiveCfg = Release|Any CPU
		{3C7D76AD-3B68-4EB6-9A15-560D4773FB24}.Ad-Hoc|Mixed Platforms.Build.0 = Release|Any CPU
		{3C7D76AD-3B68-4EB6-9A15-560D4773FB24}.Ad-Hoc|x86.ActiveCfg = Release|Any CPU
		{3C7D76AD-3B68-4EB6-9A15-560D4773FB24}.AppStore|Any CPU.ActiveCfg = Release|Any CPU
		{3C7D76AD-3B68-4EB6-9A15-560D4773FB24}.AppStore|Any CPU.Build.0 = Release|Any CPU
		{3C7D76AD-3B68-4EB6-9A15-560D4773FB24}.AppStore|ARM.ActiveCfg = Release|Any CPU
		{3C7D76AD-3B68-4EB6-9A15-560D4773FB24}.AppStore|iPhone.ActiveCfg = Release|Any CPU
		{3C7D76AD-3B68-4EB6-9A15-560D4773FB24}.AppStore|iPhoneSimulator.ActiveCfg = Release|Any CPU
		{3C7D76AD-3B68-4EB6-9A15-560D4773FB24}.AppStore|Mixed Platforms.ActiveCfg = Release|Any CPU
		{3C7D76AD-3B68-4EB6-9A15-560D4773FB24}.AppStore|Mixed Platforms.Build.0 = Release|Any CPU
		{3C7D76AD-3B68-4EB6-9A15-560D4773FB24}.AppStore|x86.ActiveCfg = Release|Any CPU
		{3C7D76AD-3B68-4EB6-9A15-560D4773FB24}.Debug|Any CPU.ActiveCfg = Debug|Any CPU
		{3C7D76AD-3B68-4EB6-9A15-560D4773FB24}.Debug|Any CPU.Build.0 = Debug|Any CPU
		{3C7D76AD-3B68-4EB6-9A15-560D4773FB24}.Debug|ARM.ActiveCfg = Debug|Any CPU
		{3C7D76AD-3B68-4EB6-9A15-560D4773FB24}.Debug|iPhone.ActiveCfg = Debug|Any CPU
		{3C7D76AD-3B68-4EB6-9A15-560D4773FB24}.Debug|iPhoneSimulator.ActiveCfg = Debug|Any CPU
		{3C7D76AD-3B68-4EB6-9A15-560D4773FB24}.Debug|Mixed Platforms.ActiveCfg = Debug|Any CPU
		{3C7D76AD-3B68-4EB6-9A15-560D4773FB24}.Debug|Mixed Platforms.Build.0 = Debug|Any CPU
		{3C7D76AD-3B68-4EB6-9A15-560D4773FB24}.Debug|x86.ActiveCfg = Debug|Any CPU
		{3C7D76AD-3B68-4EB6-9A15-560D4773FB24}.Release|Any CPU.ActiveCfg = Release|Any CPU
		{3C7D76AD-3B68-4EB6-9A15-560D4773FB24}.Release|Any CPU.Build.0 = Release|Any CPU
		{3C7D76AD-3B68-4EB6-9A15-560D4773FB24}.Release|ARM.ActiveCfg = Release|Any CPU
		{3C7D76AD-3B68-4EB6-9A15-560D4773FB24}.Release|iPhone.ActiveCfg = Release|Any CPU
		{3C7D76AD-3B68-4EB6-9A15-560D4773FB24}.Release|iPhoneSimulator.ActiveCfg = Release|Any CPU
		{3C7D76AD-3B68-4EB6-9A15-560D4773FB24}.Release|Mixed Platforms.ActiveCfg = Release|Any CPU
		{3C7D76AD-3B68-4EB6-9A15-560D4773FB24}.Release|Mixed Platforms.Build.0 = Release|Any CPU
		{3C7D76AD-3B68-4EB6-9A15-560D4773FB24}.Release|x86.ActiveCfg = Release|Any CPU
		{3466015A-0C4A-429D-A7C3-A46F11682FFF}.Ad-Hoc|Any CPU.ActiveCfg = Release|Any CPU
		{3466015A-0C4A-429D-A7C3-A46F11682FFF}.Ad-Hoc|Any CPU.Build.0 = Release|Any CPU
		{3466015A-0C4A-429D-A7C3-A46F11682FFF}.Ad-Hoc|ARM.ActiveCfg = Release|Any CPU
		{3466015A-0C4A-429D-A7C3-A46F11682FFF}.Ad-Hoc|iPhone.ActiveCfg = Release|Any CPU
		{3466015A-0C4A-429D-A7C3-A46F11682FFF}.Ad-Hoc|iPhoneSimulator.ActiveCfg = Release|Any CPU
		{3466015A-0C4A-429D-A7C3-A46F11682FFF}.Ad-Hoc|Mixed Platforms.ActiveCfg = Release|Any CPU
		{3466015A-0C4A-429D-A7C3-A46F11682FFF}.Ad-Hoc|Mixed Platforms.Build.0 = Release|Any CPU
		{3466015A-0C4A-429D-A7C3-A46F11682FFF}.Ad-Hoc|x86.ActiveCfg = Release|Any CPU
		{3466015A-0C4A-429D-A7C3-A46F11682FFF}.AppStore|Any CPU.ActiveCfg = Release|Any CPU
		{3466015A-0C4A-429D-A7C3-A46F11682FFF}.AppStore|Any CPU.Build.0 = Release|Any CPU
		{3466015A-0C4A-429D-A7C3-A46F11682FFF}.AppStore|ARM.ActiveCfg = Release|Any CPU
		{3466015A-0C4A-429D-A7C3-A46F11682FFF}.AppStore|iPhone.ActiveCfg = Release|Any CPU
		{3466015A-0C4A-429D-A7C3-A46F11682FFF}.AppStore|iPhoneSimulator.ActiveCfg = Release|Any CPU
		{3466015A-0C4A-429D-A7C3-A46F11682FFF}.AppStore|Mixed Platforms.ActiveCfg = Release|Any CPU
		{3466015A-0C4A-429D-A7C3-A46F11682FFF}.AppStore|Mixed Platforms.Build.0 = Release|Any CPU
		{3466015A-0C4A-429D-A7C3-A46F11682FFF}.AppStore|x86.ActiveCfg = Release|Any CPU
		{3466015A-0C4A-429D-A7C3-A46F11682FFF}.Debug|Any CPU.ActiveCfg = Debug|Any CPU
		{3466015A-0C4A-429D-A7C3-A46F11682FFF}.Debug|Any CPU.Build.0 = Debug|Any CPU
		{3466015A-0C4A-429D-A7C3-A46F11682FFF}.Debug|ARM.ActiveCfg = Debug|Any CPU
		{3466015A-0C4A-429D-A7C3-A46F11682FFF}.Debug|iPhone.ActiveCfg = Debug|Any CPU
		{3466015A-0C4A-429D-A7C3-A46F11682FFF}.Debug|iPhoneSimulator.ActiveCfg = Debug|Any CPU
		{3466015A-0C4A-429D-A7C3-A46F11682FFF}.Debug|Mixed Platforms.ActiveCfg = Debug|Any CPU
		{3466015A-0C4A-429D-A7C3-A46F11682FFF}.Debug|Mixed Platforms.Build.0 = Debug|Any CPU
		{3466015A-0C4A-429D-A7C3-A46F11682FFF}.Debug|x86.ActiveCfg = Debug|Any CPU
		{3466015A-0C4A-429D-A7C3-A46F11682FFF}.Release|Any CPU.ActiveCfg = Release|Any CPU
		{3466015A-0C4A-429D-A7C3-A46F11682FFF}.Release|Any CPU.Build.0 = Release|Any CPU
		{3466015A-0C4A-429D-A7C3-A46F11682FFF}.Release|ARM.ActiveCfg = Release|Any CPU
		{3466015A-0C4A-429D-A7C3-A46F11682FFF}.Release|iPhone.ActiveCfg = Release|Any CPU
		{3466015A-0C4A-429D-A7C3-A46F11682FFF}.Release|iPhoneSimulator.ActiveCfg = Release|Any CPU
		{3466015A-0C4A-429D-A7C3-A46F11682FFF}.Release|Mixed Platforms.ActiveCfg = Release|Any CPU
		{3466015A-0C4A-429D-A7C3-A46F11682FFF}.Release|Mixed Platforms.Build.0 = Release|Any CPU
		{3466015A-0C4A-429D-A7C3-A46F11682FFF}.Release|x86.ActiveCfg = Release|Any CPU
		{EBFB7545-E952-4530-A119-9AF7E9177BD2}.Ad-Hoc|Any CPU.ActiveCfg = Release|Any CPU
		{EBFB7545-E952-4530-A119-9AF7E9177BD2}.Ad-Hoc|Any CPU.Build.0 = Release|Any CPU
		{EBFB7545-E952-4530-A119-9AF7E9177BD2}.Ad-Hoc|ARM.ActiveCfg = Release|Any CPU
		{EBFB7545-E952-4530-A119-9AF7E9177BD2}.Ad-Hoc|iPhone.ActiveCfg = Release|Any CPU
		{EBFB7545-E952-4530-A119-9AF7E9177BD2}.Ad-Hoc|iPhoneSimulator.ActiveCfg = Release|Any CPU
		{EBFB7545-E952-4530-A119-9AF7E9177BD2}.Ad-Hoc|Mixed Platforms.ActiveCfg = Release|Any CPU
		{EBFB7545-E952-4530-A119-9AF7E9177BD2}.Ad-Hoc|Mixed Platforms.Build.0 = Release|Any CPU
		{EBFB7545-E952-4530-A119-9AF7E9177BD2}.Ad-Hoc|x86.ActiveCfg = Release|Any CPU
		{EBFB7545-E952-4530-A119-9AF7E9177BD2}.AppStore|Any CPU.ActiveCfg = Release|Any CPU
		{EBFB7545-E952-4530-A119-9AF7E9177BD2}.AppStore|Any CPU.Build.0 = Release|Any CPU
		{EBFB7545-E952-4530-A119-9AF7E9177BD2}.AppStore|ARM.ActiveCfg = Release|Any CPU
		{EBFB7545-E952-4530-A119-9AF7E9177BD2}.AppStore|iPhone.ActiveCfg = Release|Any CPU
		{EBFB7545-E952-4530-A119-9AF7E9177BD2}.AppStore|iPhoneSimulator.ActiveCfg = Release|Any CPU
		{EBFB7545-E952-4530-A119-9AF7E9177BD2}.AppStore|Mixed Platforms.ActiveCfg = Release|Any CPU
		{EBFB7545-E952-4530-A119-9AF7E9177BD2}.AppStore|Mixed Platforms.Build.0 = Release|Any CPU
		{EBFB7545-E952-4530-A119-9AF7E9177BD2}.AppStore|x86.ActiveCfg = Release|Any CPU
		{EBFB7545-E952-4530-A119-9AF7E9177BD2}.Debug|Any CPU.ActiveCfg = Debug|Any CPU
		{EBFB7545-E952-4530-A119-9AF7E9177BD2}.Debug|Any CPU.Build.0 = Debug|Any CPU
		{EBFB7545-E952-4530-A119-9AF7E9177BD2}.Debug|ARM.ActiveCfg = Debug|Any CPU
		{EBFB7545-E952-4530-A119-9AF7E9177BD2}.Debug|iPhone.ActiveCfg = Debug|Any CPU
		{EBFB7545-E952-4530-A119-9AF7E9177BD2}.Debug|iPhoneSimulator.ActiveCfg = Debug|Any CPU
		{EBFB7545-E952-4530-A119-9AF7E9177BD2}.Debug|Mixed Platforms.ActiveCfg = Debug|Any CPU
		{EBFB7545-E952-4530-A119-9AF7E9177BD2}.Debug|Mixed Platforms.Build.0 = Debug|Any CPU
		{EBFB7545-E952-4530-A119-9AF7E9177BD2}.Debug|x86.ActiveCfg = Debug|Any CPU
		{EBFB7545-E952-4530-A119-9AF7E9177BD2}.Release|Any CPU.ActiveCfg = Release|Any CPU
		{EBFB7545-E952-4530-A119-9AF7E9177BD2}.Release|Any CPU.Build.0 = Release|Any CPU
		{EBFB7545-E952-4530-A119-9AF7E9177BD2}.Release|ARM.ActiveCfg = Release|Any CPU
		{EBFB7545-E952-4530-A119-9AF7E9177BD2}.Release|iPhone.ActiveCfg = Release|Any CPU
		{EBFB7545-E952-4530-A119-9AF7E9177BD2}.Release|iPhoneSimulator.ActiveCfg = Release|Any CPU
		{EBFB7545-E952-4530-A119-9AF7E9177BD2}.Release|Mixed Platforms.ActiveCfg = Release|Any CPU
		{EBFB7545-E952-4530-A119-9AF7E9177BD2}.Release|Mixed Platforms.Build.0 = Release|Any CPU
		{EBFB7545-E952-4530-A119-9AF7E9177BD2}.Release|x86.ActiveCfg = Release|Any CPU
		{66161CD7-D1DF-4C7D-A374-06E9AD489498}.Ad-Hoc|Any CPU.ActiveCfg = Release|Any CPU
		{66161CD7-D1DF-4C7D-A374-06E9AD489498}.Ad-Hoc|Any CPU.Build.0 = Release|Any CPU
		{66161CD7-D1DF-4C7D-A374-06E9AD489498}.Ad-Hoc|ARM.ActiveCfg = Release|Any CPU
		{66161CD7-D1DF-4C7D-A374-06E9AD489498}.Ad-Hoc|ARM.Build.0 = Release|Any CPU
		{66161CD7-D1DF-4C7D-A374-06E9AD489498}.Ad-Hoc|iPhone.ActiveCfg = Release|Any CPU
		{66161CD7-D1DF-4C7D-A374-06E9AD489498}.Ad-Hoc|iPhone.Build.0 = Release|Any CPU
		{66161CD7-D1DF-4C7D-A374-06E9AD489498}.Ad-Hoc|iPhoneSimulator.ActiveCfg = Release|Any CPU
		{66161CD7-D1DF-4C7D-A374-06E9AD489498}.Ad-Hoc|iPhoneSimulator.Build.0 = Release|Any CPU
		{66161CD7-D1DF-4C7D-A374-06E9AD489498}.Ad-Hoc|Mixed Platforms.ActiveCfg = Release|Any CPU
		{66161CD7-D1DF-4C7D-A374-06E9AD489498}.Ad-Hoc|Mixed Platforms.Build.0 = Release|Any CPU
		{66161CD7-D1DF-4C7D-A374-06E9AD489498}.Ad-Hoc|x86.ActiveCfg = Release|Any CPU
		{66161CD7-D1DF-4C7D-A374-06E9AD489498}.Ad-Hoc|x86.Build.0 = Release|Any CPU
		{66161CD7-D1DF-4C7D-A374-06E9AD489498}.AppStore|Any CPU.ActiveCfg = Release|Any CPU
		{66161CD7-D1DF-4C7D-A374-06E9AD489498}.AppStore|Any CPU.Build.0 = Release|Any CPU
		{66161CD7-D1DF-4C7D-A374-06E9AD489498}.AppStore|ARM.ActiveCfg = Release|Any CPU
		{66161CD7-D1DF-4C7D-A374-06E9AD489498}.AppStore|ARM.Build.0 = Release|Any CPU
		{66161CD7-D1DF-4C7D-A374-06E9AD489498}.AppStore|iPhone.ActiveCfg = Release|Any CPU
		{66161CD7-D1DF-4C7D-A374-06E9AD489498}.AppStore|iPhone.Build.0 = Release|Any CPU
		{66161CD7-D1DF-4C7D-A374-06E9AD489498}.AppStore|iPhoneSimulator.ActiveCfg = Release|Any CPU
		{66161CD7-D1DF-4C7D-A374-06E9AD489498}.AppStore|iPhoneSimulator.Build.0 = Release|Any CPU
		{66161CD7-D1DF-4C7D-A374-06E9AD489498}.AppStore|Mixed Platforms.ActiveCfg = Release|Any CPU
		{66161CD7-D1DF-4C7D-A374-06E9AD489498}.AppStore|Mixed Platforms.Build.0 = Release|Any CPU
		{66161CD7-D1DF-4C7D-A374-06E9AD489498}.AppStore|x86.ActiveCfg = Release|Any CPU
		{66161CD7-D1DF-4C7D-A374-06E9AD489498}.AppStore|x86.Build.0 = Release|Any CPU
		{66161CD7-D1DF-4C7D-A374-06E9AD489498}.Debug|Any CPU.ActiveCfg = Debug|Any CPU
		{66161CD7-D1DF-4C7D-A374-06E9AD489498}.Debug|Any CPU.Build.0 = Debug|Any CPU
		{66161CD7-D1DF-4C7D-A374-06E9AD489498}.Debug|ARM.ActiveCfg = Debug|Any CPU
		{66161CD7-D1DF-4C7D-A374-06E9AD489498}.Debug|ARM.Build.0 = Debug|Any CPU
		{66161CD7-D1DF-4C7D-A374-06E9AD489498}.Debug|iPhone.ActiveCfg = Debug|Any CPU
		{66161CD7-D1DF-4C7D-A374-06E9AD489498}.Debug|iPhone.Build.0 = Debug|Any CPU
		{66161CD7-D1DF-4C7D-A374-06E9AD489498}.Debug|iPhoneSimulator.ActiveCfg = Debug|Any CPU
		{66161CD7-D1DF-4C7D-A374-06E9AD489498}.Debug|iPhoneSimulator.Build.0 = Debug|Any CPU
		{66161CD7-D1DF-4C7D-A374-06E9AD489498}.Debug|Mixed Platforms.ActiveCfg = Debug|Any CPU
		{66161CD7-D1DF-4C7D-A374-06E9AD489498}.Debug|Mixed Platforms.Build.0 = Debug|Any CPU
		{66161CD7-D1DF-4C7D-A374-06E9AD489498}.Debug|x86.ActiveCfg = Debug|Any CPU
		{66161CD7-D1DF-4C7D-A374-06E9AD489498}.Debug|x86.Build.0 = Debug|Any CPU
		{66161CD7-D1DF-4C7D-A374-06E9AD489498}.Release|Any CPU.ActiveCfg = Release|Any CPU
		{66161CD7-D1DF-4C7D-A374-06E9AD489498}.Release|Any CPU.Build.0 = Release|Any CPU
		{66161CD7-D1DF-4C7D-A374-06E9AD489498}.Release|ARM.ActiveCfg = Release|Any CPU
		{66161CD7-D1DF-4C7D-A374-06E9AD489498}.Release|ARM.Build.0 = Release|Any CPU
		{66161CD7-D1DF-4C7D-A374-06E9AD489498}.Release|iPhone.ActiveCfg = Release|Any CPU
		{66161CD7-D1DF-4C7D-A374-06E9AD489498}.Release|iPhone.Build.0 = Release|Any CPU
		{66161CD7-D1DF-4C7D-A374-06E9AD489498}.Release|iPhoneSimulator.ActiveCfg = Release|Any CPU
		{66161CD7-D1DF-4C7D-A374-06E9AD489498}.Release|iPhoneSimulator.Build.0 = Release|Any CPU
		{66161CD7-D1DF-4C7D-A374-06E9AD489498}.Release|Mixed Platforms.ActiveCfg = Release|Any CPU
		{66161CD7-D1DF-4C7D-A374-06E9AD489498}.Release|Mixed Platforms.Build.0 = Release|Any CPU
		{66161CD7-D1DF-4C7D-A374-06E9AD489498}.Release|x86.ActiveCfg = Release|Any CPU
		{66161CD7-D1DF-4C7D-A374-06E9AD489498}.Release|x86.Build.0 = Release|Any CPU
		{1AA6C8A9-60E3-4AC5-9D25-BA336E0004B5}.Ad-Hoc|Any CPU.ActiveCfg = Release|Any CPU
		{1AA6C8A9-60E3-4AC5-9D25-BA336E0004B5}.Ad-Hoc|Any CPU.Build.0 = Release|Any CPU
		{1AA6C8A9-60E3-4AC5-9D25-BA336E0004B5}.Ad-Hoc|ARM.ActiveCfg = Release|Any CPU
		{1AA6C8A9-60E3-4AC5-9D25-BA336E0004B5}.Ad-Hoc|ARM.Build.0 = Release|Any CPU
		{1AA6C8A9-60E3-4AC5-9D25-BA336E0004B5}.Ad-Hoc|iPhone.ActiveCfg = Release|Any CPU
		{1AA6C8A9-60E3-4AC5-9D25-BA336E0004B5}.Ad-Hoc|iPhone.Build.0 = Release|Any CPU
		{1AA6C8A9-60E3-4AC5-9D25-BA336E0004B5}.Ad-Hoc|iPhoneSimulator.ActiveCfg = Release|Any CPU
		{1AA6C8A9-60E3-4AC5-9D25-BA336E0004B5}.Ad-Hoc|iPhoneSimulator.Build.0 = Release|Any CPU
		{1AA6C8A9-60E3-4AC5-9D25-BA336E0004B5}.Ad-Hoc|Mixed Platforms.ActiveCfg = Release|Any CPU
		{1AA6C8A9-60E3-4AC5-9D25-BA336E0004B5}.Ad-Hoc|Mixed Platforms.Build.0 = Release|Any CPU
		{1AA6C8A9-60E3-4AC5-9D25-BA336E0004B5}.Ad-Hoc|x86.ActiveCfg = Release|Any CPU
		{1AA6C8A9-60E3-4AC5-9D25-BA336E0004B5}.Ad-Hoc|x86.Build.0 = Release|Any CPU
		{1AA6C8A9-60E3-4AC5-9D25-BA336E0004B5}.AppStore|Any CPU.ActiveCfg = Release|Any CPU
		{1AA6C8A9-60E3-4AC5-9D25-BA336E0004B5}.AppStore|Any CPU.Build.0 = Release|Any CPU
		{1AA6C8A9-60E3-4AC5-9D25-BA336E0004B5}.AppStore|ARM.ActiveCfg = Release|Any CPU
		{1AA6C8A9-60E3-4AC5-9D25-BA336E0004B5}.AppStore|ARM.Build.0 = Release|Any CPU
		{1AA6C8A9-60E3-4AC5-9D25-BA336E0004B5}.AppStore|iPhone.ActiveCfg = Release|Any CPU
		{1AA6C8A9-60E3-4AC5-9D25-BA336E0004B5}.AppStore|iPhone.Build.0 = Release|Any CPU
		{1AA6C8A9-60E3-4AC5-9D25-BA336E0004B5}.AppStore|iPhoneSimulator.ActiveCfg = Release|Any CPU
		{1AA6C8A9-60E3-4AC5-9D25-BA336E0004B5}.AppStore|iPhoneSimulator.Build.0 = Release|Any CPU
		{1AA6C8A9-60E3-4AC5-9D25-BA336E0004B5}.AppStore|Mixed Platforms.ActiveCfg = Release|Any CPU
		{1AA6C8A9-60E3-4AC5-9D25-BA336E0004B5}.AppStore|Mixed Platforms.Build.0 = Release|Any CPU
		{1AA6C8A9-60E3-4AC5-9D25-BA336E0004B5}.AppStore|x86.ActiveCfg = Release|Any CPU
		{1AA6C8A9-60E3-4AC5-9D25-BA336E0004B5}.AppStore|x86.Build.0 = Release|Any CPU
		{1AA6C8A9-60E3-4AC5-9D25-BA336E0004B5}.Debug|Any CPU.ActiveCfg = Debug|Any CPU
		{1AA6C8A9-60E3-4AC5-9D25-BA336E0004B5}.Debug|Any CPU.Build.0 = Debug|Any CPU
		{1AA6C8A9-60E3-4AC5-9D25-BA336E0004B5}.Debug|ARM.ActiveCfg = Debug|Any CPU
		{1AA6C8A9-60E3-4AC5-9D25-BA336E0004B5}.Debug|ARM.Build.0 = Debug|Any CPU
		{1AA6C8A9-60E3-4AC5-9D25-BA336E0004B5}.Debug|iPhone.ActiveCfg = Debug|Any CPU
		{1AA6C8A9-60E3-4AC5-9D25-BA336E0004B5}.Debug|iPhone.Build.0 = Debug|Any CPU
		{1AA6C8A9-60E3-4AC5-9D25-BA336E0004B5}.Debug|iPhoneSimulator.ActiveCfg = Debug|Any CPU
		{1AA6C8A9-60E3-4AC5-9D25-BA336E0004B5}.Debug|iPhoneSimulator.Build.0 = Debug|Any CPU
		{1AA6C8A9-60E3-4AC5-9D25-BA336E0004B5}.Debug|Mixed Platforms.ActiveCfg = Debug|Any CPU
		{1AA6C8A9-60E3-4AC5-9D25-BA336E0004B5}.Debug|Mixed Platforms.Build.0 = Debug|Any CPU
		{1AA6C8A9-60E3-4AC5-9D25-BA336E0004B5}.Debug|x86.ActiveCfg = Debug|Any CPU
		{1AA6C8A9-60E3-4AC5-9D25-BA336E0004B5}.Debug|x86.Build.0 = Debug|Any CPU
		{1AA6C8A9-60E3-4AC5-9D25-BA336E0004B5}.Release|Any CPU.ActiveCfg = Release|Any CPU
		{1AA6C8A9-60E3-4AC5-9D25-BA336E0004B5}.Release|Any CPU.Build.0 = Release|Any CPU
		{1AA6C8A9-60E3-4AC5-9D25-BA336E0004B5}.Release|ARM.ActiveCfg = Release|Any CPU
		{1AA6C8A9-60E3-4AC5-9D25-BA336E0004B5}.Release|ARM.Build.0 = Release|Any CPU
		{1AA6C8A9-60E3-4AC5-9D25-BA336E0004B5}.Release|iPhone.ActiveCfg = Release|Any CPU
		{1AA6C8A9-60E3-4AC5-9D25-BA336E0004B5}.Release|iPhone.Build.0 = Release|Any CPU
		{1AA6C8A9-60E3-4AC5-9D25-BA336E0004B5}.Release|iPhoneSimulator.ActiveCfg = Release|Any CPU
		{1AA6C8A9-60E3-4AC5-9D25-BA336E0004B5}.Release|iPhoneSimulator.Build.0 = Release|Any CPU
		{1AA6C8A9-60E3-4AC5-9D25-BA336E0004B5}.Release|Mixed Platforms.ActiveCfg = Release|Any CPU
		{1AA6C8A9-60E3-4AC5-9D25-BA336E0004B5}.Release|Mixed Platforms.Build.0 = Release|Any CPU
		{1AA6C8A9-60E3-4AC5-9D25-BA336E0004B5}.Release|x86.ActiveCfg = Release|Any CPU
		{1AA6C8A9-60E3-4AC5-9D25-BA336E0004B5}.Release|x86.Build.0 = Release|Any CPU
		{E54C0B09-DB27-436C-A4C2-8D0704EE5B8D}.Ad-Hoc|Any CPU.ActiveCfg = Release|Any CPU
		{E54C0B09-DB27-436C-A4C2-8D0704EE5B8D}.Ad-Hoc|Any CPU.Build.0 = Release|Any CPU
		{E54C0B09-DB27-436C-A4C2-8D0704EE5B8D}.Ad-Hoc|ARM.ActiveCfg = Release|Any CPU
		{E54C0B09-DB27-436C-A4C2-8D0704EE5B8D}.Ad-Hoc|iPhone.ActiveCfg = Release|Any CPU
		{E54C0B09-DB27-436C-A4C2-8D0704EE5B8D}.Ad-Hoc|iPhoneSimulator.ActiveCfg = Release|Any CPU
		{E54C0B09-DB27-436C-A4C2-8D0704EE5B8D}.Ad-Hoc|Mixed Platforms.ActiveCfg = Release|Any CPU
		{E54C0B09-DB27-436C-A4C2-8D0704EE5B8D}.Ad-Hoc|Mixed Platforms.Build.0 = Release|Any CPU
		{E54C0B09-DB27-436C-A4C2-8D0704EE5B8D}.Ad-Hoc|x86.ActiveCfg = Release|Any CPU
		{E54C0B09-DB27-436C-A4C2-8D0704EE5B8D}.AppStore|Any CPU.ActiveCfg = Release|Any CPU
		{E54C0B09-DB27-436C-A4C2-8D0704EE5B8D}.AppStore|Any CPU.Build.0 = Release|Any CPU
		{E54C0B09-DB27-436C-A4C2-8D0704EE5B8D}.AppStore|ARM.ActiveCfg = Release|Any CPU
		{E54C0B09-DB27-436C-A4C2-8D0704EE5B8D}.AppStore|iPhone.ActiveCfg = Release|Any CPU
		{E54C0B09-DB27-436C-A4C2-8D0704EE5B8D}.AppStore|iPhoneSimulator.ActiveCfg = Release|Any CPU
		{E54C0B09-DB27-436C-A4C2-8D0704EE5B8D}.AppStore|Mixed Platforms.ActiveCfg = Release|Any CPU
		{E54C0B09-DB27-436C-A4C2-8D0704EE5B8D}.AppStore|Mixed Platforms.Build.0 = Release|Any CPU
		{E54C0B09-DB27-436C-A4C2-8D0704EE5B8D}.AppStore|x86.ActiveCfg = Release|Any CPU
		{E54C0B09-DB27-436C-A4C2-8D0704EE5B8D}.Debug|Any CPU.ActiveCfg = Debug|Any CPU
		{E54C0B09-DB27-436C-A4C2-8D0704EE5B8D}.Debug|Any CPU.Build.0 = Debug|Any CPU
		{E54C0B09-DB27-436C-A4C2-8D0704EE5B8D}.Debug|ARM.ActiveCfg = Debug|Any CPU
		{E54C0B09-DB27-436C-A4C2-8D0704EE5B8D}.Debug|iPhone.ActiveCfg = Debug|Any CPU
		{E54C0B09-DB27-436C-A4C2-8D0704EE5B8D}.Debug|iPhoneSimulator.ActiveCfg = Debug|Any CPU
		{E54C0B09-DB27-436C-A4C2-8D0704EE5B8D}.Debug|Mixed Platforms.ActiveCfg = Debug|Any CPU
		{E54C0B09-DB27-436C-A4C2-8D0704EE5B8D}.Debug|Mixed Platforms.Build.0 = Debug|Any CPU
		{E54C0B09-DB27-436C-A4C2-8D0704EE5B8D}.Debug|x86.ActiveCfg = Debug|Any CPU
		{E54C0B09-DB27-436C-A4C2-8D0704EE5B8D}.Release|Any CPU.ActiveCfg = Release|Any CPU
		{E54C0B09-DB27-436C-A4C2-8D0704EE5B8D}.Release|Any CPU.Build.0 = Release|Any CPU
		{E54C0B09-DB27-436C-A4C2-8D0704EE5B8D}.Release|ARM.ActiveCfg = Release|Any CPU
		{E54C0B09-DB27-436C-A4C2-8D0704EE5B8D}.Release|iPhone.ActiveCfg = Release|Any CPU
		{E54C0B09-DB27-436C-A4C2-8D0704EE5B8D}.Release|iPhoneSimulator.ActiveCfg = Release|Any CPU
		{E54C0B09-DB27-436C-A4C2-8D0704EE5B8D}.Release|Mixed Platforms.ActiveCfg = Release|Any CPU
		{E54C0B09-DB27-436C-A4C2-8D0704EE5B8D}.Release|Mixed Platforms.Build.0 = Release|Any CPU
		{E54C0B09-DB27-436C-A4C2-8D0704EE5B8D}.Release|x86.ActiveCfg = Release|Any CPU
		{89AA305D-AD29-4D2C-955D-15FC41DA8238}.Ad-Hoc|Any CPU.ActiveCfg = Release|Any CPU
		{89AA305D-AD29-4D2C-955D-15FC41DA8238}.Ad-Hoc|Any CPU.Build.0 = Release|Any CPU
		{89AA305D-AD29-4D2C-955D-15FC41DA8238}.Ad-Hoc|ARM.ActiveCfg = Release|Any CPU
		{89AA305D-AD29-4D2C-955D-15FC41DA8238}.Ad-Hoc|ARM.Build.0 = Release|Any CPU
		{89AA305D-AD29-4D2C-955D-15FC41DA8238}.Ad-Hoc|iPhone.ActiveCfg = Release|Any CPU
		{89AA305D-AD29-4D2C-955D-15FC41DA8238}.Ad-Hoc|iPhone.Build.0 = Release|Any CPU
		{89AA305D-AD29-4D2C-955D-15FC41DA8238}.Ad-Hoc|iPhoneSimulator.ActiveCfg = Release|Any CPU
		{89AA305D-AD29-4D2C-955D-15FC41DA8238}.Ad-Hoc|iPhoneSimulator.Build.0 = Release|Any CPU
		{89AA305D-AD29-4D2C-955D-15FC41DA8238}.Ad-Hoc|Mixed Platforms.ActiveCfg = Release|Any CPU
		{89AA305D-AD29-4D2C-955D-15FC41DA8238}.Ad-Hoc|Mixed Platforms.Build.0 = Release|Any CPU
		{89AA305D-AD29-4D2C-955D-15FC41DA8238}.Ad-Hoc|x86.ActiveCfg = Release|Any CPU
		{89AA305D-AD29-4D2C-955D-15FC41DA8238}.Ad-Hoc|x86.Build.0 = Release|Any CPU
		{89AA305D-AD29-4D2C-955D-15FC41DA8238}.AppStore|Any CPU.ActiveCfg = Release|Any CPU
		{89AA305D-AD29-4D2C-955D-15FC41DA8238}.AppStore|Any CPU.Build.0 = Release|Any CPU
		{89AA305D-AD29-4D2C-955D-15FC41DA8238}.AppStore|ARM.ActiveCfg = Release|Any CPU
		{89AA305D-AD29-4D2C-955D-15FC41DA8238}.AppStore|ARM.Build.0 = Release|Any CPU
		{89AA305D-AD29-4D2C-955D-15FC41DA8238}.AppStore|iPhone.ActiveCfg = Release|Any CPU
		{89AA305D-AD29-4D2C-955D-15FC41DA8238}.AppStore|iPhone.Build.0 = Release|Any CPU
		{89AA305D-AD29-4D2C-955D-15FC41DA8238}.AppStore|iPhoneSimulator.ActiveCfg = Release|Any CPU
		{89AA305D-AD29-4D2C-955D-15FC41DA8238}.AppStore|iPhoneSimulator.Build.0 = Release|Any CPU
		{89AA305D-AD29-4D2C-955D-15FC41DA8238}.AppStore|Mixed Platforms.ActiveCfg = Release|Any CPU
		{89AA305D-AD29-4D2C-955D-15FC41DA8238}.AppStore|Mixed Platforms.Build.0 = Release|Any CPU
		{89AA305D-AD29-4D2C-955D-15FC41DA8238}.AppStore|x86.ActiveCfg = Release|Any CPU
		{89AA305D-AD29-4D2C-955D-15FC41DA8238}.AppStore|x86.Build.0 = Release|Any CPU
		{89AA305D-AD29-4D2C-955D-15FC41DA8238}.Debug|Any CPU.ActiveCfg = Debug|Any CPU
		{89AA305D-AD29-4D2C-955D-15FC41DA8238}.Debug|Any CPU.Build.0 = Debug|Any CPU
		{89AA305D-AD29-4D2C-955D-15FC41DA8238}.Debug|ARM.ActiveCfg = Debug|Any CPU
		{89AA305D-AD29-4D2C-955D-15FC41DA8238}.Debug|ARM.Build.0 = Debug|Any CPU
		{89AA305D-AD29-4D2C-955D-15FC41DA8238}.Debug|iPhone.ActiveCfg = Debug|Any CPU
		{89AA305D-AD29-4D2C-955D-15FC41DA8238}.Debug|iPhone.Build.0 = Debug|Any CPU
		{89AA305D-AD29-4D2C-955D-15FC41DA8238}.Debug|iPhoneSimulator.ActiveCfg = Debug|Any CPU
		{89AA305D-AD29-4D2C-955D-15FC41DA8238}.Debug|iPhoneSimulator.Build.0 = Debug|Any CPU
		{89AA305D-AD29-4D2C-955D-15FC41DA8238}.Debug|Mixed Platforms.ActiveCfg = Debug|Any CPU
		{89AA305D-AD29-4D2C-955D-15FC41DA8238}.Debug|Mixed Platforms.Build.0 = Debug|Any CPU
		{89AA305D-AD29-4D2C-955D-15FC41DA8238}.Debug|x86.ActiveCfg = Debug|Any CPU
		{89AA305D-AD29-4D2C-955D-15FC41DA8238}.Debug|x86.Build.0 = Debug|Any CPU
		{89AA305D-AD29-4D2C-955D-15FC41DA8238}.Release|Any CPU.ActiveCfg = Release|Any CPU
		{89AA305D-AD29-4D2C-955D-15FC41DA8238}.Release|Any CPU.Build.0 = Release|Any CPU
		{89AA305D-AD29-4D2C-955D-15FC41DA8238}.Release|ARM.ActiveCfg = Release|Any CPU
		{89AA305D-AD29-4D2C-955D-15FC41DA8238}.Release|ARM.Build.0 = Release|Any CPU
		{89AA305D-AD29-4D2C-955D-15FC41DA8238}.Release|iPhone.ActiveCfg = Release|Any CPU
		{89AA305D-AD29-4D2C-955D-15FC41DA8238}.Release|iPhone.Build.0 = Release|Any CPU
		{89AA305D-AD29-4D2C-955D-15FC41DA8238}.Release|iPhoneSimulator.ActiveCfg = Release|Any CPU
		{89AA305D-AD29-4D2C-955D-15FC41DA8238}.Release|iPhoneSimulator.Build.0 = Release|Any CPU
		{89AA305D-AD29-4D2C-955D-15FC41DA8238}.Release|Mixed Platforms.ActiveCfg = Release|Any CPU
		{89AA305D-AD29-4D2C-955D-15FC41DA8238}.Release|Mixed Platforms.Build.0 = Release|Any CPU
		{89AA305D-AD29-4D2C-955D-15FC41DA8238}.Release|x86.ActiveCfg = Release|Any CPU
		{89AA305D-AD29-4D2C-955D-15FC41DA8238}.Release|x86.Build.0 = Release|Any CPU
		{CC3FF47A-D5CD-4D54-9B8A-8D568E23EC54}.Ad-Hoc|Any CPU.ActiveCfg = Release|Any CPU
		{CC3FF47A-D5CD-4D54-9B8A-8D568E23EC54}.Ad-Hoc|Any CPU.Build.0 = Release|Any CPU
		{CC3FF47A-D5CD-4D54-9B8A-8D568E23EC54}.Ad-Hoc|Any CPU.Deploy.0 = Release|Any CPU
		{CC3FF47A-D5CD-4D54-9B8A-8D568E23EC54}.Ad-Hoc|ARM.ActiveCfg = Release|ARM
		{CC3FF47A-D5CD-4D54-9B8A-8D568E23EC54}.Ad-Hoc|ARM.Build.0 = Release|ARM
		{CC3FF47A-D5CD-4D54-9B8A-8D568E23EC54}.Ad-Hoc|ARM.Deploy.0 = Release|ARM
		{CC3FF47A-D5CD-4D54-9B8A-8D568E23EC54}.Ad-Hoc|iPhone.ActiveCfg = Release|Any CPU
		{CC3FF47A-D5CD-4D54-9B8A-8D568E23EC54}.Ad-Hoc|iPhoneSimulator.ActiveCfg = Release|Any CPU
		{CC3FF47A-D5CD-4D54-9B8A-8D568E23EC54}.Ad-Hoc|Mixed Platforms.ActiveCfg = Release|x86
		{CC3FF47A-D5CD-4D54-9B8A-8D568E23EC54}.Ad-Hoc|Mixed Platforms.Build.0 = Release|x86
		{CC3FF47A-D5CD-4D54-9B8A-8D568E23EC54}.Ad-Hoc|Mixed Platforms.Deploy.0 = Release|x86
		{CC3FF47A-D5CD-4D54-9B8A-8D568E23EC54}.Ad-Hoc|x86.ActiveCfg = Release|x86
		{CC3FF47A-D5CD-4D54-9B8A-8D568E23EC54}.Ad-Hoc|x86.Build.0 = Release|x86
		{CC3FF47A-D5CD-4D54-9B8A-8D568E23EC54}.Ad-Hoc|x86.Deploy.0 = Release|x86
		{CC3FF47A-D5CD-4D54-9B8A-8D568E23EC54}.AppStore|Any CPU.ActiveCfg = Release|Any CPU
		{CC3FF47A-D5CD-4D54-9B8A-8D568E23EC54}.AppStore|Any CPU.Build.0 = Release|Any CPU
		{CC3FF47A-D5CD-4D54-9B8A-8D568E23EC54}.AppStore|Any CPU.Deploy.0 = Release|Any CPU
		{CC3FF47A-D5CD-4D54-9B8A-8D568E23EC54}.AppStore|ARM.ActiveCfg = Release|ARM
		{CC3FF47A-D5CD-4D54-9B8A-8D568E23EC54}.AppStore|ARM.Build.0 = Release|ARM
		{CC3FF47A-D5CD-4D54-9B8A-8D568E23EC54}.AppStore|ARM.Deploy.0 = Release|ARM
		{CC3FF47A-D5CD-4D54-9B8A-8D568E23EC54}.AppStore|iPhone.ActiveCfg = Release|Any CPU
		{CC3FF47A-D5CD-4D54-9B8A-8D568E23EC54}.AppStore|iPhoneSimulator.ActiveCfg = Release|Any CPU
		{CC3FF47A-D5CD-4D54-9B8A-8D568E23EC54}.AppStore|Mixed Platforms.ActiveCfg = Release|x86
		{CC3FF47A-D5CD-4D54-9B8A-8D568E23EC54}.AppStore|Mixed Platforms.Build.0 = Release|x86
		{CC3FF47A-D5CD-4D54-9B8A-8D568E23EC54}.AppStore|Mixed Platforms.Deploy.0 = Release|x86
		{CC3FF47A-D5CD-4D54-9B8A-8D568E23EC54}.AppStore|x86.ActiveCfg = Release|x86
		{CC3FF47A-D5CD-4D54-9B8A-8D568E23EC54}.AppStore|x86.Build.0 = Release|x86
		{CC3FF47A-D5CD-4D54-9B8A-8D568E23EC54}.AppStore|x86.Deploy.0 = Release|x86
		{CC3FF47A-D5CD-4D54-9B8A-8D568E23EC54}.Debug|Any CPU.ActiveCfg = Debug|Any CPU
		{CC3FF47A-D5CD-4D54-9B8A-8D568E23EC54}.Debug|Any CPU.Build.0 = Debug|Any CPU
		{CC3FF47A-D5CD-4D54-9B8A-8D568E23EC54}.Debug|Any CPU.Deploy.0 = Debug|Any CPU
		{CC3FF47A-D5CD-4D54-9B8A-8D568E23EC54}.Debug|ARM.ActiveCfg = Debug|ARM
		{CC3FF47A-D5CD-4D54-9B8A-8D568E23EC54}.Debug|ARM.Build.0 = Debug|ARM
		{CC3FF47A-D5CD-4D54-9B8A-8D568E23EC54}.Debug|ARM.Deploy.0 = Debug|ARM
		{CC3FF47A-D5CD-4D54-9B8A-8D568E23EC54}.Debug|iPhone.ActiveCfg = Debug|Any CPU
		{CC3FF47A-D5CD-4D54-9B8A-8D568E23EC54}.Debug|iPhoneSimulator.ActiveCfg = Debug|Any CPU
		{CC3FF47A-D5CD-4D54-9B8A-8D568E23EC54}.Debug|Mixed Platforms.ActiveCfg = Debug|x86
		{CC3FF47A-D5CD-4D54-9B8A-8D568E23EC54}.Debug|Mixed Platforms.Build.0 = Debug|x86
		{CC3FF47A-D5CD-4D54-9B8A-8D568E23EC54}.Debug|Mixed Platforms.Deploy.0 = Debug|x86
		{CC3FF47A-D5CD-4D54-9B8A-8D568E23EC54}.Debug|x86.ActiveCfg = Debug|x86
		{CC3FF47A-D5CD-4D54-9B8A-8D568E23EC54}.Debug|x86.Build.0 = Debug|x86
		{CC3FF47A-D5CD-4D54-9B8A-8D568E23EC54}.Debug|x86.Deploy.0 = Debug|x86
		{CC3FF47A-D5CD-4D54-9B8A-8D568E23EC54}.Release|Any CPU.ActiveCfg = Release|Any CPU
		{CC3FF47A-D5CD-4D54-9B8A-8D568E23EC54}.Release|Any CPU.Build.0 = Release|Any CPU
		{CC3FF47A-D5CD-4D54-9B8A-8D568E23EC54}.Release|Any CPU.Deploy.0 = Release|Any CPU
		{CC3FF47A-D5CD-4D54-9B8A-8D568E23EC54}.Release|ARM.ActiveCfg = Release|ARM
		{CC3FF47A-D5CD-4D54-9B8A-8D568E23EC54}.Release|ARM.Build.0 = Release|ARM
		{CC3FF47A-D5CD-4D54-9B8A-8D568E23EC54}.Release|ARM.Deploy.0 = Release|ARM
		{CC3FF47A-D5CD-4D54-9B8A-8D568E23EC54}.Release|iPhone.ActiveCfg = Release|Any CPU
		{CC3FF47A-D5CD-4D54-9B8A-8D568E23EC54}.Release|iPhoneSimulator.ActiveCfg = Release|Any CPU
		{CC3FF47A-D5CD-4D54-9B8A-8D568E23EC54}.Release|Mixed Platforms.ActiveCfg = Release|x86
		{CC3FF47A-D5CD-4D54-9B8A-8D568E23EC54}.Release|Mixed Platforms.Build.0 = Release|x86
		{CC3FF47A-D5CD-4D54-9B8A-8D568E23EC54}.Release|Mixed Platforms.Deploy.0 = Release|x86
		{CC3FF47A-D5CD-4D54-9B8A-8D568E23EC54}.Release|x86.ActiveCfg = Release|x86
		{CC3FF47A-D5CD-4D54-9B8A-8D568E23EC54}.Release|x86.Build.0 = Release|x86
		{CC3FF47A-D5CD-4D54-9B8A-8D568E23EC54}.Release|x86.Deploy.0 = Release|x86
		{7B5EAAC9-3C8B-4EA8-847C-7FE52AEE8750}.Ad-Hoc|Any CPU.ActiveCfg = Release|Any CPU
		{7B5EAAC9-3C8B-4EA8-847C-7FE52AEE8750}.Ad-Hoc|Any CPU.Build.0 = Release|Any CPU
		{7B5EAAC9-3C8B-4EA8-847C-7FE52AEE8750}.Ad-Hoc|ARM.ActiveCfg = Release|Any CPU
		{7B5EAAC9-3C8B-4EA8-847C-7FE52AEE8750}.Ad-Hoc|iPhone.ActiveCfg = Release|Any CPU
		{7B5EAAC9-3C8B-4EA8-847C-7FE52AEE8750}.Ad-Hoc|iPhoneSimulator.ActiveCfg = Release|Any CPU
		{7B5EAAC9-3C8B-4EA8-847C-7FE52AEE8750}.Ad-Hoc|Mixed Platforms.ActiveCfg = Release|Any CPU
		{7B5EAAC9-3C8B-4EA8-847C-7FE52AEE8750}.Ad-Hoc|Mixed Platforms.Build.0 = Release|Any CPU
		{7B5EAAC9-3C8B-4EA8-847C-7FE52AEE8750}.Ad-Hoc|x86.ActiveCfg = Release|Any CPU
		{7B5EAAC9-3C8B-4EA8-847C-7FE52AEE8750}.AppStore|Any CPU.ActiveCfg = Release|Any CPU
		{7B5EAAC9-3C8B-4EA8-847C-7FE52AEE8750}.AppStore|Any CPU.Build.0 = Release|Any CPU
		{7B5EAAC9-3C8B-4EA8-847C-7FE52AEE8750}.AppStore|ARM.ActiveCfg = Release|Any CPU
		{7B5EAAC9-3C8B-4EA8-847C-7FE52AEE8750}.AppStore|iPhone.ActiveCfg = Release|Any CPU
		{7B5EAAC9-3C8B-4EA8-847C-7FE52AEE8750}.AppStore|iPhoneSimulator.ActiveCfg = Release|Any CPU
		{7B5EAAC9-3C8B-4EA8-847C-7FE52AEE8750}.AppStore|Mixed Platforms.ActiveCfg = Release|Any CPU
		{7B5EAAC9-3C8B-4EA8-847C-7FE52AEE8750}.AppStore|Mixed Platforms.Build.0 = Release|Any CPU
		{7B5EAAC9-3C8B-4EA8-847C-7FE52AEE8750}.AppStore|x86.ActiveCfg = Release|Any CPU
		{7B5EAAC9-3C8B-4EA8-847C-7FE52AEE8750}.Debug|Any CPU.ActiveCfg = Debug|Any CPU
		{7B5EAAC9-3C8B-4EA8-847C-7FE52AEE8750}.Debug|Any CPU.Build.0 = Debug|Any CPU
		{7B5EAAC9-3C8B-4EA8-847C-7FE52AEE8750}.Debug|ARM.ActiveCfg = Debug|Any CPU
		{7B5EAAC9-3C8B-4EA8-847C-7FE52AEE8750}.Debug|iPhone.ActiveCfg = Debug|Any CPU
		{7B5EAAC9-3C8B-4EA8-847C-7FE52AEE8750}.Debug|iPhoneSimulator.ActiveCfg = Debug|Any CPU
		{7B5EAAC9-3C8B-4EA8-847C-7FE52AEE8750}.Debug|Mixed Platforms.ActiveCfg = Debug|Any CPU
		{7B5EAAC9-3C8B-4EA8-847C-7FE52AEE8750}.Debug|Mixed Platforms.Build.0 = Debug|Any CPU
		{7B5EAAC9-3C8B-4EA8-847C-7FE52AEE8750}.Debug|x86.ActiveCfg = Debug|Any CPU
		{7B5EAAC9-3C8B-4EA8-847C-7FE52AEE8750}.Release|Any CPU.ActiveCfg = Release|Any CPU
		{7B5EAAC9-3C8B-4EA8-847C-7FE52AEE8750}.Release|Any CPU.Build.0 = Release|Any CPU
		{7B5EAAC9-3C8B-4EA8-847C-7FE52AEE8750}.Release|ARM.ActiveCfg = Release|Any CPU
		{7B5EAAC9-3C8B-4EA8-847C-7FE52AEE8750}.Release|iPhone.ActiveCfg = Release|Any CPU
		{7B5EAAC9-3C8B-4EA8-847C-7FE52AEE8750}.Release|iPhoneSimulator.ActiveCfg = Release|Any CPU
		{7B5EAAC9-3C8B-4EA8-847C-7FE52AEE8750}.Release|Mixed Platforms.ActiveCfg = Release|Any CPU
		{7B5EAAC9-3C8B-4EA8-847C-7FE52AEE8750}.Release|Mixed Platforms.Build.0 = Release|Any CPU
		{7B5EAAC9-3C8B-4EA8-847C-7FE52AEE8750}.Release|x86.ActiveCfg = Release|Any CPU
	EndGlobalSection
	GlobalSection(SolutionProperties) = preSolution
		HideSolutionNode = FALSE
	EndGlobalSection
	GlobalSection(NestedProjects) = preSolution
		{E25BAA0C-4F6C-42FF-A1CC-CE5DF4B228A2} = {EA190417-AA10-4349-9628-9CD85EFF4C8E}
		{489E10B0-1EBA-484E-BE1E-11C533CB00CF} = {E25BAA0C-4F6C-42FF-A1CC-CE5DF4B228A2}
		{C62D4EAF-4EE1-4F2E-96EA-0C630FFD59EB} = {E25BAA0C-4F6C-42FF-A1CC-CE5DF4B228A2}
		{C0879B51-2AF2-4D83-A239-4B7F0BD1D039} = {E25BAA0C-4F6C-42FF-A1CC-CE5DF4B228A2}
		{2AA2710F-D35F-4A63-96C8-5BE02B16AD03} = {E25BAA0C-4F6C-42FF-A1CC-CE5DF4B228A2}
		{075008BC-66B0-436E-9BB2-897C2D1FB2D0} = {E25BAA0C-4F6C-42FF-A1CC-CE5DF4B228A2}
		{140694A6-E80E-4C42-8E66-F043019608A3} = {E25BAA0C-4F6C-42FF-A1CC-CE5DF4B228A2}
		{29481033-93DB-4905-BBF3-26D69F9071DF} = {E25BAA0C-4F6C-42FF-A1CC-CE5DF4B228A2}
		{C74E76C5-8E76-4B4F-A3EA-E921D912DAFF} = {E25BAA0C-4F6C-42FF-A1CC-CE5DF4B228A2}
		{21317CE8-3E82-4CDE-8C7B-235E077013FC} = {EA190417-AA10-4349-9628-9CD85EFF4C8E}
		{3C7D76AD-3B68-4EB6-9A15-560D4773FB24} = {DA343BB8-D205-47C2-A8C5-463662156E22}
		{3466015A-0C4A-429D-A7C3-A46F11682FFF} = {DA343BB8-D205-47C2-A8C5-463662156E22}
		{D5B025A4-66D4-4300-A01C-B74D7749D8D3} = {761C9981-B195-4ADB-88E7-55E14363C81B}
		{EBFB7545-E952-4530-A119-9AF7E9177BD2} = {D5B025A4-66D4-4300-A01C-B74D7749D8D3}
		{FE47FA16-5FC0-4E41-8517-DABBA679779F} = {761C9981-B195-4ADB-88E7-55E14363C81B}
		{66161CD7-D1DF-4C7D-A374-06E9AD489498} = {FE47FA16-5FC0-4E41-8517-DABBA679779F}
		{1AA6C8A9-60E3-4AC5-9D25-BA336E0004B5} = {FE47FA16-5FC0-4E41-8517-DABBA679779F}
		{E54C0B09-DB27-436C-A4C2-8D0704EE5B8D} = {5CEE0E3C-B9AB-41CE-9CD4-13B70F827CDE}
		{89AA305D-AD29-4D2C-955D-15FC41DA8238} = {5CEE0E3C-B9AB-41CE-9CD4-13B70F827CDE}
		{CC3FF47A-D5CD-4D54-9B8A-8D568E23EC54} = {FE47FA16-5FC0-4E41-8517-DABBA679779F}
		{7B5EAAC9-3C8B-4EA8-847C-7FE52AEE8750} = {3BCA14E3-321F-42AE-8084-D8E6221EDE76}
	EndGlobalSection
	GlobalSection(MonoDevelopProperties) = preSolution
		StartupItem = FoodSearch.Presentation.Mobile.Android\FoodSearch.Presentation.Mobile.Android.csproj
	EndGlobalSection
EndGlobal
