
Microsoft Visual Studio Solution File, Format Version 12.00
# Visual Studio 2012
VisualStudioVersion = {0}
MinimumVisualStudioVersion = {0}
Project("{2150E333-8FDC-42A3-9474-1A3956D46DE8}") = "BusinessLogic", "BusinessLogic", "{EA190417-AA10-4349-9628-9CD85EFF4C8E}"
EndProject
Project("{2150E333-8FDC-42A3-9474-1A3956D46DE8}") = "Domain", "Domain", "{E25BAA0C-4F6C-42FF-A1CC-CE5DF4B228A2}"
EndProject
Project("{FAE04EC0-301F-11D3-BF4B-00C04F79EFBC}") = "FoodSearch.BusinessLogic.Domain.FoodSearch", "FoodSearch.BusinessLogic.Domain.FoodSearch\FoodSearch.BusinessLogic.Domain.FoodSearch.csproj", "{489E10B0-1EBA-484E-BE1E-11C533CB00CF}"
EndProject
Project("{FAE04EC0-301F-11D3-BF4B-00C04F79EFBC}") = "FoodSearch.BusinessLogic.Domain.User", "FoodSearch.BusinessLogic.Domain.User\FoodSearch.BusinessLogic.Domain.User.csproj", "{C62D4EAF-4EE1-4F2E-96EA-0C630FFD59EB}"
EndProject
Project("{FAE04EC0-301F-11D3-BF4B-00C04F79EFBC}") = "FoodSearch.BusinessLogic.Domain.Order", "FoodSearch.BusinessLogic.Domain.Order\FoodSearch.BusinessLogic.Domain.Order.csproj", "{C0879B51-2AF2-4D83-A239-4B7F0BD1D039}"
EndProject
Project("{FAE04EC0-301F-11D3-BF4B-00C04F79EFBC}") = "FoodSearch.BusinessLogic.Helpers", "FoodSearch.BusinessLogic.Helpers\FoodSearch.BusinessLogic.Helpers.csproj", "{21317CE8-3E82-4CDE-8C7B-235E077013FC}"
EndProject
Project("{2150E333-8FDC-42A3-9474-1A3956D46DE8}") = "Data", "Data", "{DA343BB8-D205-47C2-A8C5-463662156E22}"
EndProject
Project("{FAE04EC0-301F-11D3-BF4B-00C04F79EFBC}") = "FoodSearch.Data.Mapping", "FoodSearch.Data.Mapping\FoodSearch.Data.Mapping.csproj", "{3C7D76AD-3B68-4EB6-9A15-560D4773FB24}"
EndProject
Project("{2150E333-8FDC-42A3-9474-1A3956D46DE8}") = "Logs", "Logs", "{186AEBDC-6DFE-4E92-BF1D-DACB67E0EC29}"
EndProject
Project("{2150E333-8FDC-42A3-9474-1A3956D46DE8}") = "Presentation", "Presentation", "{761C9981-B195-4ADB-88E7-55E14363C81B}"
EndProject
Project("{2150E333-8FDC-42A3-9474-1A3956D46DE8}") = "Web", "Web", "{D5B025A4-66D4-4300-A01C-B74D7749D8D3}"
EndProject
Project("{FAE04EC0-301F-11D3-BF4B-00C04F79EFBC}") = "FoodSearch.Presentation.Web.Site", "FoodSearch.Presentation.Web.Site\FoodSearch.Presentation.Web.Site.csproj", "{EBFB7545-E952-4530-A119-9AF7E9177BD2}"
EndProject
Project("{2150E333-8FDC-42A3-9474-1A3956D46DE8}") = "Mobile", "Mobile", "{FE47FA16-5FC0-4E41-8517-DABBA679779F}"
EndProject
Project("{FAE04EC0-301F-11D3-BF4B-00C04F79EFBC}") = "FoodSearch.Presentation.Mobile.Common", "FoodSearch.Presentation.Mobile.Common\FoodSearch.Presentation.Mobile.Common.csproj", "{33313CD1-C391-4671-A754-6DA8C2E2D554}"
EndProject
Project("{FAE04EC0-301F-11D3-BF4B-00C04F79EFBC}") = "FoodSearch.Presentation.Mobile.Android", "FoodSearch.Presentation.Mobile.Android\FoodSearch.Presentation.Mobile.Android.csproj", "{ECCC7810-C1B9-4210-AAF1-12C8E5FEDA2E}"
EndProject
Project("{2150E333-8FDC-42A3-9474-1A3956D46DE8}") = "Service", "Service", "{5CEE0E3C-B9AB-41CE-9CD4-13B70F827CDE}"
EndProject
Project("{FAE04EC0-301F-11D3-BF4B-00C04F79EFBC}") = "FoodSearch.Service.Contracts", "FoodSearch.Service.Contracts\FoodSearch.Service.Contracts.csproj", "{0820C8E2-DEAD-43C7-A179-87591C36C4FD}"
EndProject
Project("{FAE04EC0-301F-11D3-BF4B-00C04F79EFBC}") = "FoodSearch.Service.FoodSearchService", "FoodSearch.Service.FoodSearchService\FoodSearch.Service.FoodSearchService.csproj", "{EE613D92-9357-42E6-B50D-21303B399EEE}"
EndProject
Project("{FAE04EC0-301F-11D3-BF4B-00C04F79EFBC}") = "FoodSearch.Service.Client", "FoodSearch.Service.Client\FoodSearch.Service.Client.csproj", "{7E78D290-FDC6-4749-9960-E67520297C77}"
EndProject
Project("{2150E333-8FDC-42A3-9474-1A3956D46DE8}") = "Test", "Test", "{143D4F24-6C0B-419A-8CFF-2C653E9F3D0C}"
EndProject
Project("{FAE04EC0-301F-11D3-BF4B-00C04F79EFBC}") = "FoodSearch.Test.Data.Mapping", "FoodSearch.Test.Data.Mapping\FoodSearch.Test.Data.Mapping.csproj", "{2682EC15-F063-4812-991C-1D56E2AAA7D6}"
EndProject
Project("{FAE04EC0-301F-11D3-BF4B-00C04F79EFBC}") = "FoodSearch.Test.BusinessLogic.Domain", "FoodSearch.Test.BusinessLogic.Domain\FoodSearch.Test.BusinessLogic.Domain.csproj", "{9A7976C5-9E4B-4314-837B-B215EBEB2381}"
EndProject
Global
	GlobalSection(SolutionConfigurationPlatforms) = preSolution
		Debug|Any CPU = Debug|Any CPU
		Debug|ARM = Debug|ARM
		Debug|x86 = Debug|x86
		Release|Any CPU = Release|Any CPU
		Release|ARM = Release|ARM
		Release|x86 = Release|x86
	EndGlobalSection
	GlobalSection(ProjectConfigurationPlatforms) = postSolution
		{0820C8E2-DEAD-43C7-A179-87591C36C4FD}.Debug|Any CPU.ActiveCfg = Debug|Any CPU
		{0820C8E2-DEAD-43C7-A179-87591C36C4FD}.Debug|Any CPU.Build.0 = Debug|Any CPU
		{0820C8E2-DEAD-43C7-A179-87591C36C4FD}.Debug|ARM.ActiveCfg = Debug|Any CPU
		{0820C8E2-DEAD-43C7-A179-87591C36C4FD}.Debug|x86.ActiveCfg = Debug|Any CPU
		{0820C8E2-DEAD-43C7-A179-87591C36C4FD}.Release|Any CPU.ActiveCfg = Release|Any CPU
		{0820C8E2-DEAD-43C7-A179-87591C36C4FD}.Release|Any CPU.Build.0 = Release|Any CPU
		{0820C8E2-DEAD-43C7-A179-87591C36C4FD}.Release|ARM.ActiveCfg = Release|Any CPU
		{0820C8E2-DEAD-43C7-A179-87591C36C4FD}.Release|x86.ActiveCfg = Release|Any CPU
		{21317CE8-3E82-4CDE-8C7B-235E077013FC}.Debug|Any CPU.ActiveCfg = Debug|Any CPU
		{21317CE8-3E82-4CDE-8C7B-235E077013FC}.Debug|Any CPU.Build.0 = Debug|Any CPU
		{21317CE8-3E82-4CDE-8C7B-235E077013FC}.Debug|ARM.ActiveCfg = Debug|Any CPU
		{21317CE8-3E82-4CDE-8C7B-235E077013FC}.Debug|x86.ActiveCfg = Debug|Any CPU
		{21317CE8-3E82-4CDE-8C7B-235E077013FC}.Release|Any CPU.ActiveCfg = Release|Any CPU
		{21317CE8-3E82-4CDE-8C7B-235E077013FC}.Release|Any CPU.Build.0 = Release|Any CPU
		{21317CE8-3E82-4CDE-8C7B-235E077013FC}.Release|ARM.ActiveCfg = Release|Any CPU
		{21317CE8-3E82-4CDE-8C7B-235E077013FC}.Release|x86.ActiveCfg = Release|Any CPU
		{2682EC15-F063-4812-991C-1D56E2AAA7D6}.Debug|Any CPU.ActiveCfg = Debug|Any CPU
		{2682EC15-F063-4812-991C-1D56E2AAA7D6}.Debug|Any CPU.Build.0 = Debug|Any CPU
		{2682EC15-F063-4812-991C-1D56E2AAA7D6}.Debug|ARM.ActiveCfg = Debug|Any CPU
		{2682EC15-F063-4812-991C-1D56E2AAA7D6}.Debug|x86.ActiveCfg = Debug|Any CPU
		{2682EC15-F063-4812-991C-1D56E2AAA7D6}.Release|Any CPU.ActiveCfg = Release|Any CPU
		{2682EC15-F063-4812-991C-1D56E2AAA7D6}.Release|Any CPU.Build.0 = Release|Any CPU
		{2682EC15-F063-4812-991C-1D56E2AAA7D6}.Release|ARM.ActiveCfg = Release|Any CPU
		{2682EC15-F063-4812-991C-1D56E2AAA7D6}.Release|x86.ActiveCfg = Release|Any CPU
		{33313CD1-C391-4671-A754-6DA8C2E2D554}.Debug|Any CPU.ActiveCfg = Debug|Any CPU
		{33313CD1-C391-4671-A754-6DA8C2E2D554}.Debug|Any CPU.Build.0 = Debug|Any CPU
		{33313CD1-C391-4671-A754-6DA8C2E2D554}.Debug|ARM.ActiveCfg = Debug|Any CPU
		{33313CD1-C391-4671-A754-6DA8C2E2D554}.Debug|x86.ActiveCfg = Debug|Any CPU
		{33313CD1-C391-4671-A754-6DA8C2E2D554}.Release|Any CPU.ActiveCfg = Release|Any CPU
		{33313CD1-C391-4671-A754-6DA8C2E2D554}.Release|Any CPU.Build.0 = Release|Any CPU
		{33313CD1-C391-4671-A754-6DA8C2E2D554}.Release|ARM.ActiveCfg = Release|Any CPU
		{33313CD1-C391-4671-A754-6DA8C2E2D554}.Release|x86.ActiveCfg = Release|Any CPU
		{3C7D76AD-3B68-4EB6-9A15-560D4773FB24}.Debug|Any CPU.ActiveCfg = Debug|Any CPU
		{3C7D76AD-3B68-4EB6-9A15-560D4773FB24}.Debug|Any CPU.Build.0 = Debug|Any CPU
		{3C7D76AD-3B68-4EB6-9A15-560D4773FB24}.Debug|ARM.ActiveCfg = Debug|Any CPU
		{3C7D76AD-3B68-4EB6-9A15-560D4773FB24}.Debug|x86.ActiveCfg = Debug|Any CPU
		{3C7D76AD-3B68-4EB6-9A15-560D4773FB24}.Release|Any CPU.ActiveCfg = Release|Any CPU
		{3C7D76AD-3B68-4EB6-9A15-560D4773FB24}.Release|Any CPU.Build.0 = Release|Any CPU
		{3C7D76AD-3B68-4EB6-9A15-560D4773FB24}.Release|ARM.ActiveCfg = Release|Any CPU
		{3C7D76AD-3B68-4EB6-9A15-560D4773FB24}.Release|x86.ActiveCfg = Release|Any CPU
		{489E10B0-1EBA-484E-BE1E-11C533CB00CF}.Debug|Any CPU.ActiveCfg = Debug|Any CPU
		{489E10B0-1EBA-484E-BE1E-11C533CB00CF}.Debug|Any CPU.Build.0 = Debug|Any CPU
		{489E10B0-1EBA-484E-BE1E-11C533CB00CF}.Debug|ARM.ActiveCfg = Debug|Any CPU
		{489E10B0-1EBA-484E-BE1E-11C533CB00CF}.Debug|x86.ActiveCfg = Debug|Any CPU
		{489E10B0-1EBA-484E-BE1E-11C533CB00CF}.Release|Any CPU.ActiveCfg = Release|Any CPU
		{489E10B0-1EBA-484E-BE1E-11C533CB00CF}.Release|Any CPU.Build.0 = Release|Any CPU
		{489E10B0-1EBA-484E-BE1E-11C533CB00CF}.Release|ARM.ActiveCfg = Release|Any CPU
		{489E10B0-1EBA-484E-BE1E-11C533CB00CF}.Release|x86.ActiveCfg = Release|Any CPU
		{7E78D290-FDC6-4749-9960-E67520297C77}.Debug|Any CPU.ActiveCfg = Debug|Any CPU
		{7E78D290-FDC6-4749-9960-E67520297C77}.Debug|Any CPU.Build.0 = Debug|Any CPU
		{7E78D290-FDC6-4749-9960-E67520297C77}.Debug|ARM.ActiveCfg = Debug|Any CPU
		{7E78D290-FDC6-4749-9960-E67520297C77}.Debug|x86.ActiveCfg = Debug|Any CPU
		{7E78D290-FDC6-4749-9960-E67520297C77}.Release|Any CPU.ActiveCfg = Release|Any CPU
		{7E78D290-FDC6-4749-9960-E67520297C77}.Release|Any CPU.Build.0 = Release|Any CPU
		{7E78D290-FDC6-4749-9960-E67520297C77}.Release|ARM.ActiveCfg = Release|Any CPU
		{7E78D290-FDC6-4749-9960-E67520297C77}.Release|x86.ActiveCfg = Release|Any CPU
		{9A7976C5-9E4B-4314-837B-B215EBEB2381}.Debug|Any CPU.ActiveCfg = Debug|Any CPU
		{9A7976C5-9E4B-4314-837B-B215EBEB2381}.Debug|Any CPU.Build.0 = Debug|Any CPU
		{9A7976C5-9E4B-4314-837B-B215EBEB2381}.Debug|ARM.ActiveCfg = Debug|Any CPU
		{9A7976C5-9E4B-4314-837B-B215EBEB2381}.Debug|x86.ActiveCfg = Debug|Any CPU
		{9A7976C5-9E4B-4314-837B-B215EBEB2381}.Release|Any CPU.ActiveCfg = Release|Any CPU
		{9A7976C5-9E4B-4314-837B-B215EBEB2381}.Release|Any CPU.Build.0 = Release|Any CPU
		{9A7976C5-9E4B-4314-837B-B215EBEB2381}.Release|ARM.ActiveCfg = Release|Any CPU
		{9A7976C5-9E4B-4314-837B-B215EBEB2381}.Release|x86.ActiveCfg = Release|Any CPU
		{C0879B51-2AF2-4D83-A239-4B7F0BD1D039}.Debug|Any CPU.ActiveCfg = Debug|Any CPU
		{C0879B51-2AF2-4D83-A239-4B7F0BD1D039}.Debug|Any CPU.Build.0 = Debug|Any CPU
		{C0879B51-2AF2-4D83-A239-4B7F0BD1D039}.Debug|ARM.ActiveCfg = Debug|Any CPU
		{C0879B51-2AF2-4D83-A239-4B7F0BD1D039}.Debug|x86.ActiveCfg = Debug|Any CPU
		{C0879B51-2AF2-4D83-A239-4B7F0BD1D039}.Release|Any CPU.ActiveCfg = Release|Any CPU
		{C0879B51-2AF2-4D83-A239-4B7F0BD1D039}.Release|Any CPU.Build.0 = Release|Any CPU
		{C0879B51-2AF2-4D83-A239-4B7F0BD1D039}.Release|ARM.ActiveCfg = Release|Any CPU
		{C0879B51-2AF2-4D83-A239-4B7F0BD1D039}.Release|x86.ActiveCfg = Release|Any CPU
		{C62D4EAF-4EE1-4F2E-96EA-0C630FFD59EB}.Debug|Any CPU.ActiveCfg = Debug|Any CPU
		{C62D4EAF-4EE1-4F2E-96EA-0C630FFD59EB}.Debug|Any CPU.Build.0 = Debug|Any CPU
		{C62D4EAF-4EE1-4F2E-96EA-0C630FFD59EB}.Debug|ARM.ActiveCfg = Debug|Any CPU
		{C62D4EAF-4EE1-4F2E-96EA-0C630FFD59EB}.Debug|x86.ActiveCfg = Debug|Any CPU
		{C62D4EAF-4EE1-4F2E-96EA-0C630FFD59EB}.Release|Any CPU.ActiveCfg = Release|Any CPU
		{C62D4EAF-4EE1-4F2E-96EA-0C630FFD59EB}.Release|Any CPU.Build.0 = Release|Any CPU
		{C62D4EAF-4EE1-4F2E-96EA-0C630FFD59EB}.Release|ARM.ActiveCfg = Release|Any CPU
		{C62D4EAF-4EE1-4F2E-96EA-0C630FFD59EB}.Release|x86.ActiveCfg = Release|Any CPU
		{EBFB7545-E952-4530-A119-9AF7E9177BD2}.Debug|Any CPU.ActiveCfg = Debug|Any CPU
		{EBFB7545-E952-4530-A119-9AF7E9177BD2}.Debug|Any CPU.Build.0 = Debug|Any CPU
		{EBFB7545-E952-4530-A119-9AF7E9177BD2}.Debug|ARM.ActiveCfg = Debug|Any CPU
		{EBFB7545-E952-4530-A119-9AF7E9177BD2}.Debug|x86.ActiveCfg = Debug|Any CPU
		{EBFB7545-E952-4530-A119-9AF7E9177BD2}.Release|Any CPU.ActiveCfg = Release|Any CPU
		{EBFB7545-E952-4530-A119-9AF7E9177BD2}.Release|Any CPU.Build.0 = Release|Any CPU
		{EBFB7545-E952-4530-A119-9AF7E9177BD2}.Release|ARM.ActiveCfg = Release|Any CPU
		{EBFB7545-E952-4530-A119-9AF7E9177BD2}.Release|x86.ActiveCfg = Release|Any CPU
		{ECCC7810-C1B9-4210-AAF1-12C8E5FEDA2E}.Debug|Any CPU.ActiveCfg = Debug|Any CPU
		{ECCC7810-C1B9-4210-AAF1-12C8E5FEDA2E}.Debug|Any CPU.Build.0 = Debug|Any CPU
		{ECCC7810-C1B9-4210-AAF1-12C8E5FEDA2E}.Debug|ARM.ActiveCfg = Debug|Any CPU
		{ECCC7810-C1B9-4210-AAF1-12C8E5FEDA2E}.Debug|ARM.Build.0 = Debug|Any CPU
		{ECCC7810-C1B9-4210-AAF1-12C8E5FEDA2E}.Debug|x86.ActiveCfg = Debug|Any CPU
		{ECCC7810-C1B9-4210-AAF1-12C8E5FEDA2E}.Debug|x86.Build.0 = Debug|Any CPU
		{ECCC7810-C1B9-4210-AAF1-12C8E5FEDA2E}.Release|Any CPU.ActiveCfg = Release|Any CPU
		{ECCC7810-C1B9-4210-AAF1-12C8E5FEDA2E}.Release|Any CPU.Build.0 = Release|Any CPU
		{ECCC7810-C1B9-4210-AAF1-12C8E5FEDA2E}.Release|ARM.ActiveCfg = Release|Any CPU
		{ECCC7810-C1B9-4210-AAF1-12C8E5FEDA2E}.Release|ARM.Build.0 = Release|Any CPU
		{ECCC7810-C1B9-4210-AAF1-12C8E5FEDA2E}.Release|x86.ActiveCfg = Release|Any CPU
		{ECCC7810-C1B9-4210-AAF1-12C8E5FEDA2E}.Release|x86.Build.0 = Release|Any CPU
		{EE613D92-9357-42E6-B50D-21303B399EEE}.Debug|Any CPU.ActiveCfg = Debug|Any CPU
		{EE613D92-9357-42E6-B50D-21303B399EEE}.Debug|Any CPU.Build.0 = Debug|Any CPU
		{EE613D92-9357-42E6-B50D-21303B399EEE}.Debug|ARM.ActiveCfg = Debug|Any CPU
		{EE613D92-9357-42E6-B50D-21303B399EEE}.Debug|x86.ActiveCfg = Debug|Any CPU
		{EE613D92-9357-42E6-B50D-21303B399EEE}.Release|Any CPU.ActiveCfg = Release|Any CPU
		{EE613D92-9357-42E6-B50D-21303B399EEE}.Release|Any CPU.Build.0 = Release|Any CPU
		{EE613D92-9357-42E6-B50D-21303B399EEE}.Release|ARM.ActiveCfg = Release|Any CPU
		{EE613D92-9357-42E6-B50D-21303B399EEE}.Release|x86.ActiveCfg = Release|Any CPU
	EndGlobalSection
	GlobalSection(NestedProjects) = preSolution
		{E25BAA0C-4F6C-42FF-A1CC-CE5DF4B228A2} = {EA190417-AA10-4349-9628-9CD85EFF4C8E}
		{21317CE8-3E82-4CDE-8C7B-235E077013FC} = {EA190417-AA10-4349-9628-9CD85EFF4C8E}
		{489E10B0-1EBA-484E-BE1E-11C533CB00CF} = {E25BAA0C-4F6C-42FF-A1CC-CE5DF4B228A2}
		{C62D4EAF-4EE1-4F2E-96EA-0C630FFD59EB} = {E25BAA0C-4F6C-42FF-A1CC-CE5DF4B228A2}
		{C0879B51-2AF2-4D83-A239-4B7F0BD1D039} = {E25BAA0C-4F6C-42FF-A1CC-CE5DF4B228A2}
		{3C7D76AD-3B68-4EB6-9A15-560D4773FB24} = {DA343BB8-D205-47C2-A8C5-463662156E22}
		{D5B025A4-66D4-4300-A01C-B74D7749D8D3} = {761C9981-B195-4ADB-88E7-55E14363C81B}
		{FE47FA16-5FC0-4E41-8517-DABBA679779F} = {761C9981-B195-4ADB-88E7-55E14363C81B}
		{EBFB7545-E952-4530-A119-9AF7E9177BD2} = {D5B025A4-66D4-4300-A01C-B74D7749D8D3}
		{33313CD1-C391-4671-A754-6DA8C2E2D554} = {FE47FA16-5FC0-4E41-8517-DABBA679779F}
		{ECCC7810-C1B9-4210-AAF1-12C8E5FEDA2E} = {FE47FA16-5FC0-4E41-8517-DABBA679779F}
		{0820C8E2-DEAD-43C7-A179-87591C36C4FD} = {5CEE0E3C-B9AB-41CE-9CD4-13B70F827CDE}
		{EE613D92-9357-42E6-B50D-21303B399EEE} = {5CEE0E3C-B9AB-41CE-9CD4-13B70F827CDE}
		{7E78D290-FDC6-4749-9960-E67520297C77} = {5CEE0E3C-B9AB-41CE-9CD4-13B70F827CDE}
		{2682EC15-F063-4812-991C-1D56E2AAA7D6} = {143D4F24-6C0B-419A-8CFF-2C653E9F3D0C}
		{9A7976C5-9E4B-4314-837B-B215EBEB2381} = {143D4F24-6C0B-419A-8CFF-2C653E9F3D0C}
	EndGlobalSection
	GlobalSection(MonoDevelopProperties) = preSolution
		StartupItem = FoodSearch.BusinessLogic.Domain.FoodSearch\FoodSearch.BusinessLogic.Domain.FoodSearch.csproj
	EndGlobalSection
	GlobalSection(SolutionProperties) = preSolution
		HideSolutionNode = FALSE
	EndGlobalSection
EndGlobal
