
Microsoft Visual Studio Solution File, Format Version 12.00
# Visual Studio 2013
VisualStudioVersion = 12.0.30501.0
MinimumVisualStudioVersion = 10.0.40219.1
Project("{2150E333-8FDC-42A3-9474-1A3956D46DE8}") = "BusinessLogic", "BusinessLogic", "{EA190417-AA10-4349-9628-9CD85EFF4C8E}"
EndProject
Project("{2150E333-8FDC-42A3-9474-1A3956D46DE8}") = "Domain", "Domain", "{E25BAA0C-4F6C-42FF-A1CC-CE5DF4B228A2}"
EndProject
Project("{FAE04EC0-301F-11D3-BF4B-00C04F79EFBC}") = "FoodSearch.BusinessLogic.Domain.FoodSearch", "FoodSearch.BusinessLogic.Domain.FoodSearch\FoodSearch.BusinessLogic.Domain.FoodSearch.csproj", "{489E10B0-1EBA-484E-BE1E-11C533CB00CF}"
EndProject
Project("{FAE04EC0-301F-11D3-BF4B-00C04F79EFBC}") = "FoodSearch.BusinessLogic.Domain.User", "FoodSearch.BusinessLogic.Domain.User\FoodSearch.BusinessLogic.Domain.User.csproj", "{C62D4EAF-4EE1-4F2E-96EA-0C630FFD59EB}"
EndProject
Project("{FAE04EC0-301F-11D3-BF4B-00C04F79EFBC}") = "FoodSearch.BusinessLogic.Domain.Order", "FoodSearch.BusinessLogic.Domain.Order\FoodSearch.BusinessLogic.Domain.Order.csproj", "{C0879B51-2AF2-4D83-A239-4B7F0BD1D039}"
EndProject
Project("{FAE04EC0-301F-11D3-BF4B-00C04F79EFBC}") = "FoodSearch.BusinessLogic.Helpers", "FoodSearch.BusinessLogic.Helpers\FoodSearch.BusinessLogic.Helpers.csproj", "{21317CE8-3E82-4CDE-8C7B-235E077013FC}"
EndProject
Project("{2150E333-8FDC-42A3-9474-1A3956D46DE8}") = "Data", "Data", "{DA343BB8-D205-47C2-A8C5-463662156E22}"
EndProject
Project("{FAE04EC0-301F-11D3-BF4B-00C04F79EFBC}") = "FoodSearch.Data.Mapping", "FoodSearch.Data.Mapping\FoodSearch.Data.Mapping.csproj", "{3C7D76AD-3B68-4EB6-9A15-560D4773FB24}"
EndProject
Project("{2150E333-8FDC-42A3-9474-1A3956D46DE8}") = "Logs", "Logs", "{186AEBDC-6DFE-4E92-BF1D-DACB67E0EC29}"
EndProject
Project("{2150E333-8FDC-42A3-9474-1A3956D46DE8}") = "Presentation", "Presentation", "{761C9981-B195-4ADB-88E7-55E14363C81B}"
EndProject
Project("{2150E333-8FDC-42A3-9474-1A3956D46DE8}") = "Web", "Web", "{D5B025A4-66D4-4300-A01C-B74D7749D8D3}"
EndProject
Project("{FAE04EC0-301F-11D3-BF4B-00C04F79EFBC}") = "FoodSearch.Presentation.Web.Site", "FoodSearch.Presentation.Web.Site\FoodSearch.Presentation.Web.Site.csproj", "{EBFB7545-E952-4530-A119-9AF7E9177BD2}"
EndProject
Project("{2150E333-8FDC-42A3-9474-1A3956D46DE8}") = "Mobile", "Mobile", "{FE47FA16-5FC0-4E41-8517-DABBA679779F}"
EndProject
Project("{FAE04EC0-301F-11D3-BF4B-00C04F79EFBC}") = "FoodSearch.Presentation.Mobile.Android", "FoodSearch.Presentation.Mobile.Android\FoodSearch.Presentation.Mobile.Android.csproj", "{ECCC7810-C1B9-4210-AAF1-12C8E5FEDA2E}"
EndProject
Project("{2150E333-8FDC-42A3-9474-1A3956D46DE8}") = "Service", "Service", "{5CEE0E3C-B9AB-41CE-9CD4-13B70F827CDE}"
EndProject
Project("{FAE04EC0-301F-11D3-BF4B-00C04F79EFBC}") = "FoodSearch.Service.Contracts", "FoodSearch.Service.Contracts\FoodSearch.Service.Contracts.csproj", "{0820C8E2-DEAD-43C7-A179-87591C36C4FD}"
EndProject
Project("{FAE04EC0-301F-11D3-BF4B-00C04F79EFBC}") = "FoodSearch.Service.FoodSearchService", "FoodSearch.Service.FoodSearchService\FoodSearch.Service.FoodSearchService.csproj", "{EE613D92-9357-42E6-B50D-21303B399EEE}"
EndProject
Project("{2150E333-8FDC-42A3-9474-1A3956D46DE8}") = "Test", "Test", "{143D4F24-6C0B-419A-8CFF-2C653E9F3D0C}"
EndProject
Project("{FAE04EC0-301F-11D3-BF4B-00C04F79EFBC}") = "FoodSearch.Presentation.Mobile.iOS", "FoodSearch.Presentation.Mobile.iOS\FoodSearch.Presentation.Mobile.iOS.csproj", "{84F47C46-AB0F-49B4-89D3-2D32C2B5B99D}"
EndProject
Project("{FAE04EC0-301F-11D3-BF4B-00C04F79EFBC}") = "FoodSearch.Presentation.Mobile.WP", "FoodSearch.Presentation.Mobile.WP\FoodSearch.Presentation.Mobile.WP.csproj", "{3BC5D5F4-C153-40F0-ACBB-897DECE794A8}"
EndProject
Project("{FAE04EC0-301F-11D3-BF4B-00C04F79EFBC}") = "FoodSearch.Service.Client", "FoodSearch.Service.Client\FoodSearch.Service.Client.csproj", "{5B598A57-E7E2-4780-81CF-7C20CE2CF01A}"
EndProject
Project("{FAE04EC0-301F-11D3-BF4B-00C04F79EFBC}") = "FoodSearch.Presentation.Mobile.Common", "FoodSearch.Presentation.Mobile.Common\FoodSearch.Presentation.Mobile.Common.csproj", "{7FE93E78-FBEF-4D2E-A94A-D40619062088}"
EndProject
Project("{FAE04EC0-301F-11D3-BF4B-00C04F79EFBC}") = "FoodSearch.Data.Mapping.Test", "FoodSearch.Data.Mapping.Test\FoodSearch.Data.Mapping.Test.csproj", "{3466015A-0C4A-429D-A7C3-A46F11682FFF}"
EndProject
Project("{FAE04EC0-301F-11D3-BF4B-00C04F79EFBC}") = "FoodSearch.BusinessLogic.Domain.Test", "FoodSearch.BusinessLogic.Domain.Test\FoodSearch.BusinessLogic.Domain.Test.csproj", "{2AA2710F-D35F-4A63-96C8-5BE02B16AD03}"
EndProject
Project("{FAE04EC0-301F-11D3-BF4B-00C04F79EFBC}") = "FoodSearch.BusinessLogic.Domain.Core", "FoodSearch.BusinessLogic.Domain.Core\FoodSearch.BusinessLogic.Domain.Core.csproj", "{075008BC-66B0-436E-9BB2-897C2D1FB2D0}"
EndProject
Project("{FAE04EC0-301F-11D3-BF4B-00C04F79EFBC}") = "FoodSearch.Service.Test", "FoodSearch.Service.Test\FoodSearch.Service.Test.csproj", "{2B8E9D3B-ADA3-41B6-BA1E-BFF946757838}"
EndProject
Project("{FAE04EC0-301F-11D3-BF4B-00C04F79EFBC}") = "FoodSearch.BusinessLogic.Domain.RestraurantAdmin", "FoodSearch.BusinessLogic.Domain.RestraurantAdmin\FoodSearch.BusinessLogic.Domain.RestraurantAdmin.csproj", "{140694A6-E80E-4C42-8E66-F043019608A3}"
EndProject
Project("{FAE04EC0-301F-11D3-BF4B-00C04F79EFBC}") = "FoodSearch.BusinessLogic.Domain.SiteAdmin", "FoodSearch.BusinessLogic.Domain.SiteAdmin\FoodSearch.BusinessLogic.Domain.SiteAdmin.csproj", "{29481033-93DB-4905-BBF3-26D69F9071DF}"
EndProject
Global
	GlobalSection(SolutionConfigurationPlatforms) = preSolution
		Ad-Hoc|Any CPU = Ad-Hoc|Any CPU
		Ad-Hoc|ARM = Ad-Hoc|ARM
		Ad-Hoc|iPhone = Ad-Hoc|iPhone
		Ad-Hoc|iPhoneSimulator = Ad-Hoc|iPhoneSimulator
		Ad-Hoc|Mixed Platforms = Ad-Hoc|Mixed Platforms
		Ad-Hoc|x86 = Ad-Hoc|x86
		AppStore|Any CPU = AppStore|Any CPU
		AppStore|ARM = AppStore|ARM
		AppStore|iPhone = AppStore|iPhone
		AppStore|iPhoneSimulator = AppStore|iPhoneSimulator
		AppStore|Mixed Platforms = AppStore|Mixed Platforms
		AppStore|x86 = AppStore|x86
		Debug|Any CPU = Debug|Any CPU
		Debug|ARM = Debug|ARM
		Debug|iPhone = Debug|iPhone
		Debug|iPhoneSimulator = Debug|iPhoneSimulator
		Debug|Mixed Platforms = Debug|Mixed Platforms
		Debug|x86 = Debug|x86
		Release|Any CPU = Release|Any CPU
		Release|ARM = Release|ARM
		Release|iPhone = Release|iPhone
		Release|iPhoneSimulator = Release|iPhoneSimulator
		Release|Mixed Platforms = Release|Mixed Platforms
		Release|x86 = Release|x86
	EndGlobalSection
	GlobalSection(ProjectConfigurationPlatforms) = postSolution
		{489E10B0-1EBA-484E-BE1E-11C533CB00CF}.Ad-Hoc|Any CPU.ActiveCfg = Release|Any CPU
		{489E10B0-1EBA-484E-BE1E-11C533CB00CF}.Ad-Hoc|Any CPU.Build.0 = Release|Any CPU
		{489E10B0-1EBA-484E-BE1E-11C533CB00CF}.Ad-Hoc|ARM.ActiveCfg = Release|Any CPU
		{489E10B0-1EBA-484E-BE1E-11C533CB00CF}.Ad-Hoc|iPhone.ActiveCfg = Release|Any CPU
		{489E10B0-1EBA-484E-BE1E-11C533CB00CF}.Ad-Hoc|iPhoneSimulator.ActiveCfg = Release|Any CPU
		{489E10B0-1EBA-484E-BE1E-11C533CB00CF}.Ad-Hoc|Mixed Platforms.ActiveCfg = Release|Any CPU
		{489E10B0-1EBA-484E-BE1E-11C533CB00CF}.Ad-Hoc|Mixed Platforms.Build.0 = Release|Any CPU
		{489E10B0-1EBA-484E-BE1E-11C533CB00CF}.Ad-Hoc|x86.ActiveCfg = Release|Any CPU
		{489E10B0-1EBA-484E-BE1E-11C533CB00CF}.AppStore|Any CPU.ActiveCfg = Release|Any CPU
		{489E10B0-1EBA-484E-BE1E-11C533CB00CF}.AppStore|Any CPU.Build.0 = Release|Any CPU
		{489E10B0-1EBA-484E-BE1E-11C533CB00CF}.AppStore|ARM.ActiveCfg = Release|Any CPU
		{489E10B0-1EBA-484E-BE1E-11C533CB00CF}.AppStore|iPhone.ActiveCfg = Release|Any CPU
		{489E10B0-1EBA-484E-BE1E-11C533CB00CF}.AppStore|iPhoneSimulator.ActiveCfg = Release|Any CPU
		{489E10B0-1EBA-484E-BE1E-11C533CB00CF}.AppStore|Mixed Platforms.ActiveCfg = Release|Any CPU
		{489E10B0-1EBA-484E-BE1E-11C533CB00CF}.AppStore|Mixed Platforms.Build.0 = Release|Any CPU
		{489E10B0-1EBA-484E-BE1E-11C533CB00CF}.AppStore|x86.ActiveCfg = Release|Any CPU
		{489E10B0-1EBA-484E-BE1E-11C533CB00CF}.Debug|Any CPU.ActiveCfg = Debug|Any CPU
		{489E10B0-1EBA-484E-BE1E-11C533CB00CF}.Debug|Any CPU.Build.0 = Debug|Any CPU
		{489E10B0-1EBA-484E-BE1E-11C533CB00CF}.Debug|ARM.ActiveCfg = Debug|Any CPU
		{489E10B0-1EBA-484E-BE1E-11C533CB00CF}.Debug|iPhone.ActiveCfg = Debug|Any CPU
		{489E10B0-1EBA-484E-BE1E-11C533CB00CF}.Debug|iPhoneSimulator.ActiveCfg = Debug|Any CPU
		{489E10B0-1EBA-484E-BE1E-11C533CB00CF}.Debug|Mixed Platforms.ActiveCfg = Debug|Any CPU
		{489E10B0-1EBA-484E-BE1E-11C533CB00CF}.Debug|Mixed Platforms.Build.0 = Debug|Any CPU
		{489E10B0-1EBA-484E-BE1E-11C533CB00CF}.Debug|x86.ActiveCfg = Debug|Any CPU
		{489E10B0-1EBA-484E-BE1E-11C533CB00CF}.Release|Any CPU.ActiveCfg = Release|Any CPU
		{489E10B0-1EBA-484E-BE1E-11C533CB00CF}.Release|Any CPU.Build.0 = Release|Any CPU
		{489E10B0-1EBA-484E-BE1E-11C533CB00CF}.Release|ARM.ActiveCfg = Release|Any CPU
		{489E10B0-1EBA-484E-BE1E-11C533CB00CF}.Release|iPhone.ActiveCfg = Release|Any CPU
		{489E10B0-1EBA-484E-BE1E-11C533CB00CF}.Release|iPhoneSimulator.ActiveCfg = Release|Any CPU
		{489E10B0-1EBA-484E-BE1E-11C533CB00CF}.Release|Mixed Platforms.ActiveCfg = Release|Any CPU
		{489E10B0-1EBA-484E-BE1E-11C533CB00CF}.Release|Mixed Platforms.Build.0 = Release|Any CPU
		{489E10B0-1EBA-484E-BE1E-11C533CB00CF}.Release|x86.ActiveCfg = Release|Any CPU
		{C62D4EAF-4EE1-4F2E-96EA-0C630FFD59EB}.Ad-Hoc|Any CPU.ActiveCfg = Release|Any CPU
		{C62D4EAF-4EE1-4F2E-96EA-0C630FFD59EB}.Ad-Hoc|Any CPU.Build.0 = Release|Any CPU
		{C62D4EAF-4EE1-4F2E-96EA-0C630FFD59EB}.Ad-Hoc|ARM.ActiveCfg = Release|Any CPU
		{C62D4EAF-4EE1-4F2E-96EA-0C630FFD59EB}.Ad-Hoc|iPhone.ActiveCfg = Release|Any CPU
		{C62D4EAF-4EE1-4F2E-96EA-0C630FFD59EB}.Ad-Hoc|iPhoneSimulator.ActiveCfg = Release|Any CPU
		{C62D4EAF-4EE1-4F2E-96EA-0C630FFD59EB}.Ad-Hoc|Mixed Platforms.ActiveCfg = Release|Any CPU
		{C62D4EAF-4EE1-4F2E-96EA-0C630FFD59EB}.Ad-Hoc|Mixed Platforms.Build.0 = Release|Any CPU
		{C62D4EAF-4EE1-4F2E-96EA-0C630FFD59EB}.Ad-Hoc|x86.ActiveCfg = Release|Any CPU
		{C62D4EAF-4EE1-4F2E-96EA-0C630FFD59EB}.AppStore|Any CPU.ActiveCfg = Release|Any CPU
		{C62D4EAF-4EE1-4F2E-96EA-0C630FFD59EB}.AppStore|Any CPU.Build.0 = Release|Any CPU
		{C62D4EAF-4EE1-4F2E-96EA-0C630FFD59EB}.AppStore|ARM.ActiveCfg = Release|Any CPU
		{C62D4EAF-4EE1-4F2E-96EA-0C630FFD59EB}.AppStore|iPhone.ActiveCfg = Release|Any CPU
		{C62D4EAF-4EE1-4F2E-96EA-0C630FFD59EB}.AppStore|iPhoneSimulator.ActiveCfg = Release|Any CPU
		{C62D4EAF-4EE1-4F2E-96EA-0C630FFD59EB}.AppStore|Mixed Platforms.ActiveCfg = Release|Any CPU
		{C62D4EAF-4EE1-4F2E-96EA-0C630FFD59EB}.AppStore|Mixed Platforms.Build.0 = Release|Any CPU
		{C62D4EAF-4EE1-4F2E-96EA-0C630FFD59EB}.AppStore|x86.ActiveCfg = Release|Any CPU
		{C62D4EAF-4EE1-4F2E-96EA-0C630FFD59EB}.Debug|Any CPU.ActiveCfg = Debug|Any CPU
		{C62D4EAF-4EE1-4F2E-96EA-0C630FFD59EB}.Debug|Any CPU.Build.0 = Debug|Any CPU
		{C62D4EAF-4EE1-4F2E-96EA-0C630FFD59EB}.Debug|ARM.ActiveCfg = Debug|Any CPU
		{C62D4EAF-4EE1-4F2E-96EA-0C630FFD59EB}.Debug|iPhone.ActiveCfg = Debug|Any CPU
		{C62D4EAF-4EE1-4F2E-96EA-0C630FFD59EB}.Debug|iPhoneSimulator.ActiveCfg = Debug|Any CPU
		{C62D4EAF-4EE1-4F2E-96EA-0C630FFD59EB}.Debug|Mixed Platforms.ActiveCfg = Debug|Any CPU
		{C62D4EAF-4EE1-4F2E-96EA-0C630FFD59EB}.Debug|Mixed Platforms.Build.0 = Debug|Any CPU
		{C62D4EAF-4EE1-4F2E-96EA-0C630FFD59EB}.Debug|x86.ActiveCfg = Debug|Any CPU
		{C62D4EAF-4EE1-4F2E-96EA-0C630FFD59EB}.Release|Any CPU.ActiveCfg = Release|Any CPU
		{C62D4EAF-4EE1-4F2E-96EA-0C630FFD59EB}.Release|Any CPU.Build.0 = Release|Any CPU
		{C62D4EAF-4EE1-4F2E-96EA-0C630FFD59EB}.Release|ARM.ActiveCfg = Release|Any CPU
		{C62D4EAF-4EE1-4F2E-96EA-0C630FFD59EB}.Release|iPhone.ActiveCfg = Release|Any CPU
		{C62D4EAF-4EE1-4F2E-96EA-0C630FFD59EB}.Release|iPhoneSimulator.ActiveCfg = Release|Any CPU
		{C62D4EAF-4EE1-4F2E-96EA-0C630FFD59EB}.Release|Mixed Platforms.ActiveCfg = Release|Any CPU
		{C62D4EAF-4EE1-4F2E-96EA-0C630FFD59EB}.Release|Mixed Platforms.Build.0 = Release|Any CPU
		{C62D4EAF-4EE1-4F2E-96EA-0C630FFD59EB}.Release|x86.ActiveCfg = Release|Any CPU
		{C0879B51-2AF2-4D83-A239-4B7F0BD1D039}.Ad-Hoc|Any CPU.ActiveCfg = Release|Any CPU
		{C0879B51-2AF2-4D83-A239-4B7F0BD1D039}.Ad-Hoc|Any CPU.Build.0 = Release|Any CPU
		{C0879B51-2AF2-4D83-A239-4B7F0BD1D039}.Ad-Hoc|ARM.ActiveCfg = Release|Any CPU
		{C0879B51-2AF2-4D83-A239-4B7F0BD1D039}.Ad-Hoc|iPhone.ActiveCfg = Release|Any CPU
		{C0879B51-2AF2-4D83-A239-4B7F0BD1D039}.Ad-Hoc|iPhoneSimulator.ActiveCfg = Release|Any CPU
		{C0879B51-2AF2-4D83-A239-4B7F0BD1D039}.Ad-Hoc|Mixed Platforms.ActiveCfg = Release|Any CPU
		{C0879B51-2AF2-4D83-A239-4B7F0BD1D039}.Ad-Hoc|Mixed Platforms.Build.0 = Release|Any CPU
		{C0879B51-2AF2-4D83-A239-4B7F0BD1D039}.Ad-Hoc|x86.ActiveCfg = Release|Any CPU
		{C0879B51-2AF2-4D83-A239-4B7F0BD1D039}.AppStore|Any CPU.ActiveCfg = Release|Any CPU
		{C0879B51-2AF2-4D83-A239-4B7F0BD1D039}.AppStore|Any CPU.Build.0 = Release|Any CPU
		{C0879B51-2AF2-4D83-A239-4B7F0BD1D039}.AppStore|ARM.ActiveCfg = Release|Any CPU
		{C0879B51-2AF2-4D83-A239-4B7F0BD1D039}.AppStore|iPhone.ActiveCfg = Release|Any CPU
		{C0879B51-2AF2-4D83-A239-4B7F0BD1D039}.AppStore|iPhoneSimulator.ActiveCfg = Release|Any CPU
		{C0879B51-2AF2-4D83-A239-4B7F0BD1D039}.AppStore|Mixed Platforms.ActiveCfg = Release|Any CPU
		{C0879B51-2AF2-4D83-A239-4B7F0BD1D039}.AppStore|Mixed Platforms.Build.0 = Release|Any CPU
		{C0879B51-2AF2-4D83-A239-4B7F0BD1D039}.AppStore|x86.ActiveCfg = Release|Any CPU
		{C0879B51-2AF2-4D83-A239-4B7F0BD1D039}.Debug|Any CPU.ActiveCfg = Debug|Any CPU
		{C0879B51-2AF2-4D83-A239-4B7F0BD1D039}.Debug|Any CPU.Build.0 = Debug|Any CPU
		{C0879B51-2AF2-4D83-A239-4B7F0BD1D039}.Debug|ARM.ActiveCfg = Debug|Any CPU
		{C0879B51-2AF2-4D83-A239-4B7F0BD1D039}.Debug|iPhone.ActiveCfg = Debug|Any CPU
		{C0879B51-2AF2-4D83-A239-4B7F0BD1D039}.Debug|iPhoneSimulator.ActiveCfg = Debug|Any CPU
		{C0879B51-2AF2-4D83-A239-4B7F0BD1D039}.Debug|Mixed Platforms.ActiveCfg = Debug|Any CPU
		{C0879B51-2AF2-4D83-A239-4B7F0BD1D039}.Debug|Mixed Platforms.Build.0 = Debug|Any CPU
		{C0879B51-2AF2-4D83-A239-4B7F0BD1D039}.Debug|x86.ActiveCfg = Debug|Any CPU
		{C0879B51-2AF2-4D83-A239-4B7F0BD1D039}.Release|Any CPU.ActiveCfg = Release|Any CPU
		{C0879B51-2AF2-4D83-A239-4B7F0BD1D039}.Release|Any CPU.Build.0 = Release|Any CPU
		{C0879B51-2AF2-4D83-A239-4B7F0BD1D039}.Release|ARM.ActiveCfg = Release|Any CPU
		{C0879B51-2AF2-4D83-A239-4B7F0BD1D039}.Release|iPhone.ActiveCfg = Release|Any CPU
		{C0879B51-2AF2-4D83-A239-4B7F0BD1D039}.Release|iPhoneSimulator.ActiveCfg = Release|Any CPU
		{C0879B51-2AF2-4D83-A239-4B7F0BD1D039}.Release|Mixed Platforms.ActiveCfg = Release|Any CPU
		{C0879B51-2AF2-4D83-A239-4B7F0BD1D039}.Release|Mixed Platforms.Build.0 = Release|Any CPU
		{C0879B51-2AF2-4D83-A239-4B7F0BD1D039}.Release|x86.ActiveCfg = Release|Any CPU
		{21317CE8-3E82-4CDE-8C7B-235E077013FC}.Ad-Hoc|Any CPU.ActiveCfg = Release|Any CPU
		{21317CE8-3E82-4CDE-8C7B-235E077013FC}.Ad-Hoc|Any CPU.Build.0 = Release|Any CPU
		{21317CE8-3E82-4CDE-8C7B-235E077013FC}.Ad-Hoc|ARM.ActiveCfg = Release|Any CPU
		{21317CE8-3E82-4CDE-8C7B-235E077013FC}.Ad-Hoc|iPhone.ActiveCfg = Release|Any CPU
		{21317CE8-3E82-4CDE-8C7B-235E077013FC}.Ad-Hoc|iPhoneSimulator.ActiveCfg = Release|Any CPU
		{21317CE8-3E82-4CDE-8C7B-235E077013FC}.Ad-Hoc|Mixed Platforms.ActiveCfg = Release|Any CPU
		{21317CE8-3E82-4CDE-8C7B-235E077013FC}.Ad-Hoc|Mixed Platforms.Build.0 = Release|Any CPU
		{21317CE8-3E82-4CDE-8C7B-235E077013FC}.Ad-Hoc|x86.ActiveCfg = Release|Any CPU
		{21317CE8-3E82-4CDE-8C7B-235E077013FC}.AppStore|Any CPU.ActiveCfg = Release|Any CPU
		{21317CE8-3E82-4CDE-8C7B-235E077013FC}.AppStore|Any CPU.Build.0 = Release|Any CPU
		{21317CE8-3E82-4CDE-8C7B-235E077013FC}.AppStore|ARM.ActiveCfg = Release|Any CPU
		{21317CE8-3E82-4CDE-8C7B-235E077013FC}.AppStore|iPhone.ActiveCfg = Release|Any CPU
		{21317CE8-3E82-4CDE-8C7B-235E077013FC}.AppStore|iPhoneSimulator.ActiveCfg = Release|Any CPU
		{21317CE8-3E82-4CDE-8C7B-235E077013FC}.AppStore|Mixed Platforms.ActiveCfg = Release|Any CPU
		{21317CE8-3E82-4CDE-8C7B-235E077013FC}.AppStore|Mixed Platforms.Build.0 = Release|Any CPU
		{21317CE8-3E82-4CDE-8C7B-235E077013FC}.AppStore|x86.ActiveCfg = Release|Any CPU
		{21317CE8-3E82-4CDE-8C7B-235E077013FC}.Debug|Any CPU.ActiveCfg = Debug|Any CPU
		{21317CE8-3E82-4CDE-8C7B-235E077013FC}.Debug|Any CPU.Build.0 = Debug|Any CPU
		{21317CE8-3E82-4CDE-8C7B-235E077013FC}.Debug|ARM.ActiveCfg = Debug|Any CPU
		{21317CE8-3E82-4CDE-8C7B-235E077013FC}.Debug|iPhone.ActiveCfg = Debug|Any CPU
		{21317CE8-3E82-4CDE-8C7B-235E077013FC}.Debug|iPhoneSimulator.ActiveCfg = Debug|Any CPU
		{21317CE8-3E82-4CDE-8C7B-235E077013FC}.Debug|Mixed Platforms.ActiveCfg = Debug|Any CPU
		{21317CE8-3E82-4CDE-8C7B-235E077013FC}.Debug|Mixed Platforms.Build.0 = Debug|Any CPU
		{21317CE8-3E82-4CDE-8C7B-235E077013FC}.Debug|x86.ActiveCfg = Debug|Any CPU
		{21317CE8-3E82-4CDE-8C7B-235E077013FC}.Release|Any CPU.ActiveCfg = Release|Any CPU
		{21317CE8-3E82-4CDE-8C7B-235E077013FC}.Release|Any CPU.Build.0 = Release|Any CPU
		{21317CE8-3E82-4CDE-8C7B-235E077013FC}.Release|ARM.ActiveCfg = Release|Any CPU
		{21317CE8-3E82-4CDE-8C7B-235E077013FC}.Release|iPhone.ActiveCfg = Release|Any CPU
		{21317CE8-3E82-4CDE-8C7B-235E077013FC}.Release|iPhoneSimulator.ActiveCfg = Release|Any CPU
		{21317CE8-3E82-4CDE-8C7B-235E077013FC}.Release|Mixed Platforms.ActiveCfg = Release|Any CPU
		{21317CE8-3E82-4CDE-8C7B-235E077013FC}.Release|Mixed Platforms.Build.0 = Release|Any CPU
		{21317CE8-3E82-4CDE-8C7B-235E077013FC}.Release|x86.ActiveCfg = Release|Any CPU
		{3C7D76AD-3B68-4EB6-9A15-560D4773FB24}.Ad-Hoc|Any CPU.ActiveCfg = Release|Any CPU
		{3C7D76AD-3B68-4EB6-9A15-560D4773FB24}.Ad-Hoc|Any CPU.Build.0 = Release|Any CPU
		{3C7D76AD-3B68-4EB6-9A15-560D4773FB24}.Ad-Hoc|ARM.ActiveCfg = Release|Any CPU
		{3C7D76AD-3B68-4EB6-9A15-560D4773FB24}.Ad-Hoc|iPhone.ActiveCfg = Release|Any CPU
		{3C7D76AD-3B68-4EB6-9A15-560D4773FB24}.Ad-Hoc|iPhoneSimulator.ActiveCfg = Release|Any CPU
		{3C7D76AD-3B68-4EB6-9A15-560D4773FB24}.Ad-Hoc|Mixed Platforms.ActiveCfg = Release|Any CPU
		{3C7D76AD-3B68-4EB6-9A15-560D4773FB24}.Ad-Hoc|Mixed Platforms.Build.0 = Release|Any CPU
		{3C7D76AD-3B68-4EB6-9A15-560D4773FB24}.Ad-Hoc|x86.ActiveCfg = Release|Any CPU
		{3C7D76AD-3B68-4EB6-9A15-560D4773FB24}.AppStore|Any CPU.ActiveCfg = Release|Any CPU
		{3C7D76AD-3B68-4EB6-9A15-560D4773FB24}.AppStore|Any CPU.Build.0 = Release|Any CPU
		{3C7D76AD-3B68-4EB6-9A15-560D4773FB24}.AppStore|ARM.ActiveCfg = Release|Any CPU
		{3C7D76AD-3B68-4EB6-9A15-560D4773FB24}.AppStore|iPhone.ActiveCfg = Release|Any CPU
		{3C7D76AD-3B68-4EB6-9A15-560D4773FB24}.AppStore|iPhoneSimulator.ActiveCfg = Release|Any CPU
		{3C7D76AD-3B68-4EB6-9A15-560D4773FB24}.AppStore|Mixed Platforms.ActiveCfg = Release|Any CPU
		{3C7D76AD-3B68-4EB6-9A15-560D4773FB24}.AppStore|Mixed Platforms.Build.0 = Release|Any CPU
		{3C7D76AD-3B68-4EB6-9A15-560D4773FB24}.AppStore|x86.ActiveCfg = Release|Any CPU
		{3C7D76AD-3B68-4EB6-9A15-560D4773FB24}.Debug|Any CPU.ActiveCfg = Debug|Any CPU
		{3C7D76AD-3B68-4EB6-9A15-560D4773FB24}.Debug|Any CPU.Build.0 = Debug|Any CPU
		{3C7D76AD-3B68-4EB6-9A15-560D4773FB24}.Debug|ARM.ActiveCfg = Debug|Any CPU
		{3C7D76AD-3B68-4EB6-9A15-560D4773FB24}.Debug|iPhone.ActiveCfg = Debug|Any CPU
		{3C7D76AD-3B68-4EB6-9A15-560D4773FB24}.Debug|iPhoneSimulator.ActiveCfg = Debug|Any CPU
		{3C7D76AD-3B68-4EB6-9A15-560D4773FB24}.Debug|Mixed Platforms.ActiveCfg = Debug|Any CPU
		{3C7D76AD-3B68-4EB6-9A15-560D4773FB24}.Debug|Mixed Platforms.Build.0 = Debug|Any CPU
		{3C7D76AD-3B68-4EB6-9A15-560D4773FB24}.Debug|x86.ActiveCfg = Debug|Any CPU
		{3C7D76AD-3B68-4EB6-9A15-560D4773FB24}.Release|Any CPU.ActiveCfg = Release|Any CPU
		{3C7D76AD-3B68-4EB6-9A15-560D4773FB24}.Release|Any CPU.Build.0 = Release|Any CPU
		{3C7D76AD-3B68-4EB6-9A15-560D4773FB24}.Release|ARM.ActiveCfg = Release|Any CPU
		{3C7D76AD-3B68-4EB6-9A15-560D4773FB24}.Release|iPhone.ActiveCfg = Release|Any CPU
		{3C7D76AD-3B68-4EB6-9A15-560D4773FB24}.Release|iPhoneSimulator.ActiveCfg = Release|Any CPU
		{3C7D76AD-3B68-4EB6-9A15-560D4773FB24}.Release|Mixed Platforms.ActiveCfg = Release|Any CPU
		{3C7D76AD-3B68-4EB6-9A15-560D4773FB24}.Release|Mixed Platforms.Build.0 = Release|Any CPU
		{3C7D76AD-3B68-4EB6-9A15-560D4773FB24}.Release|x86.ActiveCfg = Release|Any CPU
		{EBFB7545-E952-4530-A119-9AF7E9177BD2}.Ad-Hoc|Any CPU.ActiveCfg = Release|Any CPU
		{EBFB7545-E952-4530-A119-9AF7E9177BD2}.Ad-Hoc|Any CPU.Build.0 = Release|Any CPU
		{EBFB7545-E952-4530-A119-9AF7E9177BD2}.Ad-Hoc|ARM.ActiveCfg = Release|Any CPU
		{EBFB7545-E952-4530-A119-9AF7E9177BD2}.Ad-Hoc|iPhone.ActiveCfg = Release|Any CPU
		{EBFB7545-E952-4530-A119-9AF7E9177BD2}.Ad-Hoc|iPhoneSimulator.ActiveCfg = Release|Any CPU
		{EBFB7545-E952-4530-A119-9AF7E9177BD2}.Ad-Hoc|Mixed Platforms.ActiveCfg = Release|Any CPU
		{EBFB7545-E952-4530-A119-9AF7E9177BD2}.Ad-Hoc|Mixed Platforms.Build.0 = Release|Any CPU
		{EBFB7545-E952-4530-A119-9AF7E9177BD2}.Ad-Hoc|x86.ActiveCfg = Release|Any CPU
		{EBFB7545-E952-4530-A119-9AF7E9177BD2}.AppStore|Any CPU.ActiveCfg = Release|Any CPU
		{EBFB7545-E952-4530-A119-9AF7E9177BD2}.AppStore|Any CPU.Build.0 = Release|Any CPU
		{EBFB7545-E952-4530-A119-9AF7E9177BD2}.AppStore|ARM.ActiveCfg = Release|Any CPU
		{EBFB7545-E952-4530-A119-9AF7E9177BD2}.AppStore|iPhone.ActiveCfg = Release|Any CPU
		{EBFB7545-E952-4530-A119-9AF7E9177BD2}.AppStore|iPhoneSimulator.ActiveCfg = Release|Any CPU
		{EBFB7545-E952-4530-A119-9AF7E9177BD2}.AppStore|Mixed Platforms.ActiveCfg = Release|Any CPU
		{EBFB7545-E952-4530-A119-9AF7E9177BD2}.AppStore|Mixed Platforms.Build.0 = Release|Any CPU
		{EBFB7545-E952-4530-A119-9AF7E9177BD2}.AppStore|x86.ActiveCfg = Release|Any CPU
		{EBFB7545-E952-4530-A119-9AF7E9177BD2}.Debug|Any CPU.ActiveCfg = Debug|Any CPU
		{EBFB7545-E952-4530-A119-9AF7E9177BD2}.Debug|Any CPU.Build.0 = Debug|Any CPU
		{EBFB7545-E952-4530-A119-9AF7E9177BD2}.Debug|ARM.ActiveCfg = Debug|Any CPU
		{EBFB7545-E952-4530-A119-9AF7E9177BD2}.Debug|iPhone.ActiveCfg = Debug|Any CPU
		{EBFB7545-E952-4530-A119-9AF7E9177BD2}.Debug|iPhoneSimulator.ActiveCfg = Debug|Any CPU
		{EBFB7545-E952-4530-A119-9AF7E9177BD2}.Debug|Mixed Platforms.ActiveCfg = Debug|Any CPU
		{EBFB7545-E952-4530-A119-9AF7E9177BD2}.Debug|Mixed Platforms.Build.0 = Debug|Any CPU
		{EBFB7545-E952-4530-A119-9AF7E9177BD2}.Debug|x86.ActiveCfg = Debug|Any CPU
		{EBFB7545-E952-4530-A119-9AF7E9177BD2}.Release|Any CPU.ActiveCfg = Release|Any CPU
		{EBFB7545-E952-4530-A119-9AF7E9177BD2}.Release|Any CPU.Build.0 = Release|Any CPU
		{EBFB7545-E952-4530-A119-9AF7E9177BD2}.Release|ARM.ActiveCfg = Release|Any CPU
		{EBFB7545-E952-4530-A119-9AF7E9177BD2}.Release|iPhone.ActiveCfg = Release|Any CPU
		{EBFB7545-E952-4530-A119-9AF7E9177BD2}.Release|iPhoneSimulator.ActiveCfg = Release|Any CPU
		{EBFB7545-E952-4530-A119-9AF7E9177BD2}.Release|Mixed Platforms.ActiveCfg = Release|Any CPU
		{EBFB7545-E952-4530-A119-9AF7E9177BD2}.Release|Mixed Platforms.Build.0 = Release|Any CPU
		{EBFB7545-E952-4530-A119-9AF7E9177BD2}.Release|x86.ActiveCfg = Release|Any CPU
		{ECCC7810-C1B9-4210-AAF1-12C8E5FEDA2E}.Ad-Hoc|Any CPU.ActiveCfg = Release|Any CPU
		{ECCC7810-C1B9-4210-AAF1-12C8E5FEDA2E}.Ad-Hoc|Any CPU.Build.0 = Release|Any CPU
		{ECCC7810-C1B9-4210-AAF1-12C8E5FEDA2E}.Ad-Hoc|Any CPU.Deploy.0 = Release|Any CPU
		{ECCC7810-C1B9-4210-AAF1-12C8E5FEDA2E}.Ad-Hoc|ARM.ActiveCfg = Release|Any CPU
		{ECCC7810-C1B9-4210-AAF1-12C8E5FEDA2E}.Ad-Hoc|iPhone.ActiveCfg = Release|Any CPU
		{ECCC7810-C1B9-4210-AAF1-12C8E5FEDA2E}.Ad-Hoc|iPhoneSimulator.ActiveCfg = Release|Any CPU
		{ECCC7810-C1B9-4210-AAF1-12C8E5FEDA2E}.Ad-Hoc|Mixed Platforms.ActiveCfg = Release|Any CPU
		{ECCC7810-C1B9-4210-AAF1-12C8E5FEDA2E}.Ad-Hoc|Mixed Platforms.Build.0 = Release|Any CPU
		{ECCC7810-C1B9-4210-AAF1-12C8E5FEDA2E}.Ad-Hoc|Mixed Platforms.Deploy.0 = Release|Any CPU
		{ECCC7810-C1B9-4210-AAF1-12C8E5FEDA2E}.Ad-Hoc|x86.ActiveCfg = Release|Any CPU
		{ECCC7810-C1B9-4210-AAF1-12C8E5FEDA2E}.AppStore|Any CPU.ActiveCfg = Release|Any CPU
		{ECCC7810-C1B9-4210-AAF1-12C8E5FEDA2E}.AppStore|Any CPU.Build.0 = Release|Any CPU
		{ECCC7810-C1B9-4210-AAF1-12C8E5FEDA2E}.AppStore|Any CPU.Deploy.0 = Release|Any CPU
		{ECCC7810-C1B9-4210-AAF1-12C8E5FEDA2E}.AppStore|ARM.ActiveCfg = Release|Any CPU
		{ECCC7810-C1B9-4210-AAF1-12C8E5FEDA2E}.AppStore|iPhone.ActiveCfg = Release|Any CPU
		{ECCC7810-C1B9-4210-AAF1-12C8E5FEDA2E}.AppStore|iPhoneSimulator.ActiveCfg = Release|Any CPU
		{ECCC7810-C1B9-4210-AAF1-12C8E5FEDA2E}.AppStore|Mixed Platforms.ActiveCfg = Release|Any CPU
		{ECCC7810-C1B9-4210-AAF1-12C8E5FEDA2E}.AppStore|Mixed Platforms.Build.0 = Release|Any CPU
		{ECCC7810-C1B9-4210-AAF1-12C8E5FEDA2E}.AppStore|Mixed Platforms.Deploy.0 = Release|Any CPU
		{ECCC7810-C1B9-4210-AAF1-12C8E5FEDA2E}.AppStore|x86.ActiveCfg = Release|Any CPU
		{ECCC7810-C1B9-4210-AAF1-12C8E5FEDA2E}.Debug|Any CPU.ActiveCfg = Debug|Any CPU
		{ECCC7810-C1B9-4210-AAF1-12C8E5FEDA2E}.Debug|Any CPU.Build.0 = Debug|Any CPU
		{ECCC7810-C1B9-4210-AAF1-12C8E5FEDA2E}.Debug|ARM.ActiveCfg = Debug|Any CPU
		{ECCC7810-C1B9-4210-AAF1-12C8E5FEDA2E}.Debug|ARM.Build.0 = Debug|Any CPU
		{ECCC7810-C1B9-4210-AAF1-12C8E5FEDA2E}.Debug|iPhone.ActiveCfg = Debug|Any CPU
		{ECCC7810-C1B9-4210-AAF1-12C8E5FEDA2E}.Debug|iPhoneSimulator.ActiveCfg = Debug|Any CPU
		{ECCC7810-C1B9-4210-AAF1-12C8E5FEDA2E}.Debug|Mixed Platforms.ActiveCfg = Debug|Any CPU
		{ECCC7810-C1B9-4210-AAF1-12C8E5FEDA2E}.Debug|Mixed Platforms.Build.0 = Debug|Any CPU
		{ECCC7810-C1B9-4210-AAF1-12C8E5FEDA2E}.Debug|Mixed Platforms.Deploy.0 = Debug|Any CPU
		{ECCC7810-C1B9-4210-AAF1-12C8E5FEDA2E}.Debug|x86.ActiveCfg = Debug|Any CPU
		{ECCC7810-C1B9-4210-AAF1-12C8E5FEDA2E}.Debug|x86.Build.0 = Debug|Any CPU
		{ECCC7810-C1B9-4210-AAF1-12C8E5FEDA2E}.Release|Any CPU.ActiveCfg = Release|Any CPU
		{ECCC7810-C1B9-4210-AAF1-12C8E5FEDA2E}.Release|Any CPU.Build.0 = Release|Any CPU
		{ECCC7810-C1B9-4210-AAF1-12C8E5FEDA2E}.Release|ARM.ActiveCfg = Release|Any CPU
		{ECCC7810-C1B9-4210-AAF1-12C8E5FEDA2E}.Release|ARM.Build.0 = Release|Any CPU
		{ECCC7810-C1B9-4210-AAF1-12C8E5FEDA2E}.Release|iPhone.ActiveCfg = Release|Any CPU
		{ECCC7810-C1B9-4210-AAF1-12C8E5FEDA2E}.Release|iPhoneSimulator.ActiveCfg = Release|Any CPU
		{ECCC7810-C1B9-4210-AAF1-12C8E5FEDA2E}.Release|Mixed Platforms.ActiveCfg = Release|Any CPU
		{ECCC7810-C1B9-4210-AAF1-12C8E5FEDA2E}.Release|Mixed Platforms.Build.0 = Release|Any CPU
		{ECCC7810-C1B9-4210-AAF1-12C8E5FEDA2E}.Release|Mixed Platforms.Deploy.0 = Release|Any CPU
		{ECCC7810-C1B9-4210-AAF1-12C8E5FEDA2E}.Release|x86.ActiveCfg = Release|Any CPU
		{ECCC7810-C1B9-4210-AAF1-12C8E5FEDA2E}.Release|x86.Build.0 = Release|Any CPU
		{0820C8E2-DEAD-43C7-A179-87591C36C4FD}.Ad-Hoc|Any CPU.ActiveCfg = Release|Any CPU
		{0820C8E2-DEAD-43C7-A179-87591C36C4FD}.Ad-Hoc|Any CPU.Build.0 = Release|Any CPU
		{0820C8E2-DEAD-43C7-A179-87591C36C4FD}.Ad-Hoc|ARM.ActiveCfg = Release|Any CPU
		{0820C8E2-DEAD-43C7-A179-87591C36C4FD}.Ad-Hoc|iPhone.ActiveCfg = Release|Any CPU
		{0820C8E2-DEAD-43C7-A179-87591C36C4FD}.Ad-Hoc|iPhoneSimulator.ActiveCfg = Release|Any CPU
		{0820C8E2-DEAD-43C7-A179-87591C36C4FD}.Ad-Hoc|Mixed Platforms.ActiveCfg = Release|Any CPU
		{0820C8E2-DEAD-43C7-A179-87591C36C4FD}.Ad-Hoc|Mixed Platforms.Build.0 = Release|Any CPU
		{0820C8E2-DEAD-43C7-A179-87591C36C4FD}.Ad-Hoc|x86.ActiveCfg = Release|Any CPU
		{0820C8E2-DEAD-43C7-A179-87591C36C4FD}.AppStore|Any CPU.ActiveCfg = Release|Any CPU
		{0820C8E2-DEAD-43C7-A179-87591C36C4FD}.AppStore|Any CPU.Build.0 = Release|Any CPU
		{0820C8E2-DEAD-43C7-A179-87591C36C4FD}.AppStore|ARM.ActiveCfg = Release|Any CPU
		{0820C8E2-DEAD-43C7-A179-87591C36C4FD}.AppStore|iPhone.ActiveCfg = Release|Any CPU
		{0820C8E2-DEAD-43C7-A179-87591C36C4FD}.AppStore|iPhoneSimulator.ActiveCfg = Release|Any CPU
		{0820C8E2-DEAD-43C7-A179-87591C36C4FD}.AppStore|Mixed Platforms.ActiveCfg = Release|Any CPU
		{0820C8E2-DEAD-43C7-A179-87591C36C4FD}.AppStore|Mixed Platforms.Build.0 = Release|Any CPU
		{0820C8E2-DEAD-43C7-A179-87591C36C4FD}.AppStore|x86.ActiveCfg = Release|Any CPU
		{0820C8E2-DEAD-43C7-A179-87591C36C4FD}.Debug|Any CPU.ActiveCfg = Debug|Any CPU
		{0820C8E2-DEAD-43C7-A179-87591C36C4FD}.Debug|Any CPU.Build.0 = Debug|Any CPU
		{0820C8E2-DEAD-43C7-A179-87591C36C4FD}.Debug|ARM.ActiveCfg = Debug|Any CPU
		{0820C8E2-DEAD-43C7-A179-87591C36C4FD}.Debug|iPhone.ActiveCfg = Debug|Any CPU
		{0820C8E2-DEAD-43C7-A179-87591C36C4FD}.Debug|iPhoneSimulator.ActiveCfg = Debug|Any CPU
		{0820C8E2-DEAD-43C7-A179-87591C36C4FD}.Debug|Mixed Platforms.ActiveCfg = Debug|Any CPU
		{0820C8E2-DEAD-43C7-A179-87591C36C4FD}.Debug|Mixed Platforms.Build.0 = Debug|Any CPU
		{0820C8E2-DEAD-43C7-A179-87591C36C4FD}.Debug|x86.ActiveCfg = Debug|Any CPU
		{0820C8E2-DEAD-43C7-A179-87591C36C4FD}.Release|Any CPU.ActiveCfg = Release|Any CPU
		{0820C8E2-DEAD-43C7-A179-87591C36C4FD}.Release|Any CPU.Build.0 = Release|Any CPU
		{0820C8E2-DEAD-43C7-A179-87591C36C4FD}.Release|ARM.ActiveCfg = Release|Any CPU
		{0820C8E2-DEAD-43C7-A179-87591C36C4FD}.Release|iPhone.ActiveCfg = Release|Any CPU
		{0820C8E2-DEAD-43C7-A179-87591C36C4FD}.Release|iPhoneSimulator.ActiveCfg = Release|Any CPU
		{0820C8E2-DEAD-43C7-A179-87591C36C4FD}.Release|Mixed Platforms.ActiveCfg = Release|Any CPU
		{0820C8E2-DEAD-43C7-A179-87591C36C4FD}.Release|Mixed Platforms.Build.0 = Release|Any CPU
		{0820C8E2-DEAD-43C7-A179-87591C36C4FD}.Release|x86.ActiveCfg = Release|Any CPU
		{EE613D92-9357-42E6-B50D-21303B399EEE}.Ad-Hoc|Any CPU.ActiveCfg = Release|Any CPU
		{EE613D92-9357-42E6-B50D-21303B399EEE}.Ad-Hoc|Any CPU.Build.0 = Release|Any CPU
		{EE613D92-9357-42E6-B50D-21303B399EEE}.Ad-Hoc|ARM.ActiveCfg = Release|Any CPU
		{EE613D92-9357-42E6-B50D-21303B399EEE}.Ad-Hoc|iPhone.ActiveCfg = Release|Any CPU
		{EE613D92-9357-42E6-B50D-21303B399EEE}.Ad-Hoc|iPhoneSimulator.ActiveCfg = Release|Any CPU
		{EE613D92-9357-42E6-B50D-21303B399EEE}.Ad-Hoc|Mixed Platforms.ActiveCfg = Release|Any CPU
		{EE613D92-9357-42E6-B50D-21303B399EEE}.Ad-Hoc|Mixed Platforms.Build.0 = Release|Any CPU
		{EE613D92-9357-42E6-B50D-21303B399EEE}.Ad-Hoc|x86.ActiveCfg = Release|Any CPU
		{EE613D92-9357-42E6-B50D-21303B399EEE}.AppStore|Any CPU.ActiveCfg = Release|Any CPU
		{EE613D92-9357-42E6-B50D-21303B399EEE}.AppStore|Any CPU.Build.0 = Release|Any CPU
		{EE613D92-9357-42E6-B50D-21303B399EEE}.AppStore|ARM.ActiveCfg = Release|Any CPU
		{EE613D92-9357-42E6-B50D-21303B399EEE}.AppStore|iPhone.ActiveCfg = Release|Any CPU
		{EE613D92-9357-42E6-B50D-21303B399EEE}.AppStore|iPhoneSimulator.ActiveCfg = Release|Any CPU
		{EE613D92-9357-42E6-B50D-21303B399EEE}.AppStore|Mixed Platforms.ActiveCfg = Release|Any CPU
		{EE613D92-9357-42E6-B50D-21303B399EEE}.AppStore|Mixed Platforms.Build.0 = Release|Any CPU
		{EE613D92-9357-42E6-B50D-21303B399EEE}.AppStore|x86.ActiveCfg = Release|Any CPU
		{EE613D92-9357-42E6-B50D-21303B399EEE}.Debug|Any CPU.ActiveCfg = Debug|Any CPU
		{EE613D92-9357-42E6-B50D-21303B399EEE}.Debug|Any CPU.Build.0 = Debug|Any CPU
		{EE613D92-9357-42E6-B50D-21303B399EEE}.Debug|ARM.ActiveCfg = Debug|Any CPU
		{EE613D92-9357-42E6-B50D-21303B399EEE}.Debug|iPhone.ActiveCfg = Debug|Any CPU
		{EE613D92-9357-42E6-B50D-21303B399EEE}.Debug|iPhoneSimulator.ActiveCfg = Debug|Any CPU
		{EE613D92-9357-42E6-B50D-21303B399EEE}.Debug|Mixed Platforms.ActiveCfg = Debug|Any CPU
		{EE613D92-9357-42E6-B50D-21303B399EEE}.Debug|Mixed Platforms.Build.0 = Debug|Any CPU
		{EE613D92-9357-42E6-B50D-21303B399EEE}.Debug|x86.ActiveCfg = Debug|Any CPU
		{EE613D92-9357-42E6-B50D-21303B399EEE}.Release|Any CPU.ActiveCfg = Release|Any CPU
		{EE613D92-9357-42E6-B50D-21303B399EEE}.Release|Any CPU.Build.0 = Release|Any CPU
		{EE613D92-9357-42E6-B50D-21303B399EEE}.Release|ARM.ActiveCfg = Release|Any CPU
		{EE613D92-9357-42E6-B50D-21303B399EEE}.Release|iPhone.ActiveCfg = Release|Any CPU
		{EE613D92-9357-42E6-B50D-21303B399EEE}.Release|iPhoneSimulator.ActiveCfg = Release|Any CPU
		{EE613D92-9357-42E6-B50D-21303B399EEE}.Release|Mixed Platforms.ActiveCfg = Release|Any CPU
		{EE613D92-9357-42E6-B50D-21303B399EEE}.Release|Mixed Platforms.Build.0 = Release|Any CPU
		{EE613D92-9357-42E6-B50D-21303B399EEE}.Release|x86.ActiveCfg = Release|Any CPU
		{84F47C46-AB0F-49B4-89D3-2D32C2B5B99D}.Ad-Hoc|Any CPU.ActiveCfg = Ad-Hoc|iPhone
		{84F47C46-AB0F-49B4-89D3-2D32C2B5B99D}.Ad-Hoc|ARM.ActiveCfg = Ad-Hoc|iPhone
		{84F47C46-AB0F-49B4-89D3-2D32C2B5B99D}.Ad-Hoc|iPhone.ActiveCfg = Ad-Hoc|iPhone
		{84F47C46-AB0F-49B4-89D3-2D32C2B5B99D}.Ad-Hoc|iPhone.Build.0 = Ad-Hoc|iPhone
		{84F47C46-AB0F-49B4-89D3-2D32C2B5B99D}.Ad-Hoc|iPhone.Deploy.0 = Ad-Hoc|iPhone
		{84F47C46-AB0F-49B4-89D3-2D32C2B5B99D}.Ad-Hoc|iPhoneSimulator.ActiveCfg = Ad-Hoc|iPhoneSimulator
		{84F47C46-AB0F-49B4-89D3-2D32C2B5B99D}.Ad-Hoc|iPhoneSimulator.Build.0 = Ad-Hoc|iPhoneSimulator
		{84F47C46-AB0F-49B4-89D3-2D32C2B5B99D}.Ad-Hoc|iPhoneSimulator.Deploy.0 = Ad-Hoc|iPhoneSimulator
		{84F47C46-AB0F-49B4-89D3-2D32C2B5B99D}.Ad-Hoc|Mixed Platforms.ActiveCfg = Ad-Hoc|iPhone
		{84F47C46-AB0F-49B4-89D3-2D32C2B5B99D}.Ad-Hoc|Mixed Platforms.Build.0 = Ad-Hoc|iPhone
		{84F47C46-AB0F-49B4-89D3-2D32C2B5B99D}.Ad-Hoc|Mixed Platforms.Deploy.0 = Ad-Hoc|iPhone
		{84F47C46-AB0F-49B4-89D3-2D32C2B5B99D}.Ad-Hoc|x86.ActiveCfg = Ad-Hoc|iPhone
		{84F47C46-AB0F-49B4-89D3-2D32C2B5B99D}.AppStore|Any CPU.ActiveCfg = AppStore|iPhone
		{84F47C46-AB0F-49B4-89D3-2D32C2B5B99D}.AppStore|ARM.ActiveCfg = AppStore|iPhone
		{84F47C46-AB0F-49B4-89D3-2D32C2B5B99D}.AppStore|iPhone.ActiveCfg = AppStore|iPhone
		{84F47C46-AB0F-49B4-89D3-2D32C2B5B99D}.AppStore|iPhone.Build.0 = AppStore|iPhone
		{84F47C46-AB0F-49B4-89D3-2D32C2B5B99D}.AppStore|iPhone.Deploy.0 = AppStore|iPhone
		{84F47C46-AB0F-49B4-89D3-2D32C2B5B99D}.AppStore|iPhoneSimulator.ActiveCfg = AppStore|iPhoneSimulator
		{84F47C46-AB0F-49B4-89D3-2D32C2B5B99D}.AppStore|iPhoneSimulator.Build.0 = AppStore|iPhoneSimulator
		{84F47C46-AB0F-49B4-89D3-2D32C2B5B99D}.AppStore|iPhoneSimulator.Deploy.0 = AppStore|iPhoneSimulator
		{84F47C46-AB0F-49B4-89D3-2D32C2B5B99D}.AppStore|Mixed Platforms.ActiveCfg = AppStore|iPhone
		{84F47C46-AB0F-49B4-89D3-2D32C2B5B99D}.AppStore|Mixed Platforms.Build.0 = AppStore|iPhone
		{84F47C46-AB0F-49B4-89D3-2D32C2B5B99D}.AppStore|Mixed Platforms.Deploy.0 = AppStore|iPhone
		{84F47C46-AB0F-49B4-89D3-2D32C2B5B99D}.AppStore|x86.ActiveCfg = AppStore|iPhone
		{84F47C46-AB0F-49B4-89D3-2D32C2B5B99D}.Debug|Any CPU.ActiveCfg = Debug|iPhone
		{84F47C46-AB0F-49B4-89D3-2D32C2B5B99D}.Debug|ARM.ActiveCfg = Debug|iPhone
		{84F47C46-AB0F-49B4-89D3-2D32C2B5B99D}.Debug|iPhone.ActiveCfg = Debug|iPhone
		{84F47C46-AB0F-49B4-89D3-2D32C2B5B99D}.Debug|iPhone.Build.0 = Debug|iPhone
		{84F47C46-AB0F-49B4-89D3-2D32C2B5B99D}.Debug|iPhone.Deploy.0 = Debug|iPhone
		{84F47C46-AB0F-49B4-89D3-2D32C2B5B99D}.Debug|iPhoneSimulator.ActiveCfg = Debug|iPhoneSimulator
		{84F47C46-AB0F-49B4-89D3-2D32C2B5B99D}.Debug|iPhoneSimulator.Build.0 = Debug|iPhoneSimulator
		{84F47C46-AB0F-49B4-89D3-2D32C2B5B99D}.Debug|iPhoneSimulator.Deploy.0 = Debug|iPhoneSimulator
		{84F47C46-AB0F-49B4-89D3-2D32C2B5B99D}.Debug|Mixed Platforms.ActiveCfg = Debug|iPhone
		{84F47C46-AB0F-49B4-89D3-2D32C2B5B99D}.Debug|Mixed Platforms.Build.0 = Debug|iPhone
		{84F47C46-AB0F-49B4-89D3-2D32C2B5B99D}.Debug|Mixed Platforms.Deploy.0 = Debug|iPhone
		{84F47C46-AB0F-49B4-89D3-2D32C2B5B99D}.Debug|x86.ActiveCfg = Debug|iPhone
		{84F47C46-AB0F-49B4-89D3-2D32C2B5B99D}.Release|Any CPU.ActiveCfg = Release|iPhone
		{84F47C46-AB0F-49B4-89D3-2D32C2B5B99D}.Release|ARM.ActiveCfg = Release|iPhone
		{84F47C46-AB0F-49B4-89D3-2D32C2B5B99D}.Release|iPhone.ActiveCfg = Release|iPhone
		{84F47C46-AB0F-49B4-89D3-2D32C2B5B99D}.Release|iPhone.Build.0 = Release|iPhone
		{84F47C46-AB0F-49B4-89D3-2D32C2B5B99D}.Release|iPhone.Deploy.0 = Release|iPhone
		{84F47C46-AB0F-49B4-89D3-2D32C2B5B99D}.Release|iPhoneSimulator.ActiveCfg = Release|iPhoneSimulator
		{84F47C46-AB0F-49B4-89D3-2D32C2B5B99D}.Release|iPhoneSimulator.Build.0 = Release|iPhoneSimulator
		{84F47C46-AB0F-49B4-89D3-2D32C2B5B99D}.Release|iPhoneSimulator.Deploy.0 = Release|iPhoneSimulator
		{84F47C46-AB0F-49B4-89D3-2D32C2B5B99D}.Release|Mixed Platforms.ActiveCfg = Release|iPhone
		{84F47C46-AB0F-49B4-89D3-2D32C2B5B99D}.Release|Mixed Platforms.Build.0 = Release|iPhone
		{84F47C46-AB0F-49B4-89D3-2D32C2B5B99D}.Release|Mixed Platforms.Deploy.0 = Release|iPhone
		{84F47C46-AB0F-49B4-89D3-2D32C2B5B99D}.Release|x86.ActiveCfg = Release|iPhone
		{3BC5D5F4-C153-40F0-ACBB-897DECE794A8}.Ad-Hoc|Any CPU.ActiveCfg = Release|Any CPU
		{3BC5D5F4-C153-40F0-ACBB-897DECE794A8}.Ad-Hoc|Any CPU.Build.0 = Release|Any CPU
		{3BC5D5F4-C153-40F0-ACBB-897DECE794A8}.Ad-Hoc|Any CPU.Deploy.0 = Release|Any CPU
		{3BC5D5F4-C153-40F0-ACBB-897DECE794A8}.Ad-Hoc|ARM.ActiveCfg = Release|ARM
		{3BC5D5F4-C153-40F0-ACBB-897DECE794A8}.Ad-Hoc|ARM.Build.0 = Release|ARM
		{3BC5D5F4-C153-40F0-ACBB-897DECE794A8}.Ad-Hoc|ARM.Deploy.0 = Release|ARM
		{3BC5D5F4-C153-40F0-ACBB-897DECE794A8}.Ad-Hoc|iPhone.ActiveCfg = Release|Any CPU
		{3BC5D5F4-C153-40F0-ACBB-897DECE794A8}.Ad-Hoc|iPhoneSimulator.ActiveCfg = Release|Any CPU
		{3BC5D5F4-C153-40F0-ACBB-897DECE794A8}.Ad-Hoc|Mixed Platforms.ActiveCfg = Release|x86
		{3BC5D5F4-C153-40F0-ACBB-897DECE794A8}.Ad-Hoc|Mixed Platforms.Build.0 = Release|x86
		{3BC5D5F4-C153-40F0-ACBB-897DECE794A8}.Ad-Hoc|Mixed Platforms.Deploy.0 = Release|x86
		{3BC5D5F4-C153-40F0-ACBB-897DECE794A8}.Ad-Hoc|x86.ActiveCfg = Release|x86
		{3BC5D5F4-C153-40F0-ACBB-897DECE794A8}.Ad-Hoc|x86.Build.0 = Release|x86
		{3BC5D5F4-C153-40F0-ACBB-897DECE794A8}.Ad-Hoc|x86.Deploy.0 = Release|x86
		{3BC5D5F4-C153-40F0-ACBB-897DECE794A8}.AppStore|Any CPU.ActiveCfg = Release|Any CPU
		{3BC5D5F4-C153-40F0-ACBB-897DECE794A8}.AppStore|Any CPU.Build.0 = Release|Any CPU
		{3BC5D5F4-C153-40F0-ACBB-897DECE794A8}.AppStore|Any CPU.Deploy.0 = Release|Any CPU
		{3BC5D5F4-C153-40F0-ACBB-897DECE794A8}.AppStore|ARM.ActiveCfg = Release|ARM
		{3BC5D5F4-C153-40F0-ACBB-897DECE794A8}.AppStore|ARM.Build.0 = Release|ARM
		{3BC5D5F4-C153-40F0-ACBB-897DECE794A8}.AppStore|ARM.Deploy.0 = Release|ARM
		{3BC5D5F4-C153-40F0-ACBB-897DECE794A8}.AppStore|iPhone.ActiveCfg = Release|Any CPU
		{3BC5D5F4-C153-40F0-ACBB-897DECE794A8}.AppStore|iPhoneSimulator.ActiveCfg = Release|Any CPU
		{3BC5D5F4-C153-40F0-ACBB-897DECE794A8}.AppStore|Mixed Platforms.ActiveCfg = Release|x86
		{3BC5D5F4-C153-40F0-ACBB-897DECE794A8}.AppStore|Mixed Platforms.Build.0 = Release|x86
		{3BC5D5F4-C153-40F0-ACBB-897DECE794A8}.AppStore|Mixed Platforms.Deploy.0 = Release|x86
		{3BC5D5F4-C153-40F0-ACBB-897DECE794A8}.AppStore|x86.ActiveCfg = Release|x86
		{3BC5D5F4-C153-40F0-ACBB-897DECE794A8}.AppStore|x86.Build.0 = Release|x86
		{3BC5D5F4-C153-40F0-ACBB-897DECE794A8}.AppStore|x86.Deploy.0 = Release|x86
		{3BC5D5F4-C153-40F0-ACBB-897DECE794A8}.Debug|Any CPU.ActiveCfg = Debug|Any CPU
		{3BC5D5F4-C153-40F0-ACBB-897DECE794A8}.Debug|Any CPU.Build.0 = Debug|Any CPU
		{3BC5D5F4-C153-40F0-ACBB-897DECE794A8}.Debug|Any CPU.Deploy.0 = Debug|Any CPU
		{3BC5D5F4-C153-40F0-ACBB-897DECE794A8}.Debug|ARM.ActiveCfg = Debug|ARM
		{3BC5D5F4-C153-40F0-ACBB-897DECE794A8}.Debug|ARM.Build.0 = Debug|ARM
		{3BC5D5F4-C153-40F0-ACBB-897DECE794A8}.Debug|ARM.Deploy.0 = Debug|ARM
		{3BC5D5F4-C153-40F0-ACBB-897DECE794A8}.Debug|iPhone.ActiveCfg = Debug|Any CPU
		{3BC5D5F4-C153-40F0-ACBB-897DECE794A8}.Debug|iPhoneSimulator.ActiveCfg = Debug|Any CPU
		{3BC5D5F4-C153-40F0-ACBB-897DECE794A8}.Debug|Mixed Platforms.ActiveCfg = Debug|x86
		{3BC5D5F4-C153-40F0-ACBB-897DECE794A8}.Debug|Mixed Platforms.Build.0 = Debug|x86
		{3BC5D5F4-C153-40F0-ACBB-897DECE794A8}.Debug|Mixed Platforms.Deploy.0 = Debug|x86
		{3BC5D5F4-C153-40F0-ACBB-897DECE794A8}.Debug|x86.ActiveCfg = Debug|x86
		{3BC5D5F4-C153-40F0-ACBB-897DECE794A8}.Debug|x86.Build.0 = Debug|x86
		{3BC5D5F4-C153-40F0-ACBB-897DECE794A8}.Debug|x86.Deploy.0 = Debug|x86
		{3BC5D5F4-C153-40F0-ACBB-897DECE794A8}.Release|Any CPU.ActiveCfg = Release|Any CPU
		{3BC5D5F4-C153-40F0-ACBB-897DECE794A8}.Release|Any CPU.Build.0 = Release|Any CPU
		{3BC5D5F4-C153-40F0-ACBB-897DECE794A8}.Release|Any CPU.Deploy.0 = Release|Any CPU
		{3BC5D5F4-C153-40F0-ACBB-897DECE794A8}.Release|ARM.ActiveCfg = Release|ARM
		{3BC5D5F4-C153-40F0-ACBB-897DECE794A8}.Release|ARM.Build.0 = Release|ARM
		{3BC5D5F4-C153-40F0-ACBB-897DECE794A8}.Release|ARM.Deploy.0 = Release|ARM
		{3BC5D5F4-C153-40F0-ACBB-897DECE794A8}.Release|iPhone.ActiveCfg = Release|Any CPU
		{3BC5D5F4-C153-40F0-ACBB-897DECE794A8}.Release|iPhoneSimulator.ActiveCfg = Release|Any CPU
		{3BC5D5F4-C153-40F0-ACBB-897DECE794A8}.Release|Mixed Platforms.ActiveCfg = Release|x86
		{3BC5D5F4-C153-40F0-ACBB-897DECE794A8}.Release|Mixed Platforms.Build.0 = Release|x86
		{3BC5D5F4-C153-40F0-ACBB-897DECE794A8}.Release|Mixed Platforms.Deploy.0 = Release|x86
		{3BC5D5F4-C153-40F0-ACBB-897DECE794A8}.Release|x86.ActiveCfg = Release|x86
		{3BC5D5F4-C153-40F0-ACBB-897DECE794A8}.Release|x86.Build.0 = Release|x86
		{3BC5D5F4-C153-40F0-ACBB-897DECE794A8}.Release|x86.Deploy.0 = Release|x86
		{5B598A57-E7E2-4780-81CF-7C20CE2CF01A}.Ad-Hoc|Any CPU.ActiveCfg = Release|Any CPU
		{5B598A57-E7E2-4780-81CF-7C20CE2CF01A}.Ad-Hoc|Any CPU.Build.0 = Release|Any CPU
		{5B598A57-E7E2-4780-81CF-7C20CE2CF01A}.Ad-Hoc|ARM.ActiveCfg = Release|Any CPU
		{5B598A57-E7E2-4780-81CF-7C20CE2CF01A}.Ad-Hoc|iPhone.ActiveCfg = Release|Any CPU
		{5B598A57-E7E2-4780-81CF-7C20CE2CF01A}.Ad-Hoc|iPhoneSimulator.ActiveCfg = Release|Any CPU
		{5B598A57-E7E2-4780-81CF-7C20CE2CF01A}.Ad-Hoc|Mixed Platforms.ActiveCfg = Release|Any CPU
		{5B598A57-E7E2-4780-81CF-7C20CE2CF01A}.Ad-Hoc|Mixed Platforms.Build.0 = Release|Any CPU
		{5B598A57-E7E2-4780-81CF-7C20CE2CF01A}.Ad-Hoc|x86.ActiveCfg = Release|Any CPU
		{5B598A57-E7E2-4780-81CF-7C20CE2CF01A}.AppStore|Any CPU.ActiveCfg = Release|Any CPU
		{5B598A57-E7E2-4780-81CF-7C20CE2CF01A}.AppStore|Any CPU.Build.0 = Release|Any CPU
		{5B598A57-E7E2-4780-81CF-7C20CE2CF01A}.AppStore|ARM.ActiveCfg = Release|Any CPU
		{5B598A57-E7E2-4780-81CF-7C20CE2CF01A}.AppStore|iPhone.ActiveCfg = Release|Any CPU
		{5B598A57-E7E2-4780-81CF-7C20CE2CF01A}.AppStore|iPhoneSimulator.ActiveCfg = Release|Any CPU
		{5B598A57-E7E2-4780-81CF-7C20CE2CF01A}.AppStore|Mixed Platforms.ActiveCfg = Release|Any CPU
		{5B598A57-E7E2-4780-81CF-7C20CE2CF01A}.AppStore|Mixed Platforms.Build.0 = Release|Any CPU
		{5B598A57-E7E2-4780-81CF-7C20CE2CF01A}.AppStore|x86.ActiveCfg = Release|Any CPU
		{5B598A57-E7E2-4780-81CF-7C20CE2CF01A}.Debug|Any CPU.ActiveCfg = Debug|Any CPU
		{5B598A57-E7E2-4780-81CF-7C20CE2CF01A}.Debug|Any CPU.Build.0 = Debug|Any CPU
		{5B598A57-E7E2-4780-81CF-7C20CE2CF01A}.Debug|ARM.ActiveCfg = Debug|Any CPU
		{5B598A57-E7E2-4780-81CF-7C20CE2CF01A}.Debug|iPhone.ActiveCfg = Debug|Any CPU
		{5B598A57-E7E2-4780-81CF-7C20CE2CF01A}.Debug|iPhoneSimulator.ActiveCfg = Debug|Any CPU
		{5B598A57-E7E2-4780-81CF-7C20CE2CF01A}.Debug|Mixed Platforms.ActiveCfg = Debug|Any CPU
		{5B598A57-E7E2-4780-81CF-7C20CE2CF01A}.Debug|Mixed Platforms.Build.0 = Debug|Any CPU
		{5B598A57-E7E2-4780-81CF-7C20CE2CF01A}.Debug|x86.ActiveCfg = Debug|Any CPU
		{5B598A57-E7E2-4780-81CF-7C20CE2CF01A}.Release|Any CPU.ActiveCfg = Release|Any CPU
		{5B598A57-E7E2-4780-81CF-7C20CE2CF01A}.Release|Any CPU.Build.0 = Release|Any CPU
		{5B598A57-E7E2-4780-81CF-7C20CE2CF01A}.Release|ARM.ActiveCfg = Release|Any CPU
		{5B598A57-E7E2-4780-81CF-7C20CE2CF01A}.Release|iPhone.ActiveCfg = Release|Any CPU
		{5B598A57-E7E2-4780-81CF-7C20CE2CF01A}.Release|iPhoneSimulator.ActiveCfg = Release|Any CPU
		{5B598A57-E7E2-4780-81CF-7C20CE2CF01A}.Release|Mixed Platforms.ActiveCfg = Release|Any CPU
		{5B598A57-E7E2-4780-81CF-7C20CE2CF01A}.Release|Mixed Platforms.Build.0 = Release|Any CPU
		{5B598A57-E7E2-4780-81CF-7C20CE2CF01A}.Release|x86.ActiveCfg = Release|Any CPU
		{7FE93E78-FBEF-4D2E-A94A-D40619062088}.Ad-Hoc|Any CPU.ActiveCfg = Release|Any CPU
		{7FE93E78-FBEF-4D2E-A94A-D40619062088}.Ad-Hoc|Any CPU.Build.0 = Release|Any CPU
		{7FE93E78-FBEF-4D2E-A94A-D40619062088}.Ad-Hoc|ARM.ActiveCfg = Release|Any CPU
		{7FE93E78-FBEF-4D2E-A94A-D40619062088}.Ad-Hoc|iPhone.ActiveCfg = Release|Any CPU
		{7FE93E78-FBEF-4D2E-A94A-D40619062088}.Ad-Hoc|iPhoneSimulator.ActiveCfg = Release|Any CPU
		{7FE93E78-FBEF-4D2E-A94A-D40619062088}.Ad-Hoc|Mixed Platforms.ActiveCfg = Release|Any CPU
		{7FE93E78-FBEF-4D2E-A94A-D40619062088}.Ad-Hoc|Mixed Platforms.Build.0 = Release|Any CPU
		{7FE93E78-FBEF-4D2E-A94A-D40619062088}.Ad-Hoc|x86.ActiveCfg = Release|Any CPU
		{7FE93E78-FBEF-4D2E-A94A-D40619062088}.AppStore|Any CPU.ActiveCfg = Release|Any CPU
		{7FE93E78-FBEF-4D2E-A94A-D40619062088}.AppStore|Any CPU.Build.0 = Release|Any CPU
		{7FE93E78-FBEF-4D2E-A94A-D40619062088}.AppStore|ARM.ActiveCfg = Release|Any CPU
		{7FE93E78-FBEF-4D2E-A94A-D40619062088}.AppStore|iPhone.ActiveCfg = Release|Any CPU
		{7FE93E78-FBEF-4D2E-A94A-D40619062088}.AppStore|iPhoneSimulator.ActiveCfg = Release|Any CPU
		{7FE93E78-FBEF-4D2E-A94A-D40619062088}.AppStore|Mixed Platforms.ActiveCfg = Release|Any CPU
		{7FE93E78-FBEF-4D2E-A94A-D40619062088}.AppStore|Mixed Platforms.Build.0 = Release|Any CPU
		{7FE93E78-FBEF-4D2E-A94A-D40619062088}.AppStore|x86.ActiveCfg = Release|Any CPU
		{7FE93E78-FBEF-4D2E-A94A-D40619062088}.Debug|Any CPU.ActiveCfg = Debug|Any CPU
		{7FE93E78-FBEF-4D2E-A94A-D40619062088}.Debug|Any CPU.Build.0 = Debug|Any CPU
		{7FE93E78-FBEF-4D2E-A94A-D40619062088}.Debug|ARM.ActiveCfg = Debug|Any CPU
		{7FE93E78-FBEF-4D2E-A94A-D40619062088}.Debug|iPhone.ActiveCfg = Debug|Any CPU
		{7FE93E78-FBEF-4D2E-A94A-D40619062088}.Debug|iPhoneSimulator.ActiveCfg = Debug|Any CPU
		{7FE93E78-FBEF-4D2E-A94A-D40619062088}.Debug|Mixed Platforms.ActiveCfg = Debug|Any CPU
		{7FE93E78-FBEF-4D2E-A94A-D40619062088}.Debug|Mixed Platforms.Build.0 = Debug|Any CPU
		{7FE93E78-FBEF-4D2E-A94A-D40619062088}.Debug|x86.ActiveCfg = Debug|Any CPU
		{7FE93E78-FBEF-4D2E-A94A-D40619062088}.Release|Any CPU.ActiveCfg = Release|Any CPU
		{7FE93E78-FBEF-4D2E-A94A-D40619062088}.Release|Any CPU.Build.0 = Release|Any CPU
		{7FE93E78-FBEF-4D2E-A94A-D40619062088}.Release|ARM.ActiveCfg = Release|Any CPU
		{7FE93E78-FBEF-4D2E-A94A-D40619062088}.Release|iPhone.ActiveCfg = Release|Any CPU
		{7FE93E78-FBEF-4D2E-A94A-D40619062088}.Release|iPhoneSimulator.ActiveCfg = Release|Any CPU
		{7FE93E78-FBEF-4D2E-A94A-D40619062088}.Release|Mixed Platforms.ActiveCfg = Release|Any CPU
		{7FE93E78-FBEF-4D2E-A94A-D40619062088}.Release|Mixed Platforms.Build.0 = Release|Any CPU
		{7FE93E78-FBEF-4D2E-A94A-D40619062088}.Release|x86.ActiveCfg = Release|Any CPU
		{3466015A-0C4A-429D-A7C3-A46F11682FFF}.Ad-Hoc|Any CPU.ActiveCfg = Release|Any CPU
		{3466015A-0C4A-429D-A7C3-A46F11682FFF}.Ad-Hoc|Any CPU.Build.0 = Release|Any CPU
		{3466015A-0C4A-429D-A7C3-A46F11682FFF}.Ad-Hoc|ARM.ActiveCfg = Release|Any CPU
		{3466015A-0C4A-429D-A7C3-A46F11682FFF}.Ad-Hoc|iPhone.ActiveCfg = Release|Any CPU
		{3466015A-0C4A-429D-A7C3-A46F11682FFF}.Ad-Hoc|iPhoneSimulator.ActiveCfg = Release|Any CPU
		{3466015A-0C4A-429D-A7C3-A46F11682FFF}.Ad-Hoc|Mixed Platforms.ActiveCfg = Release|Any CPU
		{3466015A-0C4A-429D-A7C3-A46F11682FFF}.Ad-Hoc|Mixed Platforms.Build.0 = Release|Any CPU
		{3466015A-0C4A-429D-A7C3-A46F11682FFF}.Ad-Hoc|x86.ActiveCfg = Release|Any CPU
		{3466015A-0C4A-429D-A7C3-A46F11682FFF}.AppStore|Any CPU.ActiveCfg = Release|Any CPU
		{3466015A-0C4A-429D-A7C3-A46F11682FFF}.AppStore|Any CPU.Build.0 = Release|Any CPU
		{3466015A-0C4A-429D-A7C3-A46F11682FFF}.AppStore|ARM.ActiveCfg = Release|Any CPU
		{3466015A-0C4A-429D-A7C3-A46F11682FFF}.AppStore|iPhone.ActiveCfg = Release|Any CPU
		{3466015A-0C4A-429D-A7C3-A46F11682FFF}.AppStore|iPhoneSimulator.ActiveCfg = Release|Any CPU
		{3466015A-0C4A-429D-A7C3-A46F11682FFF}.AppStore|Mixed Platforms.ActiveCfg = Release|Any CPU
		{3466015A-0C4A-429D-A7C3-A46F11682FFF}.AppStore|Mixed Platforms.Build.0 = Release|Any CPU
		{3466015A-0C4A-429D-A7C3-A46F11682FFF}.AppStore|x86.ActiveCfg = Release|Any CPU
		{3466015A-0C4A-429D-A7C3-A46F11682FFF}.Debug|Any CPU.ActiveCfg = Debug|Any CPU
		{3466015A-0C4A-429D-A7C3-A46F11682FFF}.Debug|Any CPU.Build.0 = Debug|Any CPU
		{3466015A-0C4A-429D-A7C3-A46F11682FFF}.Debug|ARM.ActiveCfg = Debug|Any CPU
		{3466015A-0C4A-429D-A7C3-A46F11682FFF}.Debug|iPhone.ActiveCfg = Debug|Any CPU
		{3466015A-0C4A-429D-A7C3-A46F11682FFF}.Debug|iPhoneSimulator.ActiveCfg = Debug|Any CPU
		{3466015A-0C4A-429D-A7C3-A46F11682FFF}.Debug|Mixed Platforms.ActiveCfg = Debug|Any CPU
		{3466015A-0C4A-429D-A7C3-A46F11682FFF}.Debug|Mixed Platforms.Build.0 = Debug|Any CPU
		{3466015A-0C4A-429D-A7C3-A46F11682FFF}.Debug|x86.ActiveCfg = Debug|Any CPU
		{3466015A-0C4A-429D-A7C3-A46F11682FFF}.Release|Any CPU.ActiveCfg = Release|Any CPU
		{3466015A-0C4A-429D-A7C3-A46F11682FFF}.Release|Any CPU.Build.0 = Release|Any CPU
		{3466015A-0C4A-429D-A7C3-A46F11682FFF}.Release|ARM.ActiveCfg = Release|Any CPU
		{3466015A-0C4A-429D-A7C3-A46F11682FFF}.Release|iPhone.ActiveCfg = Release|Any CPU
		{3466015A-0C4A-429D-A7C3-A46F11682FFF}.Release|iPhoneSimulator.ActiveCfg = Release|Any CPU
		{3466015A-0C4A-429D-A7C3-A46F11682FFF}.Release|Mixed Platforms.ActiveCfg = Release|Any CPU
		{3466015A-0C4A-429D-A7C3-A46F11682FFF}.Release|Mixed Platforms.Build.0 = Release|Any CPU
		{3466015A-0C4A-429D-A7C3-A46F11682FFF}.Release|x86.ActiveCfg = Release|Any CPU
		{2AA2710F-D35F-4A63-96C8-5BE02B16AD03}.Ad-Hoc|Any CPU.ActiveCfg = Release|Any CPU
		{2AA2710F-D35F-4A63-96C8-5BE02B16AD03}.Ad-Hoc|Any CPU.Build.0 = Release|Any CPU
		{2AA2710F-D35F-4A63-96C8-5BE02B16AD03}.Ad-Hoc|ARM.ActiveCfg = Release|Any CPU
		{2AA2710F-D35F-4A63-96C8-5BE02B16AD03}.Ad-Hoc|iPhone.ActiveCfg = Release|Any CPU
		{2AA2710F-D35F-4A63-96C8-5BE02B16AD03}.Ad-Hoc|iPhoneSimulator.ActiveCfg = Release|Any CPU
		{2AA2710F-D35F-4A63-96C8-5BE02B16AD03}.Ad-Hoc|Mixed Platforms.ActiveCfg = Release|Any CPU
		{2AA2710F-D35F-4A63-96C8-5BE02B16AD03}.Ad-Hoc|Mixed Platforms.Build.0 = Release|Any CPU
		{2AA2710F-D35F-4A63-96C8-5BE02B16AD03}.Ad-Hoc|x86.ActiveCfg = Release|Any CPU
		{2AA2710F-D35F-4A63-96C8-5BE02B16AD03}.AppStore|Any CPU.ActiveCfg = Release|Any CPU
		{2AA2710F-D35F-4A63-96C8-5BE02B16AD03}.AppStore|Any CPU.Build.0 = Release|Any CPU
		{2AA2710F-D35F-4A63-96C8-5BE02B16AD03}.AppStore|ARM.ActiveCfg = Release|Any CPU
		{2AA2710F-D35F-4A63-96C8-5BE02B16AD03}.AppStore|iPhone.ActiveCfg = Release|Any CPU
		{2AA2710F-D35F-4A63-96C8-5BE02B16AD03}.AppStore|iPhoneSimulator.ActiveCfg = Release|Any CPU
		{2AA2710F-D35F-4A63-96C8-5BE02B16AD03}.AppStore|Mixed Platforms.ActiveCfg = Release|Any CPU
		{2AA2710F-D35F-4A63-96C8-5BE02B16AD03}.AppStore|Mixed Platforms.Build.0 = Release|Any CPU
		{2AA2710F-D35F-4A63-96C8-5BE02B16AD03}.AppStore|x86.ActiveCfg = Release|Any CPU
		{2AA2710F-D35F-4A63-96C8-5BE02B16AD03}.Debug|Any CPU.ActiveCfg = Debug|Any CPU
		{2AA2710F-D35F-4A63-96C8-5BE02B16AD03}.Debug|Any CPU.Build.0 = Debug|Any CPU
		{2AA2710F-D35F-4A63-96C8-5BE02B16AD03}.Debug|ARM.ActiveCfg = Debug|Any CPU
		{2AA2710F-D35F-4A63-96C8-5BE02B16AD03}.Debug|iPhone.ActiveCfg = Debug|Any CPU
		{2AA2710F-D35F-4A63-96C8-5BE02B16AD03}.Debug|iPhoneSimulator.ActiveCfg = Debug|Any CPU
		{2AA2710F-D35F-4A63-96C8-5BE02B16AD03}.Debug|Mixed Platforms.ActiveCfg = Debug|Any CPU
		{2AA2710F-D35F-4A63-96C8-5BE02B16AD03}.Debug|Mixed Platforms.Build.0 = Debug|Any CPU
		{2AA2710F-D35F-4A63-96C8-5BE02B16AD03}.Debug|x86.ActiveCfg = Debug|Any CPU
		{2AA2710F-D35F-4A63-96C8-5BE02B16AD03}.Release|Any CPU.ActiveCfg = Release|Any CPU
		{2AA2710F-D35F-4A63-96C8-5BE02B16AD03}.Release|Any CPU.Build.0 = Release|Any CPU
		{2AA2710F-D35F-4A63-96C8-5BE02B16AD03}.Release|ARM.ActiveCfg = Release|Any CPU
		{2AA2710F-D35F-4A63-96C8-5BE02B16AD03}.Release|iPhone.ActiveCfg = Release|Any CPU
		{2AA2710F-D35F-4A63-96C8-5BE02B16AD03}.Release|iPhoneSimulator.ActiveCfg = Release|Any CPU
		{2AA2710F-D35F-4A63-96C8-5BE02B16AD03}.Release|Mixed Platforms.ActiveCfg = Release|Any CPU
		{2AA2710F-D35F-4A63-96C8-5BE02B16AD03}.Release|Mixed Platforms.Build.0 = Release|Any CPU
		{2AA2710F-D35F-4A63-96C8-5BE02B16AD03}.Release|x86.ActiveCfg = Release|Any CPU
		{075008BC-66B0-436E-9BB2-897C2D1FB2D0}.Ad-Hoc|Any CPU.ActiveCfg = Release|Any CPU
		{075008BC-66B0-436E-9BB2-897C2D1FB2D0}.Ad-Hoc|Any CPU.Build.0 = Release|Any CPU
		{075008BC-66B0-436E-9BB2-897C2D1FB2D0}.Ad-Hoc|ARM.ActiveCfg = Release|Any CPU
		{075008BC-66B0-436E-9BB2-897C2D1FB2D0}.Ad-Hoc|iPhone.ActiveCfg = Release|Any CPU
		{075008BC-66B0-436E-9BB2-897C2D1FB2D0}.Ad-Hoc|iPhoneSimulator.ActiveCfg = Release|Any CPU
		{075008BC-66B0-436E-9BB2-897C2D1FB2D0}.Ad-Hoc|Mixed Platforms.ActiveCfg = Release|Any CPU
		{075008BC-66B0-436E-9BB2-897C2D1FB2D0}.Ad-Hoc|Mixed Platforms.Build.0 = Release|Any CPU
		{075008BC-66B0-436E-9BB2-897C2D1FB2D0}.Ad-Hoc|x86.ActiveCfg = Release|Any CPU
		{075008BC-66B0-436E-9BB2-897C2D1FB2D0}.AppStore|Any CPU.ActiveCfg = Release|Any CPU
		{075008BC-66B0-436E-9BB2-897C2D1FB2D0}.AppStore|Any CPU.Build.0 = Release|Any CPU
		{075008BC-66B0-436E-9BB2-897C2D1FB2D0}.AppStore|ARM.ActiveCfg = Release|Any CPU
		{075008BC-66B0-436E-9BB2-897C2D1FB2D0}.AppStore|iPhone.ActiveCfg = Release|Any CPU
		{075008BC-66B0-436E-9BB2-897C2D1FB2D0}.AppStore|iPhoneSimulator.ActiveCfg = Release|Any CPU
		{075008BC-66B0-436E-9BB2-897C2D1FB2D0}.AppStore|Mixed Platforms.ActiveCfg = Release|Any CPU
		{075008BC-66B0-436E-9BB2-897C2D1FB2D0}.AppStore|Mixed Platforms.Build.0 = Release|Any CPU
		{075008BC-66B0-436E-9BB2-897C2D1FB2D0}.AppStore|x86.ActiveCfg = Release|Any CPU
		{075008BC-66B0-436E-9BB2-897C2D1FB2D0}.Debug|Any CPU.ActiveCfg = Debug|Any CPU
		{075008BC-66B0-436E-9BB2-897C2D1FB2D0}.Debug|Any CPU.Build.0 = Debug|Any CPU
		{075008BC-66B0-436E-9BB2-897C2D1FB2D0}.Debug|ARM.ActiveCfg = Debug|Any CPU
		{075008BC-66B0-436E-9BB2-897C2D1FB2D0}.Debug|iPhone.ActiveCfg = Debug|Any CPU
		{075008BC-66B0-436E-9BB2-897C2D1FB2D0}.Debug|iPhoneSimulator.ActiveCfg = Debug|Any CPU
		{075008BC-66B0-436E-9BB2-897C2D1FB2D0}.Debug|Mixed Platforms.ActiveCfg = Debug|Any CPU
		{075008BC-66B0-436E-9BB2-897C2D1FB2D0}.Debug|Mixed Platforms.Build.0 = Debug|Any CPU
		{075008BC-66B0-436E-9BB2-897C2D1FB2D0}.Debug|x86.ActiveCfg = Debug|Any CPU
		{075008BC-66B0-436E-9BB2-897C2D1FB2D0}.Release|Any CPU.ActiveCfg = Release|Any CPU
		{075008BC-66B0-436E-9BB2-897C2D1FB2D0}.Release|Any CPU.Build.0 = Release|Any CPU
		{075008BC-66B0-436E-9BB2-897C2D1FB2D0}.Release|ARM.ActiveCfg = Release|Any CPU
		{075008BC-66B0-436E-9BB2-897C2D1FB2D0}.Release|iPhone.ActiveCfg = Release|Any CPU
		{075008BC-66B0-436E-9BB2-897C2D1FB2D0}.Release|iPhoneSimulator.ActiveCfg = Release|Any CPU
		{075008BC-66B0-436E-9BB2-897C2D1FB2D0}.Release|Mixed Platforms.ActiveCfg = Release|Any CPU
		{075008BC-66B0-436E-9BB2-897C2D1FB2D0}.Release|Mixed Platforms.Build.0 = Release|Any CPU
		{075008BC-66B0-436E-9BB2-897C2D1FB2D0}.Release|x86.ActiveCfg = Release|Any CPU
		{2B8E9D3B-ADA3-41B6-BA1E-BFF946757838}.Ad-Hoc|Any CPU.ActiveCfg = Release|Any CPU
		{2B8E9D3B-ADA3-41B6-BA1E-BFF946757838}.Ad-Hoc|Any CPU.Build.0 = Release|Any CPU
		{2B8E9D3B-ADA3-41B6-BA1E-BFF946757838}.Ad-Hoc|ARM.ActiveCfg = Release|Any CPU
		{2B8E9D3B-ADA3-41B6-BA1E-BFF946757838}.Ad-Hoc|iPhone.ActiveCfg = Release|Any CPU
		{2B8E9D3B-ADA3-41B6-BA1E-BFF946757838}.Ad-Hoc|iPhoneSimulator.ActiveCfg = Release|Any CPU
		{2B8E9D3B-ADA3-41B6-BA1E-BFF946757838}.Ad-Hoc|Mixed Platforms.ActiveCfg = Release|Any CPU
		{2B8E9D3B-ADA3-41B6-BA1E-BFF946757838}.Ad-Hoc|Mixed Platforms.Build.0 = Release|Any CPU
		{2B8E9D3B-ADA3-41B6-BA1E-BFF946757838}.Ad-Hoc|x86.ActiveCfg = Release|Any CPU
		{2B8E9D3B-ADA3-41B6-BA1E-BFF946757838}.AppStore|Any CPU.ActiveCfg = Release|Any CPU
		{2B8E9D3B-ADA3-41B6-BA1E-BFF946757838}.AppStore|Any CPU.Build.0 = Release|Any CPU
		{2B8E9D3B-ADA3-41B6-BA1E-BFF946757838}.AppStore|ARM.ActiveCfg = Release|Any CPU
		{2B8E9D3B-ADA3-41B6-BA1E-BFF946757838}.AppStore|iPhone.ActiveCfg = Release|Any CPU
		{2B8E9D3B-ADA3-41B6-BA1E-BFF946757838}.AppStore|iPhoneSimulator.ActiveCfg = Release|Any CPU
		{2B8E9D3B-ADA3-41B6-BA1E-BFF946757838}.AppStore|Mixed Platforms.ActiveCfg = Release|Any CPU
		{2B8E9D3B-ADA3-41B6-BA1E-BFF946757838}.AppStore|Mixed Platforms.Build.0 = Release|Any CPU
		{2B8E9D3B-ADA3-41B6-BA1E-BFF946757838}.AppStore|x86.ActiveCfg = Release|Any CPU
		{2B8E9D3B-ADA3-41B6-BA1E-BFF946757838}.Debug|Any CPU.ActiveCfg = Debug|Any CPU
		{2B8E9D3B-ADA3-41B6-BA1E-BFF946757838}.Debug|Any CPU.Build.0 = Debug|Any CPU
		{2B8E9D3B-ADA3-41B6-BA1E-BFF946757838}.Debug|ARM.ActiveCfg = Debug|Any CPU
		{2B8E9D3B-ADA3-41B6-BA1E-BFF946757838}.Debug|iPhone.ActiveCfg = Debug|Any CPU
		{2B8E9D3B-ADA3-41B6-BA1E-BFF946757838}.Debug|iPhoneSimulator.ActiveCfg = Debug|Any CPU
		{2B8E9D3B-ADA3-41B6-BA1E-BFF946757838}.Debug|Mixed Platforms.ActiveCfg = Debug|Any CPU
		{2B8E9D3B-ADA3-41B6-BA1E-BFF946757838}.Debug|Mixed Platforms.Build.0 = Debug|Any CPU
		{2B8E9D3B-ADA3-41B6-BA1E-BFF946757838}.Debug|x86.ActiveCfg = Debug|Any CPU
		{2B8E9D3B-ADA3-41B6-BA1E-BFF946757838}.Release|Any CPU.ActiveCfg = Release|Any CPU
		{2B8E9D3B-ADA3-41B6-BA1E-BFF946757838}.Release|Any CPU.Build.0 = Release|Any CPU
		{2B8E9D3B-ADA3-41B6-BA1E-BFF946757838}.Release|ARM.ActiveCfg = Release|Any CPU
		{2B8E9D3B-ADA3-41B6-BA1E-BFF946757838}.Release|iPhone.ActiveCfg = Release|Any CPU
		{2B8E9D3B-ADA3-41B6-BA1E-BFF946757838}.Release|iPhoneSimulator.ActiveCfg = Release|Any CPU
		{2B8E9D3B-ADA3-41B6-BA1E-BFF946757838}.Release|Mixed Platforms.ActiveCfg = Release|Any CPU
		{2B8E9D3B-ADA3-41B6-BA1E-BFF946757838}.Release|Mixed Platforms.Build.0 = Release|Any CPU
		{2B8E9D3B-ADA3-41B6-BA1E-BFF946757838}.Release|x86.ActiveCfg = Release|Any CPU
		{140694A6-E80E-4C42-8E66-F043019608A3}.Ad-Hoc|Any CPU.ActiveCfg = Release|Any CPU
		{140694A6-E80E-4C42-8E66-F043019608A3}.Ad-Hoc|Any CPU.Build.0 = Release|Any CPU
		{140694A6-E80E-4C42-8E66-F043019608A3}.Ad-Hoc|ARM.ActiveCfg = Release|Any CPU
		{140694A6-E80E-4C42-8E66-F043019608A3}.Ad-Hoc|iPhone.ActiveCfg = Release|Any CPU
		{140694A6-E80E-4C42-8E66-F043019608A3}.Ad-Hoc|iPhoneSimulator.ActiveCfg = Release|Any CPU
		{140694A6-E80E-4C42-8E66-F043019608A3}.Ad-Hoc|Mixed Platforms.ActiveCfg = Release|Any CPU
		{140694A6-E80E-4C42-8E66-F043019608A3}.Ad-Hoc|Mixed Platforms.Build.0 = Release|Any CPU
		{140694A6-E80E-4C42-8E66-F043019608A3}.Ad-Hoc|x86.ActiveCfg = Release|Any CPU
		{140694A6-E80E-4C42-8E66-F043019608A3}.AppStore|Any CPU.ActiveCfg = Release|Any CPU
		{140694A6-E80E-4C42-8E66-F043019608A3}.AppStore|Any CPU.Build.0 = Release|Any CPU
		{140694A6-E80E-4C42-8E66-F043019608A3}.AppStore|ARM.ActiveCfg = Release|Any CPU
		{140694A6-E80E-4C42-8E66-F043019608A3}.AppStore|iPhone.ActiveCfg = Release|Any CPU
		{140694A6-E80E-4C42-8E66-F043019608A3}.AppStore|iPhoneSimulator.ActiveCfg = Release|Any CPU
		{140694A6-E80E-4C42-8E66-F043019608A3}.AppStore|Mixed Platforms.ActiveCfg = Release|Any CPU
		{140694A6-E80E-4C42-8E66-F043019608A3}.AppStore|Mixed Platforms.Build.0 = Release|Any CPU
		{140694A6-E80E-4C42-8E66-F043019608A3}.AppStore|x86.ActiveCfg = Release|Any CPU
		{140694A6-E80E-4C42-8E66-F043019608A3}.Debug|Any CPU.ActiveCfg = Debug|Any CPU
		{140694A6-E80E-4C42-8E66-F043019608A3}.Debug|Any CPU.Build.0 = Debug|Any CPU
		{140694A6-E80E-4C42-8E66-F043019608A3}.Debug|ARM.ActiveCfg = Debug|Any CPU
		{140694A6-E80E-4C42-8E66-F043019608A3}.Debug|iPhone.ActiveCfg = Debug|Any CPU
		{140694A6-E80E-4C42-8E66-F043019608A3}.Debug|iPhoneSimulator.ActiveCfg = Debug|Any CPU
		{140694A6-E80E-4C42-8E66-F043019608A3}.Debug|Mixed Platforms.ActiveCfg = Debug|Any CPU
		{140694A6-E80E-4C42-8E66-F043019608A3}.Debug|Mixed Platforms.Build.0 = Debug|Any CPU
		{140694A6-E80E-4C42-8E66-F043019608A3}.Debug|x86.ActiveCfg = Debug|Any CPU
		{140694A6-E80E-4C42-8E66-F043019608A3}.Release|Any CPU.ActiveCfg = Release|Any CPU
		{140694A6-E80E-4C42-8E66-F043019608A3}.Release|Any CPU.Build.0 = Release|Any CPU
		{140694A6-E80E-4C42-8E66-F043019608A3}.Release|ARM.ActiveCfg = Release|Any CPU
		{140694A6-E80E-4C42-8E66-F043019608A3}.Release|iPhone.ActiveCfg = Release|Any CPU
		{140694A6-E80E-4C42-8E66-F043019608A3}.Release|iPhoneSimulator.ActiveCfg = Release|Any CPU
		{140694A6-E80E-4C42-8E66-F043019608A3}.Release|Mixed Platforms.ActiveCfg = Release|Any CPU
		{140694A6-E80E-4C42-8E66-F043019608A3}.Release|Mixed Platforms.Build.0 = Release|Any CPU
		{140694A6-E80E-4C42-8E66-F043019608A3}.Release|x86.ActiveCfg = Release|Any CPU
		{29481033-93DB-4905-BBF3-26D69F9071DF}.Ad-Hoc|Any CPU.ActiveCfg = Release|Any CPU
		{29481033-93DB-4905-BBF3-26D69F9071DF}.Ad-Hoc|Any CPU.Build.0 = Release|Any CPU
		{29481033-93DB-4905-BBF3-26D69F9071DF}.Ad-Hoc|ARM.ActiveCfg = Release|Any CPU
		{29481033-93DB-4905-BBF3-26D69F9071DF}.Ad-Hoc|iPhone.ActiveCfg = Release|Any CPU
		{29481033-93DB-4905-BBF3-26D69F9071DF}.Ad-Hoc|iPhoneSimulator.ActiveCfg = Release|Any CPU
		{29481033-93DB-4905-BBF3-26D69F9071DF}.Ad-Hoc|Mixed Platforms.ActiveCfg = Release|Any CPU
		{29481033-93DB-4905-BBF3-26D69F9071DF}.Ad-Hoc|Mixed Platforms.Build.0 = Release|Any CPU
		{29481033-93DB-4905-BBF3-26D69F9071DF}.Ad-Hoc|x86.ActiveCfg = Release|Any CPU
		{29481033-93DB-4905-BBF3-26D69F9071DF}.AppStore|Any CPU.ActiveCfg = Release|Any CPU
		{29481033-93DB-4905-BBF3-26D69F9071DF}.AppStore|Any CPU.Build.0 = Release|Any CPU
		{29481033-93DB-4905-BBF3-26D69F9071DF}.AppStore|ARM.ActiveCfg = Release|Any CPU
		{29481033-93DB-4905-BBF3-26D69F9071DF}.AppStore|iPhone.ActiveCfg = Release|Any CPU
		{29481033-93DB-4905-BBF3-26D69F9071DF}.AppStore|iPhoneSimulator.ActiveCfg = Release|Any CPU
		{29481033-93DB-4905-BBF3-26D69F9071DF}.AppStore|Mixed Platforms.ActiveCfg = Release|Any CPU
		{29481033-93DB-4905-BBF3-26D69F9071DF}.AppStore|Mixed Platforms.Build.0 = Release|Any CPU
		{29481033-93DB-4905-BBF3-26D69F9071DF}.AppStore|x86.ActiveCfg = Release|Any CPU
		{29481033-93DB-4905-BBF3-26D69F9071DF}.Debug|Any CPU.ActiveCfg = Debug|Any CPU
		{29481033-93DB-4905-BBF3-26D69F9071DF}.Debug|Any CPU.Build.0 = Debug|Any CPU
		{29481033-93DB-4905-BBF3-26D69F9071DF}.Debug|ARM.ActiveCfg = Debug|Any CPU
		{29481033-93DB-4905-BBF3-26D69F9071DF}.Debug|iPhone.ActiveCfg = Debug|Any CPU
		{29481033-93DB-4905-BBF3-26D69F9071DF}.Debug|iPhoneSimulator.ActiveCfg = Debug|Any CPU
		{29481033-93DB-4905-BBF3-26D69F9071DF}.Debug|Mixed Platforms.ActiveCfg = Debug|Any CPU
		{29481033-93DB-4905-BBF3-26D69F9071DF}.Debug|Mixed Platforms.Build.0 = Debug|Any CPU
		{29481033-93DB-4905-BBF3-26D69F9071DF}.Debug|x86.ActiveCfg = Debug|Any CPU
		{29481033-93DB-4905-BBF3-26D69F9071DF}.Release|Any CPU.ActiveCfg = Release|Any CPU
		{29481033-93DB-4905-BBF3-26D69F9071DF}.Release|Any CPU.Build.0 = Release|Any CPU
		{29481033-93DB-4905-BBF3-26D69F9071DF}.Release|ARM.ActiveCfg = Release|Any CPU
		{29481033-93DB-4905-BBF3-26D69F9071DF}.Release|iPhone.ActiveCfg = Release|Any CPU
		{29481033-93DB-4905-BBF3-26D69F9071DF}.Release|iPhoneSimulator.ActiveCfg = Release|Any CPU
		{29481033-93DB-4905-BBF3-26D69F9071DF}.Release|Mixed Platforms.ActiveCfg = Release|Any CPU
		{29481033-93DB-4905-BBF3-26D69F9071DF}.Release|Mixed Platforms.Build.0 = Release|Any CPU
		{29481033-93DB-4905-BBF3-26D69F9071DF}.Release|x86.ActiveCfg = Release|Any CPU
	EndGlobalSection
	GlobalSection(SolutionProperties) = preSolution
		HideSolutionNode = FALSE
	EndGlobalSection
	GlobalSection(NestedProjects) = preSolution
		{E25BAA0C-4F6C-42FF-A1CC-CE5DF4B228A2} = {EA190417-AA10-4349-9628-9CD85EFF4C8E}
		{489E10B0-1EBA-484E-BE1E-11C533CB00CF} = {E25BAA0C-4F6C-42FF-A1CC-CE5DF4B228A2}
		{C62D4EAF-4EE1-4F2E-96EA-0C630FFD59EB} = {E25BAA0C-4F6C-42FF-A1CC-CE5DF4B228A2}
		{C0879B51-2AF2-4D83-A239-4B7F0BD1D039} = {E25BAA0C-4F6C-42FF-A1CC-CE5DF4B228A2}
		{21317CE8-3E82-4CDE-8C7B-235E077013FC} = {EA190417-AA10-4349-9628-9CD85EFF4C8E}
		{3C7D76AD-3B68-4EB6-9A15-560D4773FB24} = {DA343BB8-D205-47C2-A8C5-463662156E22}
		{D5B025A4-66D4-4300-A01C-B74D7749D8D3} = {761C9981-B195-4ADB-88E7-55E14363C81B}
		{EBFB7545-E952-4530-A119-9AF7E9177BD2} = {D5B025A4-66D4-4300-A01C-B74D7749D8D3}
		{FE47FA16-5FC0-4E41-8517-DABBA679779F} = {761C9981-B195-4ADB-88E7-55E14363C81B}
		{ECCC7810-C1B9-4210-AAF1-12C8E5FEDA2E} = {FE47FA16-5FC0-4E41-8517-DABBA679779F}
		{0820C8E2-DEAD-43C7-A179-87591C36C4FD} = {5CEE0E3C-B9AB-41CE-9CD4-13B70F827CDE}
		{EE613D92-9357-42E6-B50D-21303B399EEE} = {5CEE0E3C-B9AB-41CE-9CD4-13B70F827CDE}
		{84F47C46-AB0F-49B4-89D3-2D32C2B5B99D} = {FE47FA16-5FC0-4E41-8517-DABBA679779F}
		{3BC5D5F4-C153-40F0-ACBB-897DECE794A8} = {FE47FA16-5FC0-4E41-8517-DABBA679779F}
		{5B598A57-E7E2-4780-81CF-7C20CE2CF01A} = {5CEE0E3C-B9AB-41CE-9CD4-13B70F827CDE}
		{7FE93E78-FBEF-4D2E-A94A-D40619062088} = {FE47FA16-5FC0-4E41-8517-DABBA679779F}
		{3466015A-0C4A-429D-A7C3-A46F11682FFF} = {DA343BB8-D205-47C2-A8C5-463662156E22}
		{2AA2710F-D35F-4A63-96C8-5BE02B16AD03} = {E25BAA0C-4F6C-42FF-A1CC-CE5DF4B228A2}
		{075008BC-66B0-436E-9BB2-897C2D1FB2D0} = {E25BAA0C-4F6C-42FF-A1CC-CE5DF4B228A2}
		{2B8E9D3B-ADA3-41B6-BA1E-BFF946757838} = {5CEE0E3C-B9AB-41CE-9CD4-13B70F827CDE}
		{140694A6-E80E-4C42-8E66-F043019608A3} = {E25BAA0C-4F6C-42FF-A1CC-CE5DF4B228A2}
		{29481033-93DB-4905-BBF3-26D69F9071DF} = {E25BAA0C-4F6C-42FF-A1CC-CE5DF4B228A2}
	EndGlobalSection
	GlobalSection(MonoDevelopProperties) = preSolution
		StartupItem = FoodSearch.BusinessLogic.Domain.FoodSearch\FoodSearch.BusinessLogic.Domain.FoodSearch.csproj
	EndGlobalSection
EndGlobal
